// !$*UTF8*$!
{
	archiveVersion = 1;
	classes = {
	};
	objectVersion = 46;
	objects = {

/* Begin PBXBuildFile section */
		7739728217D2E4DA00B958EE /* HexFiend.framework in Frameworks */ = {isa = PBXBuildFile; fileRef = 7739728117D2E4DA00B958EE /* HexFiend.framework */; };
		7739728317D2E4E700B958EE /* HexFiend.framework in Copy Frameworks */ = {isa = PBXBuildFile; fileRef = 7739728117D2E4DA00B958EE /* HexFiend.framework */; };
		773972B117D2E61200B958EE /* _DDFunctionContainer.m in Sources */ = {isa = PBXBuildFile; fileRef = 7739728517D2E61200B958EE /* _DDFunctionContainer.m */; };
		773972B217D2E61200B958EE /* _DDFunctionExpression.m in Sources */ = {isa = PBXBuildFile; fileRef = 7739728717D2E61200B958EE /* _DDFunctionExpression.m */; };
		773972B317D2E61200B958EE /* _DDFunctionTerm.m in Sources */ = {isa = PBXBuildFile; fileRef = 7739728917D2E61200B958EE /* _DDFunctionTerm.m */; };
		773972B417D2E61200B958EE /* _DDFunctionUtilities.m in Sources */ = {isa = PBXBuildFile; fileRef = 7739728B17D2E61200B958EE /* _DDFunctionUtilities.m */; };
		773972B517D2E61200B958EE /* _DDGroupTerm.m in Sources */ = {isa = PBXBuildFile; fileRef = 7739728D17D2E61200B958EE /* _DDGroupTerm.m */; };
		773972B617D2E61200B958EE /* _DDNumberExpression.m in Sources */ = {isa = PBXBuildFile; fileRef = 7739728F17D2E61200B958EE /* _DDNumberExpression.m */; };
		773972B717D2E61200B958EE /* _DDNumberTerm.m in Sources */ = {isa = PBXBuildFile; fileRef = 7739729117D2E61200B958EE /* _DDNumberTerm.m */; };
		773972B817D2E61200B958EE /* _DDOperatorInfo.m in Sources */ = {isa = PBXBuildFile; fileRef = 7739729317D2E61200B958EE /* _DDOperatorInfo.m */; };
		773972B917D2E61200B958EE /* _DDOperatorTerm.m in Sources */ = {isa = PBXBuildFile; fileRef = 7739729517D2E61200B958EE /* _DDOperatorTerm.m */; };
		773972BA17D2E61200B958EE /* _DDParserTerm.m in Sources */ = {isa = PBXBuildFile; fileRef = 7739729717D2E61200B958EE /* _DDParserTerm.m */; };
		773972BB17D2E61200B958EE /* _DDRewriteRule.m in Sources */ = {isa = PBXBuildFile; fileRef = 7739729917D2E61200B958EE /* _DDRewriteRule.m */; };
		773972BC17D2E61200B958EE /* _DDVariableExpression.m in Sources */ = {isa = PBXBuildFile; fileRef = 7739729B17D2E61200B958EE /* _DDVariableExpression.m */; };
		773972BD17D2E61200B958EE /* _DDVariableTerm.m in Sources */ = {isa = PBXBuildFile; fileRef = 7739729D17D2E61200B958EE /* _DDVariableTerm.m */; };
		773972BE17D2E61200B958EE /* DDExpression.m in Sources */ = {isa = PBXBuildFile; fileRef = 7739729F17D2E61200B958EE /* DDExpression.m */; };
		773972BF17D2E61200B958EE /* DDMathEvaluator.m in Sources */ = {isa = PBXBuildFile; fileRef = 773972A117D2E61200B958EE /* DDMathEvaluator.m */; };
		773972C017D2E61200B958EE /* DDMathStringToken.m in Sources */ = {isa = PBXBuildFile; fileRef = 773972A617D2E61200B958EE /* DDMathStringToken.m */; };
		773972C117D2E61200B958EE /* DDMathStringTokenizer.m in Sources */ = {isa = PBXBuildFile; fileRef = 773972A817D2E61200B958EE /* DDMathStringTokenizer.m */; };
		773972C217D2E61200B958EE /* DDParser.m in Sources */ = {isa = PBXBuildFile; fileRef = 773972AA17D2E61200B958EE /* DDParser.m */; };
		773972C317D2E61200B958EE /* DDParserTypes.m in Sources */ = {isa = PBXBuildFile; fileRef = 773972AC17D2E61200B958EE /* DDParserTypes.m */; };
		773972C417D2E61200B958EE /* DDTypes.m in Sources */ = {isa = PBXBuildFile; fileRef = 773972AE17D2E61200B958EE /* DDTypes.m */; };
		773972C517D2E61200B958EE /* NSString+DDMathParsing.m in Sources */ = {isa = PBXBuildFile; fileRef = 773972B017D2E61200B958EE /* NSString+DDMathParsing.m */; };
		773972F117D2E6AE00B958EE /* mach_excServer.c in Sources */ = {isa = PBXBuildFile; fileRef = 773972EF17D2E6AE00B958EE /* mach_excServer.c */; };
		773972F217D2E6AE00B958EE /* mach_excUser.c in Sources */ = {isa = PBXBuildFile; fileRef = 773972F017D2E6AE00B958EE /* mach_excUser.c */; };
		773972F617D2E7B600B958EE /* DataInspectorRepresenter.m in Sources */ = {isa = PBXBuildFile; fileRef = 773972F517D2E7B600B958EE /* DataInspectorRepresenter.m */; settings = {COMPILER_FLAGS = "-fno-objc-arc"; }; };
		773972F917D2E80F00B958EE /* ShortcutRecorder.framework in Frameworks */ = {isa = PBXBuildFile; fileRef = 773972F717D2E80F00B958EE /* ShortcutRecorder.framework */; };
		773972FA17D2E80F00B958EE /* Sparkle.framework in Frameworks */ = {isa = PBXBuildFile; fileRef = 773972F817D2E80F00B958EE /* Sparkle.framework */; };
		774EF6A717CA892D005ABB20 /* Python.framework in Frameworks */ = {isa = PBXBuildFile; fileRef = 774EF6A617CA892C005ABB20 /* Python.framework */; };
		775FCB4211719FAF000054FB /* Carbon.framework in Frameworks */ = {isa = PBXBuildFile; fileRef = 775FCB4111719FAF000054FB /* Carbon.framework */; };
		777AD8C717D96F30003A5317 /* ZGPyDebugger.m in Sources */ = {isa = PBXBuildFile; fileRef = 777AD8C617D96F30003A5317 /* ZGPyDebugger.m */; };
		77CE28B717D538E300998F28 /* ZGLoggerWindowController.m in Sources */ = {isa = PBXBuildFile; fileRef = 77CE28B517D538E300998F28 /* ZGLoggerWindowController.m */; };
		77CE28B817D538E300998F28 /* ZGLoggerWindowController.xib in Resources */ = {isa = PBXBuildFile; fileRef = 77CE28B617D538E300998F28 /* ZGLoggerWindowController.xib */; };
		77CE28BA17D580AD00998F28 /* ZGPyMainModule.m in Sources */ = {isa = PBXBuildFile; fileRef = 77CE28B917D580AD00998F28 /* ZGPyMainModule.m */; };
		77F115A317D2E832009E002A /* Sparkle.framework in Copy Frameworks */ = {isa = PBXBuildFile; fileRef = 773972F817D2E80F00B958EE /* Sparkle.framework */; };
		77F115A417D2E834009E002A /* ShortcutRecorder.framework in Copy Frameworks */ = {isa = PBXBuildFile; fileRef = 773972F717D2E80F00B958EE /* ShortcutRecorder.framework */; };
		77F115A817D2E87E009E002A /* VDKQueue.m in Sources */ = {isa = PBXBuildFile; fileRef = 77F115A717D2E87E009E002A /* VDKQueue.m */; settings = {COMPILER_FLAGS = "-fno-objc-arc"; }; };
		77F115AA17D2E8AC009E002A /* yasm in Resources */ = {isa = PBXBuildFile; fileRef = 77F115A917D2E8AC009E002A /* yasm */; };
		77F115AE17D2EAE4009E002A /* bitslicerdocicon.iconset in Resources */ = {isa = PBXBuildFile; fileRef = 77F115AC17D2EAE4009E002A /* bitslicerdocicon.iconset */; };
		77F115AF17D2EAE4009E002A /* bitslicericon.iconset in Resources */ = {isa = PBXBuildFile; fileRef = 77F115AD17D2EAE4009E002A /* bitslicericon.iconset */; };
		77F115B317D2EAFE009E002A /* Credits.rtf in Resources */ = {isa = PBXBuildFile; fileRef = 77F115B217D2EAFE009E002A /* Credits.rtf */; };
		77F115B617D2EBAF009E002A /* InfoPlist.strings in Resources */ = {isa = PBXBuildFile; fileRef = 77F115B417D2EBAF009E002A /* InfoPlist.strings */; };
		77F115B917D2EBCB009E002A /* MainMenu.xib in Resources */ = {isa = PBXBuildFile; fileRef = 77F115B717D2EBCB009E002A /* MainMenu.xib */; };
		77F115BC17D2EBD7009E002A /* Preferences.xib in Resources */ = {isa = PBXBuildFile; fileRef = 77F115BA17D2EBD7009E002A /* Preferences.xib */; };
		77F115BF17D2EBE1009E002A /* MyDocument.xib in Resources */ = {isa = PBXBuildFile; fileRef = 77F115BD17D2EBE1009E002A /* MyDocument.xib */; };
		77F115C217D2EBEC009E002A /* ZGDebuggerController.xib in Resources */ = {isa = PBXBuildFile; fileRef = 77F115C017D2EBEC009E002A /* ZGDebuggerController.xib */; };
		77F115C517D2EBF3009E002A /* ZGCodeInjectionWindowController.xib in Resources */ = {isa = PBXBuildFile; fileRef = 77F115C317D2EBF3009E002A /* ZGCodeInjectionWindowController.xib */; };
		77F115C817D2EBFA009E002A /* ZGMemoryViewerController.xib in Resources */ = {isa = PBXBuildFile; fileRef = 77F115C617D2EBFA009E002A /* ZGMemoryViewerController.xib */; };
		77F115CA17D2ECEE009E002A /* DataInspectorView.xib in Resources */ = {isa = PBXBuildFile; fileRef = 77F115C917D2ECEE009E002A /* DataInspectorView.xib */; };
		77F115CD17D2ED64009E002A /* ZGMemoryViewerController.m in Sources */ = {isa = PBXBuildFile; fileRef = 77F115CC17D2ED64009E002A /* ZGMemoryViewerController.m */; };
		77F115D017D2ED74009E002A /* ZGVerticalScrollerRepresenter.m in Sources */ = {isa = PBXBuildFile; fileRef = 77F115CF17D2ED74009E002A /* ZGVerticalScrollerRepresenter.m */; };
		77F115D317D2ED82009E002A /* ZGStatusBarRepresenter.m in Sources */ = {isa = PBXBuildFile; fileRef = 77F115D217D2ED82009E002A /* ZGStatusBarRepresenter.m */; };
		77F115D617D2ED8E009E002A /* ZGLineCountingRepresenter.m in Sources */ = {isa = PBXBuildFile; fileRef = 77F115D517D2ED8E009E002A /* ZGLineCountingRepresenter.m */; };
		77F115D917D2ED9D009E002A /* ZGLineCountingView.m in Sources */ = {isa = PBXBuildFile; fileRef = 77F115D817D2ED9D009E002A /* ZGLineCountingView.m */; settings = {COMPILER_FLAGS = "-fno-objc-arc"; }; };
		77F115DE17D2EDB7009E002A /* ZGMemoryDumpController.m in Sources */ = {isa = PBXBuildFile; fileRef = 77F115DB17D2EDB7009E002A /* ZGMemoryDumpController.m */; };
		77F115DF17D2EDB7009E002A /* ZGMemoryProtectionController.m in Sources */ = {isa = PBXBuildFile; fileRef = 77F115DD17D2EDB7009E002A /* ZGMemoryProtectionController.m */; };
		77F115E217D2EDC3009E002A /* ZGAppController.m in Sources */ = {isa = PBXBuildFile; fileRef = 77F115E117D2EDC3009E002A /* ZGAppController.m */; };
		77F115E517D2EDCD009E002A /* ZGPreferencesController.m in Sources */ = {isa = PBXBuildFile; fileRef = 77F115E417D2EDCD009E002A /* ZGPreferencesController.m */; };
		77F115E817D2EDD9009E002A /* ZGProcessList.m in Sources */ = {isa = PBXBuildFile; fileRef = 77F115E717D2EDD9009E002A /* ZGProcessList.m */; };
		77F115EB17D2EDE3009E002A /* ZGRunningProcess.m in Sources */ = {isa = PBXBuildFile; fileRef = 77F115EA17D2EDE3009E002A /* ZGRunningProcess.m */; };
		77F115EE17D2EDEE009E002A /* ZGRunningProcessObserver.m in Sources */ = {isa = PBXBuildFile; fileRef = 77F115ED17D2EDEE009E002A /* ZGRunningProcessObserver.m */; };
		77F115F117D2EDF9009E002A /* ZGDocument.m in Sources */ = {isa = PBXBuildFile; fileRef = 77F115F017D2EDF9009E002A /* ZGDocument.m */; };
		77F115F417D2EE0B009E002A /* ZGDocumentData.m in Sources */ = {isa = PBXBuildFile; fileRef = 77F115F317D2EE0B009E002A /* ZGDocumentData.m */; };
		77F115F717D2EE28009E002A /* ZGDocumentWindowController.m in Sources */ = {isa = PBXBuildFile; fileRef = 77F115F617D2EE28009E002A /* ZGDocumentWindowController.m */; };
		77F115FA17D2EE6F009E002A /* ZGDocumentSearchController.m in Sources */ = {isa = PBXBuildFile; fileRef = 77F115F917D2EE6F009E002A /* ZGDocumentSearchController.m */; };
		77F115FD17D2EE7E009E002A /* ZGDocumentTableController.m in Sources */ = {isa = PBXBuildFile; fileRef = 77F115FC17D2EE7E009E002A /* ZGDocumentTableController.m */; };
		77F1160017D2EEA1009E002A /* ZGDocumentBreakPointController.m in Sources */ = {isa = PBXBuildFile; fileRef = 77F115FF17D2EEA1009E002A /* ZGDocumentBreakPointController.m */; };
		77F1160317D2EEAA009E002A /* ZGVariableController.m in Sources */ = {isa = PBXBuildFile; fileRef = 77F1160217D2EEAA009E002A /* ZGVariableController.m */; };
		77F1160617D2EEB6009E002A /* ZGScriptManager.m in Sources */ = {isa = PBXBuildFile; fileRef = 77F1160517D2EEB6009E002A /* ZGScriptManager.m */; };
		77F1160917D2EEC0009E002A /* ZGPyVirtualMemory.m in Sources */ = {isa = PBXBuildFile; fileRef = 77F1160817D2EEC0009E002A /* ZGPyVirtualMemory.m */; };
		77F1160C17D2EECA009E002A /* ZGPyScript.m in Sources */ = {isa = PBXBuildFile; fileRef = 77F1160B17D2EECA009E002A /* ZGPyScript.m */; };
		77F1160F17D2EED6009E002A /* ZGSearchData.m in Sources */ = {isa = PBXBuildFile; fileRef = 77F1160E17D2EED6009E002A /* ZGSearchData.m */; };
		77F1161217D2EEE1009E002A /* ZGSearchProgress.m in Sources */ = {isa = PBXBuildFile; fileRef = 77F1161117D2EEE1009E002A /* ZGSearchProgress.m */; };
		77F1161517D2EEEC009E002A /* ZGSearchResults.m in Sources */ = {isa = PBXBuildFile; fileRef = 77F1161417D2EEEC009E002A /* ZGSearchResults.m */; };
		77F1161817D2EEF6009E002A /* ZGSearchFunctions.m in Sources */ = {isa = PBXBuildFile; fileRef = 77F1161717D2EEF6009E002A /* ZGSearchFunctions.m */; };
		77F1161B17D2EEFF009E002A /* ZGComparisonFunctions.m in Sources */ = {isa = PBXBuildFile; fileRef = 77F1161A17D2EEFF009E002A /* ZGComparisonFunctions.m */; };
		77F1161F17D2EF14009E002A /* ZGVirtualMemory.c in Sources */ = {isa = PBXBuildFile; fileRef = 77F1161D17D2EF14009E002A /* ZGVirtualMemory.c */; };
		77F1162217D2EF28009E002A /* ZGVirtualMemoryHelpers.m in Sources */ = {isa = PBXBuildFile; fileRef = 77F1162117D2EF28009E002A /* ZGVirtualMemoryHelpers.m */; };
		77F1162517D2EF31009E002A /* ZGRegion.m in Sources */ = {isa = PBXBuildFile; fileRef = 77F1162417D2EF31009E002A /* ZGRegion.m */; };
		77F1162817D2EF3A009E002A /* ZGProcess.m in Sources */ = {isa = PBXBuildFile; fileRef = 77F1162717D2EF3A009E002A /* ZGProcess.m */; };
		77F1162C17D2EF50009E002A /* ZGVariable.m in Sources */ = {isa = PBXBuildFile; fileRef = 77F1162B17D2EF50009E002A /* ZGVariable.m */; };
		77F1162F17D2EF5A009E002A /* ZGUtilities.m in Sources */ = {isa = PBXBuildFile; fileRef = 77F1162E17D2EF5A009E002A /* ZGUtilities.m */; };
		77F1163217D2EF62009E002A /* ZGCalculator.m in Sources */ = {isa = PBXBuildFile; fileRef = 77F1163117D2EF62009E002A /* ZGCalculator.m */; };
		77F1163517D2EF6D009E002A /* NSStringAdditions.m in Sources */ = {isa = PBXBuildFile; fileRef = 77F1163417D2EF6D009E002A /* NSStringAdditions.m */; };
		77F1163817D2EF76009E002A /* NSArrayAdditions.m in Sources */ = {isa = PBXBuildFile; fileRef = 77F1163717D2EF76009E002A /* NSArrayAdditions.m */; };
		77F1163A17D2EF7F009E002A /* main.m in Sources */ = {isa = PBXBuildFile; fileRef = 77F1163917D2EF7F009E002A /* main.m */; };
		77F1163D17D2EF8E009E002A /* ZGMemoryWindowController.m in Sources */ = {isa = PBXBuildFile; fileRef = 77F1163C17D2EF8E009E002A /* ZGMemoryWindowController.m */; };
		77F1164017D2EF9E009E002A /* ZGDebuggerController.m in Sources */ = {isa = PBXBuildFile; fileRef = 77F1163F17D2EF9E009E002A /* ZGDebuggerController.m */; };
		77F1164317D2EFB4009E002A /* ZGDisassemblerObject.m in Sources */ = {isa = PBXBuildFile; fileRef = 77F1164217D2EFB4009E002A /* ZGDisassemblerObject.m */; };
		77F1164617D2EFBD009E002A /* ZGInstruction.m in Sources */ = {isa = PBXBuildFile; fileRef = 77F1164517D2EFBD009E002A /* ZGInstruction.m */; };
		77F1164917D2EFC8009E002A /* ZGBreakPointController.m in Sources */ = {isa = PBXBuildFile; fileRef = 77F1164817D2EFC8009E002A /* ZGBreakPointController.m */; };
		77F1164D17D2EFDA009E002A /* ZGBreakPoint.m in Sources */ = {isa = PBXBuildFile; fileRef = 77F1164C17D2EFDA009E002A /* ZGBreakPoint.m */; };
		77F1165017D2EFE4009E002A /* ZGDebugThread.m in Sources */ = {isa = PBXBuildFile; fileRef = 77F1164F17D2EFE4009E002A /* ZGDebugThread.m */; };
		77F1165317D2EFED009E002A /* ZGBacktraceController.m in Sources */ = {isa = PBXBuildFile; fileRef = 77F1165217D2EFED009E002A /* ZGBacktraceController.m */; };
		77F1165617D2EFF5009E002A /* ZGRegistersController.m in Sources */ = {isa = PBXBuildFile; fileRef = 77F1165517D2EFF5009E002A /* ZGRegistersController.m */; };
		77F1165917D2F001009E002A /* ZGRegister.m in Sources */ = {isa = PBXBuildFile; fileRef = 77F1165817D2F001009E002A /* ZGRegister.m */; };
		77F1165C17D2F00A009E002A /* ZGCodeInjectionWindowController.m in Sources */ = {isa = PBXBuildFile; fileRef = 77F1165B17D2F00A009E002A /* ZGCodeInjectionWindowController.m */; };
		77FA155B17DCEC5500B024A7 /* libudis86.a in Frameworks */ = {isa = PBXBuildFile; fileRef = 77FA155A17DCEC5500B024A7 /* libudis86.a */; };
		8D15AC340486D014006FF6A4 /* Cocoa.framework in Frameworks */ = {isa = PBXBuildFile; fileRef = 1058C7A7FEA54F5311CA2CBB /* Cocoa.framework */; };
/* End PBXBuildFile section */

/* Begin PBXCopyFilesBuildPhase section */
		770EA827137B74F2007FB85A /* Copy Frameworks */ = {
			isa = PBXCopyFilesBuildPhase;
			buildActionMask = 2147483647;
			dstPath = "";
			dstSubfolderSpec = 10;
			files = (
				7739728317D2E4E700B958EE /* HexFiend.framework in Copy Frameworks */,
				77F115A317D2E832009E002A /* Sparkle.framework in Copy Frameworks */,
				77F115A417D2E834009E002A /* ShortcutRecorder.framework in Copy Frameworks */,
			);
			name = "Copy Frameworks";
			runOnlyForDeploymentPostprocessing = 0;
		};
/* End PBXCopyFilesBuildPhase section */

/* Begin PBXFileReference section */
		1058C7A7FEA54F5311CA2CBB /* Cocoa.framework */ = {isa = PBXFileReference; lastKnownFileType = wrapper.framework; name = Cocoa.framework; path = /System/Library/Frameworks/Cocoa.framework; sourceTree = "<absolute>"; };
		13E42FBA07B3F13500E4EEF1 /* CoreData.framework */ = {isa = PBXFileReference; lastKnownFileType = wrapper.framework; name = CoreData.framework; path = /System/Library/Frameworks/CoreData.framework; sourceTree = "<absolute>"; };
		2A37F4C4FDCFA73011CA2CEA /* AppKit.framework */ = {isa = PBXFileReference; lastKnownFileType = wrapper.framework; name = AppKit.framework; path = /System/Library/Frameworks/AppKit.framework; sourceTree = "<absolute>"; };
		2A37F4C5FDCFA73011CA2CEA /* Foundation.framework */ = {isa = PBXFileReference; lastKnownFileType = wrapper.framework; name = Foundation.framework; path = /System/Library/Frameworks/Foundation.framework; sourceTree = "<absolute>"; };
		7739728117D2E4DA00B958EE /* HexFiend.framework */ = {isa = PBXFileReference; lastKnownFileType = wrapper.framework; name = HexFiend.framework; path = deps/HexFiend.framework; sourceTree = "<group>"; };
		7739728417D2E61200B958EE /* _DDFunctionContainer.h */ = {isa = PBXFileReference; fileEncoding = 4; lastKnownFileType = sourcecode.c.h; name = _DDFunctionContainer.h; path = deps/DDMathParser/_DDFunctionContainer.h; sourceTree = "<group>"; };
		7739728517D2E61200B958EE /* _DDFunctionContainer.m */ = {isa = PBXFileReference; fileEncoding = 4; lastKnownFileType = sourcecode.c.objc; name = _DDFunctionContainer.m; path = deps/DDMathParser/_DDFunctionContainer.m; sourceTree = "<group>"; };
		7739728617D2E61200B958EE /* _DDFunctionExpression.h */ = {isa = PBXFileReference; fileEncoding = 4; lastKnownFileType = sourcecode.c.h; name = _DDFunctionExpression.h; path = deps/DDMathParser/_DDFunctionExpression.h; sourceTree = "<group>"; };
		7739728717D2E61200B958EE /* _DDFunctionExpression.m */ = {isa = PBXFileReference; fileEncoding = 4; lastKnownFileType = sourcecode.c.objc; name = _DDFunctionExpression.m; path = deps/DDMathParser/_DDFunctionExpression.m; sourceTree = "<group>"; };
		7739728817D2E61200B958EE /* _DDFunctionTerm.h */ = {isa = PBXFileReference; fileEncoding = 4; lastKnownFileType = sourcecode.c.h; name = _DDFunctionTerm.h; path = deps/DDMathParser/_DDFunctionTerm.h; sourceTree = "<group>"; };
		7739728917D2E61200B958EE /* _DDFunctionTerm.m */ = {isa = PBXFileReference; fileEncoding = 4; lastKnownFileType = sourcecode.c.objc; name = _DDFunctionTerm.m; path = deps/DDMathParser/_DDFunctionTerm.m; sourceTree = "<group>"; };
		7739728A17D2E61200B958EE /* _DDFunctionUtilities.h */ = {isa = PBXFileReference; fileEncoding = 4; lastKnownFileType = sourcecode.c.h; name = _DDFunctionUtilities.h; path = deps/DDMathParser/_DDFunctionUtilities.h; sourceTree = "<group>"; };
		7739728B17D2E61200B958EE /* _DDFunctionUtilities.m */ = {isa = PBXFileReference; fileEncoding = 4; lastKnownFileType = sourcecode.c.objc; name = _DDFunctionUtilities.m; path = deps/DDMathParser/_DDFunctionUtilities.m; sourceTree = "<group>"; };
		7739728C17D2E61200B958EE /* _DDGroupTerm.h */ = {isa = PBXFileReference; fileEncoding = 4; lastKnownFileType = sourcecode.c.h; name = _DDGroupTerm.h; path = deps/DDMathParser/_DDGroupTerm.h; sourceTree = "<group>"; };
		7739728D17D2E61200B958EE /* _DDGroupTerm.m */ = {isa = PBXFileReference; fileEncoding = 4; lastKnownFileType = sourcecode.c.objc; name = _DDGroupTerm.m; path = deps/DDMathParser/_DDGroupTerm.m; sourceTree = "<group>"; };
		7739728E17D2E61200B958EE /* _DDNumberExpression.h */ = {isa = PBXFileReference; fileEncoding = 4; lastKnownFileType = sourcecode.c.h; name = _DDNumberExpression.h; path = deps/DDMathParser/_DDNumberExpression.h; sourceTree = "<group>"; };
		7739728F17D2E61200B958EE /* _DDNumberExpression.m */ = {isa = PBXFileReference; fileEncoding = 4; lastKnownFileType = sourcecode.c.objc; name = _DDNumberExpression.m; path = deps/DDMathParser/_DDNumberExpression.m; sourceTree = "<group>"; };
		7739729017D2E61200B958EE /* _DDNumberTerm.h */ = {isa = PBXFileReference; fileEncoding = 4; lastKnownFileType = sourcecode.c.h; name = _DDNumberTerm.h; path = deps/DDMathParser/_DDNumberTerm.h; sourceTree = "<group>"; };
		7739729117D2E61200B958EE /* _DDNumberTerm.m */ = {isa = PBXFileReference; fileEncoding = 4; lastKnownFileType = sourcecode.c.objc; name = _DDNumberTerm.m; path = deps/DDMathParser/_DDNumberTerm.m; sourceTree = "<group>"; };
		7739729217D2E61200B958EE /* _DDOperatorInfo.h */ = {isa = PBXFileReference; fileEncoding = 4; lastKnownFileType = sourcecode.c.h; name = _DDOperatorInfo.h; path = deps/DDMathParser/_DDOperatorInfo.h; sourceTree = "<group>"; };
		7739729317D2E61200B958EE /* _DDOperatorInfo.m */ = {isa = PBXFileReference; fileEncoding = 4; lastKnownFileType = sourcecode.c.objc; name = _DDOperatorInfo.m; path = deps/DDMathParser/_DDOperatorInfo.m; sourceTree = "<group>"; };
		7739729417D2E61200B958EE /* _DDOperatorTerm.h */ = {isa = PBXFileReference; fileEncoding = 4; lastKnownFileType = sourcecode.c.h; name = _DDOperatorTerm.h; path = deps/DDMathParser/_DDOperatorTerm.h; sourceTree = "<group>"; };
		7739729517D2E61200B958EE /* _DDOperatorTerm.m */ = {isa = PBXFileReference; fileEncoding = 4; lastKnownFileType = sourcecode.c.objc; name = _DDOperatorTerm.m; path = deps/DDMathParser/_DDOperatorTerm.m; sourceTree = "<group>"; };
		7739729617D2E61200B958EE /* _DDParserTerm.h */ = {isa = PBXFileReference; fileEncoding = 4; lastKnownFileType = sourcecode.c.h; name = _DDParserTerm.h; path = deps/DDMathParser/_DDParserTerm.h; sourceTree = "<group>"; };
		7739729717D2E61200B958EE /* _DDParserTerm.m */ = {isa = PBXFileReference; fileEncoding = 4; lastKnownFileType = sourcecode.c.objc; name = _DDParserTerm.m; path = deps/DDMathParser/_DDParserTerm.m; sourceTree = "<group>"; };
		7739729817D2E61200B958EE /* _DDRewriteRule.h */ = {isa = PBXFileReference; fileEncoding = 4; lastKnownFileType = sourcecode.c.h; name = _DDRewriteRule.h; path = deps/DDMathParser/_DDRewriteRule.h; sourceTree = "<group>"; };
		7739729917D2E61200B958EE /* _DDRewriteRule.m */ = {isa = PBXFileReference; fileEncoding = 4; lastKnownFileType = sourcecode.c.objc; name = _DDRewriteRule.m; path = deps/DDMathParser/_DDRewriteRule.m; sourceTree = "<group>"; };
		7739729A17D2E61200B958EE /* _DDVariableExpression.h */ = {isa = PBXFileReference; fileEncoding = 4; lastKnownFileType = sourcecode.c.h; name = _DDVariableExpression.h; path = deps/DDMathParser/_DDVariableExpression.h; sourceTree = "<group>"; };
		7739729B17D2E61200B958EE /* _DDVariableExpression.m */ = {isa = PBXFileReference; fileEncoding = 4; lastKnownFileType = sourcecode.c.objc; name = _DDVariableExpression.m; path = deps/DDMathParser/_DDVariableExpression.m; sourceTree = "<group>"; };
		7739729C17D2E61200B958EE /* _DDVariableTerm.h */ = {isa = PBXFileReference; fileEncoding = 4; lastKnownFileType = sourcecode.c.h; name = _DDVariableTerm.h; path = deps/DDMathParser/_DDVariableTerm.h; sourceTree = "<group>"; };
		7739729D17D2E61200B958EE /* _DDVariableTerm.m */ = {isa = PBXFileReference; fileEncoding = 4; lastKnownFileType = sourcecode.c.objc; name = _DDVariableTerm.m; path = deps/DDMathParser/_DDVariableTerm.m; sourceTree = "<group>"; };
		7739729E17D2E61200B958EE /* DDExpression.h */ = {isa = PBXFileReference; fileEncoding = 4; lastKnownFileType = sourcecode.c.h; name = DDExpression.h; path = deps/DDMathParser/DDExpression.h; sourceTree = "<group>"; };
		7739729F17D2E61200B958EE /* DDExpression.m */ = {isa = PBXFileReference; fileEncoding = 4; lastKnownFileType = sourcecode.c.objc; name = DDExpression.m; path = deps/DDMathParser/DDExpression.m; sourceTree = "<group>"; };
		773972A017D2E61200B958EE /* DDMathEvaluator.h */ = {isa = PBXFileReference; fileEncoding = 4; lastKnownFileType = sourcecode.c.h; name = DDMathEvaluator.h; path = deps/DDMathParser/DDMathEvaluator.h; sourceTree = "<group>"; };
		773972A117D2E61200B958EE /* DDMathEvaluator.m */ = {isa = PBXFileReference; fileEncoding = 4; lastKnownFileType = sourcecode.c.objc; name = DDMathEvaluator.m; path = deps/DDMathParser/DDMathEvaluator.m; sourceTree = "<group>"; };
		773972A217D2E61200B958EE /* DDMathEvaluator+Private.h */ = {isa = PBXFileReference; fileEncoding = 4; lastKnownFileType = sourcecode.c.h; name = "DDMathEvaluator+Private.h"; path = "deps/DDMathParser/DDMathEvaluator+Private.h"; sourceTree = "<group>"; };
		773972A317D2E61200B958EE /* DDMathParser.h */ = {isa = PBXFileReference; fileEncoding = 4; lastKnownFileType = sourcecode.c.h; name = DDMathParser.h; path = deps/DDMathParser/DDMathParser.h; sourceTree = "<group>"; };
		773972A417D2E61200B958EE /* DDMathParserMacros.h */ = {isa = PBXFileReference; fileEncoding = 4; lastKnownFileType = sourcecode.c.h; name = DDMathParserMacros.h; path = deps/DDMathParser/DDMathParserMacros.h; sourceTree = "<group>"; };
		773972A517D2E61200B958EE /* DDMathStringToken.h */ = {isa = PBXFileReference; fileEncoding = 4; lastKnownFileType = sourcecode.c.h; name = DDMathStringToken.h; path = deps/DDMathParser/DDMathStringToken.h; sourceTree = "<group>"; };
		773972A617D2E61200B958EE /* DDMathStringToken.m */ = {isa = PBXFileReference; fileEncoding = 4; lastKnownFileType = sourcecode.c.objc; name = DDMathStringToken.m; path = deps/DDMathParser/DDMathStringToken.m; sourceTree = "<group>"; };
		773972A717D2E61200B958EE /* DDMathStringTokenizer.h */ = {isa = PBXFileReference; fileEncoding = 4; lastKnownFileType = sourcecode.c.h; name = DDMathStringTokenizer.h; path = deps/DDMathParser/DDMathStringTokenizer.h; sourceTree = "<group>"; };
		773972A817D2E61200B958EE /* DDMathStringTokenizer.m */ = {isa = PBXFileReference; fileEncoding = 4; lastKnownFileType = sourcecode.c.objc; name = DDMathStringTokenizer.m; path = deps/DDMathParser/DDMathStringTokenizer.m; sourceTree = "<group>"; };
		773972A917D2E61200B958EE /* DDParser.h */ = {isa = PBXFileReference; fileEncoding = 4; lastKnownFileType = sourcecode.c.h; name = DDParser.h; path = deps/DDMathParser/DDParser.h; sourceTree = "<group>"; };
		773972AA17D2E61200B958EE /* DDParser.m */ = {isa = PBXFileReference; fileEncoding = 4; lastKnownFileType = sourcecode.c.objc; name = DDParser.m; path = deps/DDMathParser/DDParser.m; sourceTree = "<group>"; };
		773972AB17D2E61200B958EE /* DDParserTypes.h */ = {isa = PBXFileReference; fileEncoding = 4; lastKnownFileType = sourcecode.c.h; name = DDParserTypes.h; path = deps/DDMathParser/DDParserTypes.h; sourceTree = "<group>"; };
		773972AC17D2E61200B958EE /* DDParserTypes.m */ = {isa = PBXFileReference; fileEncoding = 4; lastKnownFileType = sourcecode.c.objc; name = DDParserTypes.m; path = deps/DDMathParser/DDParserTypes.m; sourceTree = "<group>"; };
		773972AD17D2E61200B958EE /* DDTypes.h */ = {isa = PBXFileReference; fileEncoding = 4; lastKnownFileType = sourcecode.c.h; name = DDTypes.h; path = deps/DDMathParser/DDTypes.h; sourceTree = "<group>"; };
		773972AE17D2E61200B958EE /* DDTypes.m */ = {isa = PBXFileReference; fileEncoding = 4; lastKnownFileType = sourcecode.c.objc; name = DDTypes.m; path = deps/DDMathParser/DDTypes.m; sourceTree = "<group>"; };
		773972AF17D2E61200B958EE /* NSString+DDMathParsing.h */ = {isa = PBXFileReference; fileEncoding = 4; lastKnownFileType = sourcecode.c.h; name = "NSString+DDMathParsing.h"; path = "deps/DDMathParser/NSString+DDMathParsing.h"; sourceTree = "<group>"; };
		773972B017D2E61200B958EE /* NSString+DDMathParsing.m */ = {isa = PBXFileReference; fileEncoding = 4; lastKnownFileType = sourcecode.c.objc; name = "NSString+DDMathParsing.m"; path = "deps/DDMathParser/NSString+DDMathParsing.m"; sourceTree = "<group>"; };
		773972DC17D2E67D00B958EE /* extern.h */ = {isa = PBXFileReference; fileEncoding = 4; lastKnownFileType = sourcecode.c.h; name = extern.h; path = deps/libudis86/extern.h; sourceTree = "<group>"; };
		773972E017D2E67D00B958EE /* itab.h */ = {isa = PBXFileReference; fileEncoding = 4; lastKnownFileType = sourcecode.c.h; name = itab.h; path = deps/libudis86/itab.h; sourceTree = "<group>"; };
		773972E517D2E67D00B958EE /* types.h */ = {isa = PBXFileReference; fileEncoding = 4; lastKnownFileType = sourcecode.c.h; name = types.h; path = deps/libudis86/types.h; sourceTree = "<group>"; };
		773972EE17D2E6AE00B958EE /* mach_exc.h */ = {isa = PBXFileReference; fileEncoding = 4; lastKnownFileType = sourcecode.c.h; name = mach_exc.h; path = deps/mach_exc/mach_exc.h; sourceTree = "<group>"; };
		773972EF17D2E6AE00B958EE /* mach_excServer.c */ = {isa = PBXFileReference; fileEncoding = 4; lastKnownFileType = sourcecode.c.c; name = mach_excServer.c; path = deps/mach_exc/mach_excServer.c; sourceTree = "<group>"; };
		773972F017D2E6AE00B958EE /* mach_excUser.c */ = {isa = PBXFileReference; fileEncoding = 4; lastKnownFileType = sourcecode.c.c; name = mach_excUser.c; path = deps/mach_exc/mach_excUser.c; sourceTree = "<group>"; };
		773972F317D2E70400B958EE /* udis86.h */ = {isa = PBXFileReference; fileEncoding = 4; lastKnownFileType = sourcecode.c.h; name = udis86.h; path = deps/udis86.h; sourceTree = "<group>"; };
		773972F417D2E7B600B958EE /* DataInspectorRepresenter.h */ = {isa = PBXFileReference; fileEncoding = 4; lastKnownFileType = sourcecode.c.h; name = DataInspectorRepresenter.h; path = deps/DataInspectorRepresenter.h; sourceTree = "<group>"; };
		773972F517D2E7B600B958EE /* DataInspectorRepresenter.m */ = {isa = PBXFileReference; fileEncoding = 4; lastKnownFileType = sourcecode.c.objc; name = DataInspectorRepresenter.m; path = deps/DataInspectorRepresenter.m; sourceTree = "<group>"; };
		773972F717D2E80F00B958EE /* ShortcutRecorder.framework */ = {isa = PBXFileReference; lastKnownFileType = wrapper.framework; name = ShortcutRecorder.framework; path = deps/ShortcutRecorder.framework; sourceTree = "<group>"; };
		773972F817D2E80F00B958EE /* Sparkle.framework */ = {isa = PBXFileReference; lastKnownFileType = wrapper.framework; name = Sparkle.framework; path = deps/Sparkle.framework; sourceTree = "<group>"; };
		774EF6A617CA892C005ABB20 /* Python.framework */ = {isa = PBXFileReference; lastKnownFileType = wrapper.framework; name = Python.framework; path = System/Library/Frameworks/Python.framework; sourceTree = SDKROOT; };
		775FCB4111719FAF000054FB /* Carbon.framework */ = {isa = PBXFileReference; lastKnownFileType = wrapper.framework; name = Carbon.framework; path = /System/Library/Frameworks/Carbon.framework; sourceTree = "<absolute>"; };
		777AD8C517D96F30003A5317 /* ZGPyDebugger.h */ = {isa = PBXFileReference; fileEncoding = 4; lastKnownFileType = sourcecode.c.h; name = ZGPyDebugger.h; path = "Bit Slicer/ZGPyDebugger.h"; sourceTree = "<group>"; };
		777AD8C617D96F30003A5317 /* ZGPyDebugger.m */ = {isa = PBXFileReference; fileEncoding = 4; lastKnownFileType = sourcecode.c.objc; name = ZGPyDebugger.m; path = "Bit Slicer/ZGPyDebugger.m"; sourceTree = "<group>"; };
		77CE28B417D538E300998F28 /* ZGLoggerWindowController.h */ = {isa = PBXFileReference; fileEncoding = 4; lastKnownFileType = sourcecode.c.h; name = ZGLoggerWindowController.h; path = "Bit Slicer/ZGLoggerWindowController.h"; sourceTree = "<group>"; };
		77CE28B517D538E300998F28 /* ZGLoggerWindowController.m */ = {isa = PBXFileReference; fileEncoding = 4; lastKnownFileType = sourcecode.c.objc; name = ZGLoggerWindowController.m; path = "Bit Slicer/ZGLoggerWindowController.m"; sourceTree = "<group>"; };
		77CE28B617D538E300998F28 /* ZGLoggerWindowController.xib */ = {isa = PBXFileReference; fileEncoding = 4; lastKnownFileType = file.xib; name = ZGLoggerWindowController.xib; path = "Bit Slicer/ZGLoggerWindowController.xib"; sourceTree = "<group>"; };
		77CE28B917D580AD00998F28 /* ZGPyMainModule.m */ = {isa = PBXFileReference; fileEncoding = 4; lastKnownFileType = sourcecode.c.objc; name = ZGPyMainModule.m; path = "Bit Slicer/ZGPyMainModule.m"; sourceTree = "<group>"; };
		77CE28BB17D580D400998F28 /* ZGPyMainModule.h */ = {isa = PBXFileReference; fileEncoding = 4; lastKnownFileType = sourcecode.c.h; name = ZGPyMainModule.h; path = "Bit Slicer/ZGPyMainModule.h"; sourceTree = "<group>"; };
		77F115A517D2E865009E002A /* HFLineCountingView.h */ = {isa = PBXFileReference; fileEncoding = 4; lastKnownFileType = sourcecode.c.h; name = HFLineCountingView.h; path = deps/HFLineCountingView.h; sourceTree = "<group>"; };
		77F115A617D2E87E009E002A /* VDKQueue.h */ = {isa = PBXFileReference; fileEncoding = 4; lastKnownFileType = sourcecode.c.h; name = VDKQueue.h; path = deps/VDKQueue.h; sourceTree = "<group>"; };
		77F115A717D2E87E009E002A /* VDKQueue.m */ = {isa = PBXFileReference; fileEncoding = 4; lastKnownFileType = sourcecode.c.objc; name = VDKQueue.m; path = deps/VDKQueue.m; sourceTree = "<group>"; };
		77F115A917D2E8AC009E002A /* yasm */ = {isa = PBXFileReference; lastKnownFileType = "compiled.mach-o.executable"; name = yasm; path = deps/yasm; sourceTree = "<group>"; };
		77F115AB17D2EAC3009E002A /* Bit_Slicer_Prefix.pch */ = {isa = PBXFileReference; fileEncoding = 4; lastKnownFileType = sourcecode.c.h; name = Bit_Slicer_Prefix.pch; path = "Bit Slicer/Bit_Slicer_Prefix.pch"; sourceTree = "<group>"; };
		77F115AC17D2EAE4009E002A /* bitslicerdocicon.iconset */ = {isa = PBXFileReference; lastKnownFileType = folder.iconset; name = bitslicerdocicon.iconset; path = "Bit Slicer/bitslicerdocicon.iconset"; sourceTree = "<group>"; };
		77F115AD17D2EAE4009E002A /* bitslicericon.iconset */ = {isa = PBXFileReference; lastKnownFileType = folder.iconset; name = bitslicericon.iconset; path = "Bit Slicer/bitslicericon.iconset"; sourceTree = "<group>"; };
		77F115B017D2EAF3009E002A /* Bit_Slicer-Info.plist */ = {isa = PBXFileReference; fileEncoding = 4; lastKnownFileType = text.plist.xml; name = "Bit_Slicer-Info.plist"; path = "Bit Slicer/Bit_Slicer-Info.plist"; sourceTree = "<group>"; };
		77F115B217D2EAFE009E002A /* Credits.rtf */ = {isa = PBXFileReference; fileEncoding = 4; lastKnownFileType = text.rtf; name = Credits.rtf; path = "Bit Slicer/Credits.rtf"; sourceTree = "<group>"; };
		77F115B517D2EBAF009E002A /* English */ = {isa = PBXFileReference; lastKnownFileType = text.plist.strings; name = English; path = "Bit Slicer/English.lproj/InfoPlist.strings"; sourceTree = "<group>"; };
		77F115B817D2EBCB009E002A /* English */ = {isa = PBXFileReference; lastKnownFileType = file.xib; name = English; path = "Bit Slicer/English.lproj/MainMenu.xib"; sourceTree = "<group>"; };
		77F115BB17D2EBD7009E002A /* English */ = {isa = PBXFileReference; lastKnownFileType = file.xib; name = English; path = "Bit Slicer/English.lproj/Preferences.xib"; sourceTree = "<group>"; };
		77F115BE17D2EBE1009E002A /* English */ = {isa = PBXFileReference; lastKnownFileType = file.xib; name = English; path = "Bit Slicer/English.lproj/MyDocument.xib"; sourceTree = "<group>"; };
		77F115C117D2EBEC009E002A /* English */ = {isa = PBXFileReference; lastKnownFileType = file.xib; name = English; path = "Bit Slicer/English.lproj/ZGDebuggerController.xib"; sourceTree = "<group>"; };
		77F115C417D2EBF3009E002A /* English */ = {isa = PBXFileReference; lastKnownFileType = file.xib; name = English; path = "Bit Slicer/English.lproj/ZGCodeInjectionWindowController.xib"; sourceTree = "<group>"; };
		77F115C717D2EBFA009E002A /* English */ = {isa = PBXFileReference; lastKnownFileType = file.xib; name = English; path = "Bit Slicer/English.lproj/ZGMemoryViewerController.xib"; sourceTree = "<group>"; };
		77F115C917D2ECEE009E002A /* DataInspectorView.xib */ = {isa = PBXFileReference; fileEncoding = 4; lastKnownFileType = file.xib; name = DataInspectorView.xib; path = "Bit Slicer/DataInspectorView.xib"; sourceTree = "<group>"; };
		77F115CB17D2ED64009E002A /* ZGMemoryViewerController.h */ = {isa = PBXFileReference; fileEncoding = 4; lastKnownFileType = sourcecode.c.h; name = ZGMemoryViewerController.h; path = "Bit Slicer/ZGMemoryViewerController.h"; sourceTree = "<group>"; };
		77F115CC17D2ED64009E002A /* ZGMemoryViewerController.m */ = {isa = PBXFileReference; fileEncoding = 4; lastKnownFileType = sourcecode.c.objc; name = ZGMemoryViewerController.m; path = "Bit Slicer/ZGMemoryViewerController.m"; sourceTree = "<group>"; };
		77F115CE17D2ED74009E002A /* ZGVerticalScrollerRepresenter.h */ = {isa = PBXFileReference; fileEncoding = 4; lastKnownFileType = sourcecode.c.h; name = ZGVerticalScrollerRepresenter.h; path = "Bit Slicer/ZGVerticalScrollerRepresenter.h"; sourceTree = "<group>"; };
		77F115CF17D2ED74009E002A /* ZGVerticalScrollerRepresenter.m */ = {isa = PBXFileReference; fileEncoding = 4; lastKnownFileType = sourcecode.c.objc; name = ZGVerticalScrollerRepresenter.m; path = "Bit Slicer/ZGVerticalScrollerRepresenter.m"; sourceTree = "<group>"; };
		77F115D117D2ED82009E002A /* ZGStatusBarRepresenter.h */ = {isa = PBXFileReference; fileEncoding = 4; lastKnownFileType = sourcecode.c.h; name = ZGStatusBarRepresenter.h; path = "Bit Slicer/ZGStatusBarRepresenter.h"; sourceTree = "<group>"; };
		77F115D217D2ED82009E002A /* ZGStatusBarRepresenter.m */ = {isa = PBXFileReference; fileEncoding = 4; lastKnownFileType = sourcecode.c.objc; name = ZGStatusBarRepresenter.m; path = "Bit Slicer/ZGStatusBarRepresenter.m"; sourceTree = "<group>"; };
		77F115D417D2ED8E009E002A /* ZGLineCountingRepresenter.h */ = {isa = PBXFileReference; fileEncoding = 4; lastKnownFileType = sourcecode.c.h; name = ZGLineCountingRepresenter.h; path = "Bit Slicer/ZGLineCountingRepresenter.h"; sourceTree = "<group>"; };
		77F115D517D2ED8E009E002A /* ZGLineCountingRepresenter.m */ = {isa = PBXFileReference; fileEncoding = 4; lastKnownFileType = sourcecode.c.objc; name = ZGLineCountingRepresenter.m; path = "Bit Slicer/ZGLineCountingRepresenter.m"; sourceTree = "<group>"; };
		77F115D717D2ED9D009E002A /* ZGLineCountingView.h */ = {isa = PBXFileReference; fileEncoding = 4; lastKnownFileType = sourcecode.c.h; name = ZGLineCountingView.h; path = "Bit Slicer/ZGLineCountingView.h"; sourceTree = "<group>"; };
		77F115D817D2ED9D009E002A /* ZGLineCountingView.m */ = {isa = PBXFileReference; fileEncoding = 4; lastKnownFileType = sourcecode.c.objc; name = ZGLineCountingView.m; path = "Bit Slicer/ZGLineCountingView.m"; sourceTree = "<group>"; };
		77F115DA17D2EDB7009E002A /* ZGMemoryDumpController.h */ = {isa = PBXFileReference; fileEncoding = 4; lastKnownFileType = sourcecode.c.h; name = ZGMemoryDumpController.h; path = "Bit Slicer/ZGMemoryDumpController.h"; sourceTree = "<group>"; };
		77F115DB17D2EDB7009E002A /* ZGMemoryDumpController.m */ = {isa = PBXFileReference; fileEncoding = 4; lastKnownFileType = sourcecode.c.objc; name = ZGMemoryDumpController.m; path = "Bit Slicer/ZGMemoryDumpController.m"; sourceTree = "<group>"; };
		77F115DC17D2EDB7009E002A /* ZGMemoryProtectionController.h */ = {isa = PBXFileReference; fileEncoding = 4; lastKnownFileType = sourcecode.c.h; name = ZGMemoryProtectionController.h; path = "Bit Slicer/ZGMemoryProtectionController.h"; sourceTree = "<group>"; };
		77F115DD17D2EDB7009E002A /* ZGMemoryProtectionController.m */ = {isa = PBXFileReference; fileEncoding = 4; lastKnownFileType = sourcecode.c.objc; name = ZGMemoryProtectionController.m; path = "Bit Slicer/ZGMemoryProtectionController.m"; sourceTree = "<group>"; };
		77F115E017D2EDC3009E002A /* ZGAppController.h */ = {isa = PBXFileReference; fileEncoding = 4; lastKnownFileType = sourcecode.c.h; name = ZGAppController.h; path = "Bit Slicer/ZGAppController.h"; sourceTree = "<group>"; };
		77F115E117D2EDC3009E002A /* ZGAppController.m */ = {isa = PBXFileReference; fileEncoding = 4; lastKnownFileType = sourcecode.c.objc; name = ZGAppController.m; path = "Bit Slicer/ZGAppController.m"; sourceTree = "<group>"; };
		77F115E317D2EDCD009E002A /* ZGPreferencesController.h */ = {isa = PBXFileReference; fileEncoding = 4; lastKnownFileType = sourcecode.c.h; name = ZGPreferencesController.h; path = "Bit Slicer/ZGPreferencesController.h"; sourceTree = "<group>"; };
		77F115E417D2EDCD009E002A /* ZGPreferencesController.m */ = {isa = PBXFileReference; fileEncoding = 4; lastKnownFileType = sourcecode.c.objc; name = ZGPreferencesController.m; path = "Bit Slicer/ZGPreferencesController.m"; sourceTree = "<group>"; };
		77F115E617D2EDD9009E002A /* ZGProcessList.h */ = {isa = PBXFileReference; fileEncoding = 4; lastKnownFileType = sourcecode.c.h; name = ZGProcessList.h; path = "Bit Slicer/ZGProcessList.h"; sourceTree = "<group>"; };
		77F115E717D2EDD9009E002A /* ZGProcessList.m */ = {isa = PBXFileReference; fileEncoding = 4; lastKnownFileType = sourcecode.c.objc; name = ZGProcessList.m; path = "Bit Slicer/ZGProcessList.m"; sourceTree = "<group>"; };
		77F115E917D2EDE3009E002A /* ZGRunningProcess.h */ = {isa = PBXFileReference; fileEncoding = 4; lastKnownFileType = sourcecode.c.h; name = ZGRunningProcess.h; path = "Bit Slicer/ZGRunningProcess.h"; sourceTree = "<group>"; };
		77F115EA17D2EDE3009E002A /* ZGRunningProcess.m */ = {isa = PBXFileReference; fileEncoding = 4; lastKnownFileType = sourcecode.c.objc; name = ZGRunningProcess.m; path = "Bit Slicer/ZGRunningProcess.m"; sourceTree = "<group>"; };
		77F115EC17D2EDEE009E002A /* ZGRunningProcessObserver.h */ = {isa = PBXFileReference; fileEncoding = 4; lastKnownFileType = sourcecode.c.h; name = ZGRunningProcessObserver.h; path = "Bit Slicer/ZGRunningProcessObserver.h"; sourceTree = "<group>"; };
		77F115ED17D2EDEE009E002A /* ZGRunningProcessObserver.m */ = {isa = PBXFileReference; fileEncoding = 4; lastKnownFileType = sourcecode.c.objc; name = ZGRunningProcessObserver.m; path = "Bit Slicer/ZGRunningProcessObserver.m"; sourceTree = "<group>"; };
		77F115EF17D2EDF9009E002A /* ZGDocument.h */ = {isa = PBXFileReference; fileEncoding = 4; lastKnownFileType = sourcecode.c.h; name = ZGDocument.h; path = "Bit Slicer/ZGDocument.h"; sourceTree = "<group>"; };
		77F115F017D2EDF9009E002A /* ZGDocument.m */ = {isa = PBXFileReference; fileEncoding = 4; lastKnownFileType = sourcecode.c.objc; name = ZGDocument.m; path = "Bit Slicer/ZGDocument.m"; sourceTree = "<group>"; };
		77F115F217D2EE0B009E002A /* ZGDocumentData.h */ = {isa = PBXFileReference; fileEncoding = 4; lastKnownFileType = sourcecode.c.h; name = ZGDocumentData.h; path = "Bit Slicer/ZGDocumentData.h"; sourceTree = "<group>"; };
		77F115F317D2EE0B009E002A /* ZGDocumentData.m */ = {isa = PBXFileReference; fileEncoding = 4; lastKnownFileType = sourcecode.c.objc; name = ZGDocumentData.m; path = "Bit Slicer/ZGDocumentData.m"; sourceTree = "<group>"; };
		77F115F517D2EE28009E002A /* ZGDocumentWindowController.h */ = {isa = PBXFileReference; fileEncoding = 4; lastKnownFileType = sourcecode.c.h; name = ZGDocumentWindowController.h; path = "Bit Slicer/ZGDocumentWindowController.h"; sourceTree = "<group>"; };
		77F115F617D2EE28009E002A /* ZGDocumentWindowController.m */ = {isa = PBXFileReference; fileEncoding = 4; lastKnownFileType = sourcecode.c.objc; name = ZGDocumentWindowController.m; path = "Bit Slicer/ZGDocumentWindowController.m"; sourceTree = "<group>"; };
		77F115F817D2EE6F009E002A /* ZGDocumentSearchController.h */ = {isa = PBXFileReference; fileEncoding = 4; lastKnownFileType = sourcecode.c.h; name = ZGDocumentSearchController.h; path = "Bit Slicer/ZGDocumentSearchController.h"; sourceTree = "<group>"; };
		77F115F917D2EE6F009E002A /* ZGDocumentSearchController.m */ = {isa = PBXFileReference; fileEncoding = 4; lastKnownFileType = sourcecode.c.objc; name = ZGDocumentSearchController.m; path = "Bit Slicer/ZGDocumentSearchController.m"; sourceTree = "<group>"; };
		77F115FB17D2EE7E009E002A /* ZGDocumentTableController.h */ = {isa = PBXFileReference; fileEncoding = 4; lastKnownFileType = sourcecode.c.h; name = ZGDocumentTableController.h; path = "Bit Slicer/ZGDocumentTableController.h"; sourceTree = "<group>"; };
		77F115FC17D2EE7E009E002A /* ZGDocumentTableController.m */ = {isa = PBXFileReference; fileEncoding = 4; lastKnownFileType = sourcecode.c.objc; name = ZGDocumentTableController.m; path = "Bit Slicer/ZGDocumentTableController.m"; sourceTree = "<group>"; };
		77F115FE17D2EEA1009E002A /* ZGDocumentBreakPointController.h */ = {isa = PBXFileReference; fileEncoding = 4; lastKnownFileType = sourcecode.c.h; name = ZGDocumentBreakPointController.h; path = "Bit Slicer/ZGDocumentBreakPointController.h"; sourceTree = "<group>"; };
		77F115FF17D2EEA1009E002A /* ZGDocumentBreakPointController.m */ = {isa = PBXFileReference; fileEncoding = 4; lastKnownFileType = sourcecode.c.objc; name = ZGDocumentBreakPointController.m; path = "Bit Slicer/ZGDocumentBreakPointController.m"; sourceTree = "<group>"; };
		77F1160117D2EEAA009E002A /* ZGVariableController.h */ = {isa = PBXFileReference; fileEncoding = 4; lastKnownFileType = sourcecode.c.h; name = ZGVariableController.h; path = "Bit Slicer/ZGVariableController.h"; sourceTree = "<group>"; };
		77F1160217D2EEAA009E002A /* ZGVariableController.m */ = {isa = PBXFileReference; fileEncoding = 4; lastKnownFileType = sourcecode.c.objc; name = ZGVariableController.m; path = "Bit Slicer/ZGVariableController.m"; sourceTree = "<group>"; };
		77F1160417D2EEB6009E002A /* ZGScriptManager.h */ = {isa = PBXFileReference; fileEncoding = 4; lastKnownFileType = sourcecode.c.h; name = ZGScriptManager.h; path = "Bit Slicer/ZGScriptManager.h"; sourceTree = "<group>"; };
		77F1160517D2EEB6009E002A /* ZGScriptManager.m */ = {isa = PBXFileReference; fileEncoding = 4; lastKnownFileType = sourcecode.c.objc; name = ZGScriptManager.m; path = "Bit Slicer/ZGScriptManager.m"; sourceTree = "<group>"; };
		77F1160717D2EEC0009E002A /* ZGPyVirtualMemory.h */ = {isa = PBXFileReference; fileEncoding = 4; lastKnownFileType = sourcecode.c.h; name = ZGPyVirtualMemory.h; path = "Bit Slicer/ZGPyVirtualMemory.h"; sourceTree = "<group>"; };
		77F1160817D2EEC0009E002A /* ZGPyVirtualMemory.m */ = {isa = PBXFileReference; fileEncoding = 4; lastKnownFileType = sourcecode.c.objc; name = ZGPyVirtualMemory.m; path = "Bit Slicer/ZGPyVirtualMemory.m"; sourceTree = "<group>"; };
		77F1160A17D2EECA009E002A /* ZGPyScript.h */ = {isa = PBXFileReference; fileEncoding = 4; lastKnownFileType = sourcecode.c.h; name = ZGPyScript.h; path = "Bit Slicer/ZGPyScript.h"; sourceTree = "<group>"; };
		77F1160B17D2EECA009E002A /* ZGPyScript.m */ = {isa = PBXFileReference; fileEncoding = 4; lastKnownFileType = sourcecode.c.objc; name = ZGPyScript.m; path = "Bit Slicer/ZGPyScript.m"; sourceTree = "<group>"; };
		77F1160D17D2EED6009E002A /* ZGSearchData.h */ = {isa = PBXFileReference; fileEncoding = 4; lastKnownFileType = sourcecode.c.h; name = ZGSearchData.h; path = "Bit Slicer/ZGSearchData.h"; sourceTree = "<group>"; };
		77F1160E17D2EED6009E002A /* ZGSearchData.m */ = {isa = PBXFileReference; fileEncoding = 4; lastKnownFileType = sourcecode.c.objc; name = ZGSearchData.m; path = "Bit Slicer/ZGSearchData.m"; sourceTree = "<group>"; };
		77F1161017D2EEE1009E002A /* ZGSearchProgress.h */ = {isa = PBXFileReference; fileEncoding = 4; lastKnownFileType = sourcecode.c.h; name = ZGSearchProgress.h; path = "Bit Slicer/ZGSearchProgress.h"; sourceTree = "<group>"; };
		77F1161117D2EEE1009E002A /* ZGSearchProgress.m */ = {isa = PBXFileReference; fileEncoding = 4; lastKnownFileType = sourcecode.c.objc; name = ZGSearchProgress.m; path = "Bit Slicer/ZGSearchProgress.m"; sourceTree = "<group>"; };
		77F1161317D2EEEC009E002A /* ZGSearchResults.h */ = {isa = PBXFileReference; fileEncoding = 4; lastKnownFileType = sourcecode.c.h; name = ZGSearchResults.h; path = "Bit Slicer/ZGSearchResults.h"; sourceTree = "<group>"; };
		77F1161417D2EEEC009E002A /* ZGSearchResults.m */ = {isa = PBXFileReference; fileEncoding = 4; lastKnownFileType = sourcecode.c.objc; name = ZGSearchResults.m; path = "Bit Slicer/ZGSearchResults.m"; sourceTree = "<group>"; };
		77F1161617D2EEF6009E002A /* ZGSearchFunctions.h */ = {isa = PBXFileReference; fileEncoding = 4; lastKnownFileType = sourcecode.c.h; name = ZGSearchFunctions.h; path = "Bit Slicer/ZGSearchFunctions.h"; sourceTree = "<group>"; };
		77F1161717D2EEF6009E002A /* ZGSearchFunctions.m */ = {isa = PBXFileReference; fileEncoding = 4; lastKnownFileType = sourcecode.c.objc; name = ZGSearchFunctions.m; path = "Bit Slicer/ZGSearchFunctions.m"; sourceTree = "<group>"; };
		77F1161917D2EEFF009E002A /* ZGComparisonFunctions.h */ = {isa = PBXFileReference; fileEncoding = 4; lastKnownFileType = sourcecode.c.h; name = ZGComparisonFunctions.h; path = "Bit Slicer/ZGComparisonFunctions.h"; sourceTree = "<group>"; };
		77F1161A17D2EEFF009E002A /* ZGComparisonFunctions.m */ = {isa = PBXFileReference; fileEncoding = 4; lastKnownFileType = sourcecode.c.objc; name = ZGComparisonFunctions.m; path = "Bit Slicer/ZGComparisonFunctions.m"; sourceTree = "<group>"; };
		77F1161C17D2EF09009E002A /* ZGMemoryTypes.h */ = {isa = PBXFileReference; fileEncoding = 4; lastKnownFileType = sourcecode.c.h; name = ZGMemoryTypes.h; path = "Bit Slicer/ZGMemoryTypes.h"; sourceTree = "<group>"; };
		77F1161D17D2EF14009E002A /* ZGVirtualMemory.c */ = {isa = PBXFileReference; fileEncoding = 4; lastKnownFileType = sourcecode.c.c; name = ZGVirtualMemory.c; path = "Bit Slicer/ZGVirtualMemory.c"; sourceTree = "<group>"; };
		77F1161E17D2EF14009E002A /* ZGVirtualMemory.h */ = {isa = PBXFileReference; fileEncoding = 4; lastKnownFileType = sourcecode.c.h; name = ZGVirtualMemory.h; path = "Bit Slicer/ZGVirtualMemory.h"; sourceTree = "<group>"; };
		77F1162017D2EF28009E002A /* ZGVirtualMemoryHelpers.h */ = {isa = PBXFileReference; fileEncoding = 4; lastKnownFileType = sourcecode.c.h; name = ZGVirtualMemoryHelpers.h; path = "Bit Slicer/ZGVirtualMemoryHelpers.h"; sourceTree = "<group>"; };
		77F1162117D2EF28009E002A /* ZGVirtualMemoryHelpers.m */ = {isa = PBXFileReference; fileEncoding = 4; lastKnownFileType = sourcecode.c.objc; name = ZGVirtualMemoryHelpers.m; path = "Bit Slicer/ZGVirtualMemoryHelpers.m"; sourceTree = "<group>"; };
		77F1162317D2EF31009E002A /* ZGRegion.h */ = {isa = PBXFileReference; fileEncoding = 4; lastKnownFileType = sourcecode.c.h; name = ZGRegion.h; path = "Bit Slicer/ZGRegion.h"; sourceTree = "<group>"; };
		77F1162417D2EF31009E002A /* ZGRegion.m */ = {isa = PBXFileReference; fileEncoding = 4; lastKnownFileType = sourcecode.c.objc; name = ZGRegion.m; path = "Bit Slicer/ZGRegion.m"; sourceTree = "<group>"; };
		77F1162617D2EF3A009E002A /* ZGProcess.h */ = {isa = PBXFileReference; fileEncoding = 4; lastKnownFileType = sourcecode.c.h; name = ZGProcess.h; path = "Bit Slicer/ZGProcess.h"; sourceTree = "<group>"; };
		77F1162717D2EF3A009E002A /* ZGProcess.m */ = {isa = PBXFileReference; fileEncoding = 4; lastKnownFileType = sourcecode.c.objc; name = ZGProcess.m; path = "Bit Slicer/ZGProcess.m"; sourceTree = "<group>"; };
		77F1162917D2EF46009E002A /* ZGVariableTypes.h */ = {isa = PBXFileReference; fileEncoding = 4; lastKnownFileType = sourcecode.c.h; name = ZGVariableTypes.h; path = "Bit Slicer/ZGVariableTypes.h"; sourceTree = "<group>"; };
		77F1162A17D2EF50009E002A /* ZGVariable.h */ = {isa = PBXFileReference; fileEncoding = 4; lastKnownFileType = sourcecode.c.h; name = ZGVariable.h; path = "Bit Slicer/ZGVariable.h"; sourceTree = "<group>"; };
		77F1162B17D2EF50009E002A /* ZGVariable.m */ = {isa = PBXFileReference; fileEncoding = 4; lastKnownFileType = sourcecode.c.objc; name = ZGVariable.m; path = "Bit Slicer/ZGVariable.m"; sourceTree = "<group>"; };
		77F1162D17D2EF5A009E002A /* ZGUtilities.h */ = {isa = PBXFileReference; fileEncoding = 4; lastKnownFileType = sourcecode.c.h; name = ZGUtilities.h; path = "Bit Slicer/ZGUtilities.h"; sourceTree = "<group>"; };
		77F1162E17D2EF5A009E002A /* ZGUtilities.m */ = {isa = PBXFileReference; fileEncoding = 4; lastKnownFileType = sourcecode.c.objc; name = ZGUtilities.m; path = "Bit Slicer/ZGUtilities.m"; sourceTree = "<group>"; };
		77F1163017D2EF62009E002A /* ZGCalculator.h */ = {isa = PBXFileReference; fileEncoding = 4; lastKnownFileType = sourcecode.c.h; name = ZGCalculator.h; path = "Bit Slicer/ZGCalculator.h"; sourceTree = "<group>"; };
		77F1163117D2EF62009E002A /* ZGCalculator.m */ = {isa = PBXFileReference; fileEncoding = 4; lastKnownFileType = sourcecode.c.objc; name = ZGCalculator.m; path = "Bit Slicer/ZGCalculator.m"; sourceTree = "<group>"; };
		77F1163317D2EF6D009E002A /* NSStringAdditions.h */ = {isa = PBXFileReference; fileEncoding = 4; lastKnownFileType = sourcecode.c.h; name = NSStringAdditions.h; path = "Bit Slicer/NSStringAdditions.h"; sourceTree = "<group>"; };
		77F1163417D2EF6D009E002A /* NSStringAdditions.m */ = {isa = PBXFileReference; fileEncoding = 4; lastKnownFileType = sourcecode.c.objc; name = NSStringAdditions.m; path = "Bit Slicer/NSStringAdditions.m"; sourceTree = "<group>"; };
		77F1163617D2EF76009E002A /* NSArrayAdditions.h */ = {isa = PBXFileReference; fileEncoding = 4; lastKnownFileType = sourcecode.c.h; name = NSArrayAdditions.h; path = "Bit Slicer/NSArrayAdditions.h"; sourceTree = "<group>"; };
		77F1163717D2EF76009E002A /* NSArrayAdditions.m */ = {isa = PBXFileReference; fileEncoding = 4; lastKnownFileType = sourcecode.c.objc; name = NSArrayAdditions.m; path = "Bit Slicer/NSArrayAdditions.m"; sourceTree = "<group>"; };
		77F1163917D2EF7F009E002A /* main.m */ = {isa = PBXFileReference; fileEncoding = 4; lastKnownFileType = sourcecode.c.objc; name = main.m; path = "Bit Slicer/main.m"; sourceTree = "<group>"; };
		77F1163B17D2EF8E009E002A /* ZGMemoryWindowController.h */ = {isa = PBXFileReference; fileEncoding = 4; lastKnownFileType = sourcecode.c.h; name = ZGMemoryWindowController.h; path = "Bit Slicer/ZGMemoryWindowController.h"; sourceTree = "<group>"; };
		77F1163C17D2EF8E009E002A /* ZGMemoryWindowController.m */ = {isa = PBXFileReference; fileEncoding = 4; lastKnownFileType = sourcecode.c.objc; name = ZGMemoryWindowController.m; path = "Bit Slicer/ZGMemoryWindowController.m"; sourceTree = "<group>"; };
		77F1163E17D2EF9E009E002A /* ZGDebuggerController.h */ = {isa = PBXFileReference; fileEncoding = 4; lastKnownFileType = sourcecode.c.h; name = ZGDebuggerController.h; path = "Bit Slicer/ZGDebuggerController.h"; sourceTree = "<group>"; };
		77F1163F17D2EF9E009E002A /* ZGDebuggerController.m */ = {isa = PBXFileReference; fileEncoding = 4; lastKnownFileType = sourcecode.c.objc; name = ZGDebuggerController.m; path = "Bit Slicer/ZGDebuggerController.m"; sourceTree = "<group>"; };
		77F1164117D2EFB4009E002A /* ZGDisassemblerObject.h */ = {isa = PBXFileReference; fileEncoding = 4; lastKnownFileType = sourcecode.c.h; name = ZGDisassemblerObject.h; path = "Bit Slicer/ZGDisassemblerObject.h"; sourceTree = "<group>"; };
		77F1164217D2EFB4009E002A /* ZGDisassemblerObject.m */ = {isa = PBXFileReference; fileEncoding = 4; lastKnownFileType = sourcecode.c.objc; name = ZGDisassemblerObject.m; path = "Bit Slicer/ZGDisassemblerObject.m"; sourceTree = "<group>"; };
		77F1164417D2EFBD009E002A /* ZGInstruction.h */ = {isa = PBXFileReference; fileEncoding = 4; lastKnownFileType = sourcecode.c.h; name = ZGInstruction.h; path = "Bit Slicer/ZGInstruction.h"; sourceTree = "<group>"; };
		77F1164517D2EFBD009E002A /* ZGInstruction.m */ = {isa = PBXFileReference; fileEncoding = 4; lastKnownFileType = sourcecode.c.objc; name = ZGInstruction.m; path = "Bit Slicer/ZGInstruction.m"; sourceTree = "<group>"; };
		77F1164717D2EFC8009E002A /* ZGBreakPointController.h */ = {isa = PBXFileReference; fileEncoding = 4; lastKnownFileType = sourcecode.c.h; name = ZGBreakPointController.h; path = "Bit Slicer/ZGBreakPointController.h"; sourceTree = "<group>"; };
		77F1164817D2EFC8009E002A /* ZGBreakPointController.m */ = {isa = PBXFileReference; fileEncoding = 4; lastKnownFileType = sourcecode.c.objc; name = ZGBreakPointController.m; path = "Bit Slicer/ZGBreakPointController.m"; sourceTree = "<group>"; };
		77F1164A17D2EFD1009E002A /* ZGBreakPointDelegate.h */ = {isa = PBXFileReference; fileEncoding = 4; lastKnownFileType = sourcecode.c.h; name = ZGBreakPointDelegate.h; path = "Bit Slicer/ZGBreakPointDelegate.h"; sourceTree = "<group>"; };
		77F1164B17D2EFDA009E002A /* ZGBreakPoint.h */ = {isa = PBXFileReference; fileEncoding = 4; lastKnownFileType = sourcecode.c.h; name = ZGBreakPoint.h; path = "Bit Slicer/ZGBreakPoint.h"; sourceTree = "<group>"; };
		77F1164C17D2EFDA009E002A /* ZGBreakPoint.m */ = {isa = PBXFileReference; fileEncoding = 4; lastKnownFileType = sourcecode.c.objc; name = ZGBreakPoint.m; path = "Bit Slicer/ZGBreakPoint.m"; sourceTree = "<group>"; };
		77F1164E17D2EFE4009E002A /* ZGDebugThread.h */ = {isa = PBXFileReference; fileEncoding = 4; lastKnownFileType = sourcecode.c.h; name = ZGDebugThread.h; path = "Bit Slicer/ZGDebugThread.h"; sourceTree = "<group>"; };
		77F1164F17D2EFE4009E002A /* ZGDebugThread.m */ = {isa = PBXFileReference; fileEncoding = 4; lastKnownFileType = sourcecode.c.objc; name = ZGDebugThread.m; path = "Bit Slicer/ZGDebugThread.m"; sourceTree = "<group>"; };
		77F1165117D2EFED009E002A /* ZGBacktraceController.h */ = {isa = PBXFileReference; fileEncoding = 4; lastKnownFileType = sourcecode.c.h; name = ZGBacktraceController.h; path = "Bit Slicer/ZGBacktraceController.h"; sourceTree = "<group>"; };
		77F1165217D2EFED009E002A /* ZGBacktraceController.m */ = {isa = PBXFileReference; fileEncoding = 4; lastKnownFileType = sourcecode.c.objc; name = ZGBacktraceController.m; path = "Bit Slicer/ZGBacktraceController.m"; sourceTree = "<group>"; };
		77F1165417D2EFF5009E002A /* ZGRegistersController.h */ = {isa = PBXFileReference; fileEncoding = 4; lastKnownFileType = sourcecode.c.h; name = ZGRegistersController.h; path = "Bit Slicer/ZGRegistersController.h"; sourceTree = "<group>"; };
		77F1165517D2EFF5009E002A /* ZGRegistersController.m */ = {isa = PBXFileReference; fileEncoding = 4; lastKnownFileType = sourcecode.c.objc; name = ZGRegistersController.m; path = "Bit Slicer/ZGRegistersController.m"; sourceTree = "<group>"; };
		77F1165717D2F001009E002A /* ZGRegister.h */ = {isa = PBXFileReference; fileEncoding = 4; lastKnownFileType = sourcecode.c.h; name = ZGRegister.h; path = "Bit Slicer/ZGRegister.h"; sourceTree = "<group>"; };
		77F1165817D2F001009E002A /* ZGRegister.m */ = {isa = PBXFileReference; fileEncoding = 4; lastKnownFileType = sourcecode.c.objc; name = ZGRegister.m; path = "Bit Slicer/ZGRegister.m"; sourceTree = "<group>"; };
		77F1165A17D2F00A009E002A /* ZGCodeInjectionWindowController.h */ = {isa = PBXFileReference; fileEncoding = 4; lastKnownFileType = sourcecode.c.h; name = ZGCodeInjectionWindowController.h; path = "Bit Slicer/ZGCodeInjectionWindowController.h"; sourceTree = "<group>"; };
		77F1165B17D2F00A009E002A /* ZGCodeInjectionWindowController.m */ = {isa = PBXFileReference; fileEncoding = 4; lastKnownFileType = sourcecode.c.objc; name = ZGCodeInjectionWindowController.m; path = "Bit Slicer/ZGCodeInjectionWindowController.m"; sourceTree = "<group>"; };
		77FA155A17DCEC5500B024A7 /* libudis86.a */ = {isa = PBXFileReference; lastKnownFileType = archive.ar; name = libudis86.a; path = deps/libudis86.a; sourceTree = "<group>"; };
		8D15AC370486D014006FF6A4 /* Bit Slicer.app */ = {isa = PBXFileReference; explicitFileType = wrapper.application; includeInIndex = 0; path = "Bit Slicer.app"; sourceTree = BUILT_PRODUCTS_DIR; };
/* End PBXFileReference section */

/* Begin PBXFrameworksBuildPhase section */
		8D15AC330486D014006FF6A4 /* Frameworks */ = {
			isa = PBXFrameworksBuildPhase;
			buildActionMask = 2147483647;
			files = (
				774EF6A717CA892D005ABB20 /* Python.framework in Frameworks */,
				8D15AC340486D014006FF6A4 /* Cocoa.framework in Frameworks */,
				775FCB4211719FAF000054FB /* Carbon.framework in Frameworks */,
				7739728217D2E4DA00B958EE /* HexFiend.framework in Frameworks */,
				773972F917D2E80F00B958EE /* ShortcutRecorder.framework in Frameworks */,
				773972FA17D2E80F00B958EE /* Sparkle.framework in Frameworks */,
				77FA155B17DCEC5500B024A7 /* libudis86.a in Frameworks */,
			);
			runOnlyForDeploymentPostprocessing = 0;
		};
/* End PBXFrameworksBuildPhase section */

/* Begin PBXGroup section */
		1058C7A6FEA54F5311CA2CBB /* Linked Frameworks */ = {
			isa = PBXGroup;
			children = (
				773972F717D2E80F00B958EE /* ShortcutRecorder.framework */,
				773972F817D2E80F00B958EE /* Sparkle.framework */,
				7739728117D2E4DA00B958EE /* HexFiend.framework */,
				774EF6A617CA892C005ABB20 /* Python.framework */,
				775FCB4111719FAF000054FB /* Carbon.framework */,
				1058C7A7FEA54F5311CA2CBB /* Cocoa.framework */,
			);
			name = "Linked Frameworks";
			sourceTree = "<group>";
		};
		1058C7A8FEA54F5311CA2CBB /* Other Frameworks */ = {
			isa = PBXGroup;
			children = (
				2A37F4C4FDCFA73011CA2CEA /* AppKit.framework */,
				13E42FBA07B3F13500E4EEF1 /* CoreData.framework */,
				2A37F4C5FDCFA73011CA2CEA /* Foundation.framework */,
			);
			name = "Other Frameworks";
			sourceTree = "<group>";
		};
		19C28FB0FE9D524F11CA2CBB /* Products */ = {
			isa = PBXGroup;
			children = (
				8D15AC370486D014006FF6A4 /* Bit Slicer.app */,
			);
			name = Products;
			sourceTree = "<group>";
		};
		2A37F4AAFDCFA73011CA2CEA /* Bit Slicer */ = {
			isa = PBXGroup;
			children = (
				2A37F4ABFDCFA73011CA2CEA /* Code */,
				2A37F4AFFDCFA73011CA2CEA /* Other Sources */,
				2A37F4B8FDCFA73011CA2CEA /* Resources */,
				2A37F4C3FDCFA73011CA2CEA /* Frameworks */,
				19C28FB0FE9D524F11CA2CBB /* Products */,
			);
			name = "Bit Slicer";
			sourceTree = "<group>";
		};
		2A37F4ABFDCFA73011CA2CEA /* Code */ = {
			isa = PBXGroup;
			children = (
				77FF507B16E9B7D40005915D /* Memory Window Controllers */,
				77FF508216EAD0630005915D /* Controllers */,
				77FF507C16EACF380005915D /* Process List */,
				77FF507D16EACF520005915D /* Documents */,
				77FF507E16EACF6E0005915D /* Searching */,
				77FF508016EACFF20005915D /* Virtual Memory */,
				77FF508316EAD0B00005915D /* Models */,
				77FF508116EAD0260005915D /* Utilities */,
				77FF507F16EACF8F0005915D /* NSAdditions */,
			);
			name = Code;
			sourceTree = "<group>";
		};
		2A37F4AFFDCFA73011CA2CEA /* Other Sources */ = {
			isa = PBXGroup;
			children = (
				77F115AB17D2EAC3009E002A /* Bit_Slicer_Prefix.pch */,
				77F1163917D2EF7F009E002A /* main.m */,
			);
			name = "Other Sources";
			sourceTree = "<group>";
		};
		2A37F4B8FDCFA73011CA2CEA /* Resources */ = {
			isa = PBXGroup;
			children = (
				77F115A917D2E8AC009E002A /* yasm */,
				77F115AC17D2EAE4009E002A /* bitslicerdocicon.iconset */,
				77F115AD17D2EAE4009E002A /* bitslicericon.iconset */,
				77F115B017D2EAF3009E002A /* Bit_Slicer-Info.plist */,
				77F115B217D2EAFE009E002A /* Credits.rtf */,
				77F115B417D2EBAF009E002A /* InfoPlist.strings */,
			);
			name = Resources;
			sourceTree = "<group>";
		};
		2A37F4C3FDCFA73011CA2CEA /* Frameworks */ = {
			isa = PBXGroup;
			children = (
				1058C7A6FEA54F5311CA2CBB /* Linked Frameworks */,
				1058C7A8FEA54F5311CA2CBB /* Other Frameworks */,
			);
			name = Frameworks;
			sourceTree = "<group>";
		};
		7701EF411696A29100877373 /* mach_exc */ = {
			isa = PBXGroup;
			children = (
				773972EE17D2E6AE00B958EE /* mach_exc.h */,
				773972EF17D2E6AE00B958EE /* mach_excServer.c */,
				773972F017D2E6AE00B958EE /* mach_excUser.c */,
			);
			name = mach_exc;
			sourceTree = "<group>";
		};
		7728EE0C16BE3DDA00F9E1AD /* Misc. */ = {
			isa = PBXGroup;
			children = (
				77F115DA17D2EDB7009E002A /* ZGMemoryDumpController.h */,
				77F115DB17D2EDB7009E002A /* ZGMemoryDumpController.m */,
				77F115DC17D2EDB7009E002A /* ZGMemoryProtectionController.h */,
				77F115DD17D2EDB7009E002A /* ZGMemoryProtectionController.m */,
			);
			name = Misc.;
			sourceTree = "<group>";
		};
		77329B5A168D07B6007DCAE2 /* Debugger */ = {
			isa = PBXGroup;
			children = (
				7701EF411696A29100877373 /* mach_exc */,
				77329B74168D0E16007DCAE2 /* libudis86 */,
				77F1163E17D2EF9E009E002A /* ZGDebuggerController.h */,
				77F1163F17D2EF9E009E002A /* ZGDebuggerController.m */,
				77F115C017D2EBEC009E002A /* ZGDebuggerController.xib */,
				77F1164117D2EFB4009E002A /* ZGDisassemblerObject.h */,
				77F1164217D2EFB4009E002A /* ZGDisassemblerObject.m */,
				77F1164417D2EFBD009E002A /* ZGInstruction.h */,
				77F1164517D2EFBD009E002A /* ZGInstruction.m */,
				77F1164717D2EFC8009E002A /* ZGBreakPointController.h */,
				77F1164817D2EFC8009E002A /* ZGBreakPointController.m */,
				77F1164A17D2EFD1009E002A /* ZGBreakPointDelegate.h */,
				77F1164B17D2EFDA009E002A /* ZGBreakPoint.h */,
				77F1164C17D2EFDA009E002A /* ZGBreakPoint.m */,
				77F1164E17D2EFE4009E002A /* ZGDebugThread.h */,
				77F1164F17D2EFE4009E002A /* ZGDebugThread.m */,
				77F1165117D2EFED009E002A /* ZGBacktraceController.h */,
				77F1165217D2EFED009E002A /* ZGBacktraceController.m */,
				77F1165417D2EFF5009E002A /* ZGRegistersController.h */,
				77F1165517D2EFF5009E002A /* ZGRegistersController.m */,
				77F1165717D2F001009E002A /* ZGRegister.h */,
				77F1165817D2F001009E002A /* ZGRegister.m */,
				77F1165A17D2F00A009E002A /* ZGCodeInjectionWindowController.h */,
				77F1165B17D2F00A009E002A /* ZGCodeInjectionWindowController.m */,
				77F115C317D2EBF3009E002A /* ZGCodeInjectionWindowController.xib */,
			);
			name = Debugger;
			sourceTree = "<group>";
		};
		77329B74168D0E16007DCAE2 /* libudis86 */ = {
			isa = PBXGroup;
			children = (
				77FA155A17DCEC5500B024A7 /* libudis86.a */,
				773972F317D2E70400B958EE /* udis86.h */,
				773972DC17D2E67D00B958EE /* extern.h */,
				773972E017D2E67D00B958EE /* itab.h */,
				773972E517D2E67D00B958EE /* types.h */,
			);
			name = libudis86;
			sourceTree = "<group>";
		};
		7739728017D26A1600B958EE /* Scripting */ = {
			isa = PBXGroup;
			children = (
				77F1160417D2EEB6009E002A /* ZGScriptManager.h */,
				77F1160517D2EEB6009E002A /* ZGScriptManager.m */,
				77CE28BB17D580D400998F28 /* ZGPyMainModule.h */,
				77CE28B917D580AD00998F28 /* ZGPyMainModule.m */,
				77F1160717D2EEC0009E002A /* ZGPyVirtualMemory.h */,
				77F1160817D2EEC0009E002A /* ZGPyVirtualMemory.m */,
				777AD8C517D96F30003A5317 /* ZGPyDebugger.h */,
				777AD8C617D96F30003A5317 /* ZGPyDebugger.m */,
				77F1160A17D2EECA009E002A /* ZGPyScript.h */,
				77F1160B17D2EECA009E002A /* ZGPyScript.m */,
			);
			name = Scripting;
			sourceTree = "<group>";
		};
		77D5AEAC137C6FC000026388 /* Memory Viewer */ = {
			isa = PBXGroup;
			children = (
				77F115CB17D2ED64009E002A /* ZGMemoryViewerController.h */,
				77F115CC17D2ED64009E002A /* ZGMemoryViewerController.m */,
				77F115C617D2EBFA009E002A /* ZGMemoryViewerController.xib */,
				773972F417D2E7B600B958EE /* DataInspectorRepresenter.h */,
				773972F517D2E7B600B958EE /* DataInspectorRepresenter.m */,
				77F115C917D2ECEE009E002A /* DataInspectorView.xib */,
				77F115CE17D2ED74009E002A /* ZGVerticalScrollerRepresenter.h */,
				77F115CF17D2ED74009E002A /* ZGVerticalScrollerRepresenter.m */,
				77F115D117D2ED82009E002A /* ZGStatusBarRepresenter.h */,
				77F115D217D2ED82009E002A /* ZGStatusBarRepresenter.m */,
				77F115D417D2ED8E009E002A /* ZGLineCountingRepresenter.h */,
				77F115D517D2ED8E009E002A /* ZGLineCountingRepresenter.m */,
				77F115A517D2E865009E002A /* HFLineCountingView.h */,
				77F115D717D2ED9D009E002A /* ZGLineCountingView.h */,
				77F115D817D2ED9D009E002A /* ZGLineCountingView.m */,
				7728EE0C16BE3DDA00F9E1AD /* Misc. */,
			);
			name = "Memory Viewer";
			sourceTree = "<group>";
		};
		77DC40F917AF218E000626A2 /* DDMathParser */ = {
			isa = PBXGroup;
			children = (
				7739728417D2E61200B958EE /* _DDFunctionContainer.h */,
				7739728517D2E61200B958EE /* _DDFunctionContainer.m */,
				7739728617D2E61200B958EE /* _DDFunctionExpression.h */,
				7739728717D2E61200B958EE /* _DDFunctionExpression.m */,
				7739728817D2E61200B958EE /* _DDFunctionTerm.h */,
				7739728917D2E61200B958EE /* _DDFunctionTerm.m */,
				7739728A17D2E61200B958EE /* _DDFunctionUtilities.h */,
				7739728B17D2E61200B958EE /* _DDFunctionUtilities.m */,
				7739728C17D2E61200B958EE /* _DDGroupTerm.h */,
				7739728D17D2E61200B958EE /* _DDGroupTerm.m */,
				7739728E17D2E61200B958EE /* _DDNumberExpression.h */,
				7739728F17D2E61200B958EE /* _DDNumberExpression.m */,
				7739729017D2E61200B958EE /* _DDNumberTerm.h */,
				7739729117D2E61200B958EE /* _DDNumberTerm.m */,
				7739729217D2E61200B958EE /* _DDOperatorInfo.h */,
				7739729317D2E61200B958EE /* _DDOperatorInfo.m */,
				7739729417D2E61200B958EE /* _DDOperatorTerm.h */,
				7739729517D2E61200B958EE /* _DDOperatorTerm.m */,
				7739729617D2E61200B958EE /* _DDParserTerm.h */,
				7739729717D2E61200B958EE /* _DDParserTerm.m */,
				7739729817D2E61200B958EE /* _DDRewriteRule.h */,
				7739729917D2E61200B958EE /* _DDRewriteRule.m */,
				7739729A17D2E61200B958EE /* _DDVariableExpression.h */,
				7739729B17D2E61200B958EE /* _DDVariableExpression.m */,
				7739729C17D2E61200B958EE /* _DDVariableTerm.h */,
				7739729D17D2E61200B958EE /* _DDVariableTerm.m */,
				7739729E17D2E61200B958EE /* DDExpression.h */,
				7739729F17D2E61200B958EE /* DDExpression.m */,
				773972A017D2E61200B958EE /* DDMathEvaluator.h */,
				773972A117D2E61200B958EE /* DDMathEvaluator.m */,
				773972A217D2E61200B958EE /* DDMathEvaluator+Private.h */,
				773972A317D2E61200B958EE /* DDMathParser.h */,
				773972A417D2E61200B958EE /* DDMathParserMacros.h */,
				773972A517D2E61200B958EE /* DDMathStringToken.h */,
				773972A617D2E61200B958EE /* DDMathStringToken.m */,
				773972A717D2E61200B958EE /* DDMathStringTokenizer.h */,
				773972A817D2E61200B958EE /* DDMathStringTokenizer.m */,
				773972A917D2E61200B958EE /* DDParser.h */,
				773972AA17D2E61200B958EE /* DDParser.m */,
				773972AB17D2E61200B958EE /* DDParserTypes.h */,
				773972AC17D2E61200B958EE /* DDParserTypes.m */,
				773972AD17D2E61200B958EE /* DDTypes.h */,
				773972AE17D2E61200B958EE /* DDTypes.m */,
				773972AF17D2E61200B958EE /* NSString+DDMathParsing.h */,
				773972B017D2E61200B958EE /* NSString+DDMathParsing.m */,
			);
			name = DDMathParser;
			sourceTree = "<group>";
		};
		77FF507B16E9B7D40005915D /* Memory Window Controllers */ = {
			isa = PBXGroup;
			children = (
				77F1163B17D2EF8E009E002A /* ZGMemoryWindowController.h */,
				77F1163C17D2EF8E009E002A /* ZGMemoryWindowController.m */,
				77329B5A168D07B6007DCAE2 /* Debugger */,
				77D5AEAC137C6FC000026388 /* Memory Viewer */,
			);
			name = "Memory Window Controllers";
			sourceTree = "<group>";
		};
		77FF507C16EACF380005915D /* Process List */ = {
			isa = PBXGroup;
			children = (
				77F115E617D2EDD9009E002A /* ZGProcessList.h */,
				77F115E717D2EDD9009E002A /* ZGProcessList.m */,
				77F115E917D2EDE3009E002A /* ZGRunningProcess.h */,
				77F115EA17D2EDE3009E002A /* ZGRunningProcess.m */,
				77F115EC17D2EDEE009E002A /* ZGRunningProcessObserver.h */,
				77F115ED17D2EDEE009E002A /* ZGRunningProcessObserver.m */,
			);
			name = "Process List";
			sourceTree = "<group>";
		};
		77FF507D16EACF520005915D /* Documents */ = {
			isa = PBXGroup;
			children = (
				77F115EF17D2EDF9009E002A /* ZGDocument.h */,
				77F115F017D2EDF9009E002A /* ZGDocument.m */,
				77F115BD17D2EBE1009E002A /* MyDocument.xib */,
				77F115F217D2EE0B009E002A /* ZGDocumentData.h */,
				77F115F317D2EE0B009E002A /* ZGDocumentData.m */,
				77F115F517D2EE28009E002A /* ZGDocumentWindowController.h */,
				77F115F617D2EE28009E002A /* ZGDocumentWindowController.m */,
				77F115F817D2EE6F009E002A /* ZGDocumentSearchController.h */,
				77F115F917D2EE6F009E002A /* ZGDocumentSearchController.m */,
				77F115FB17D2EE7E009E002A /* ZGDocumentTableController.h */,
				77F115FC17D2EE7E009E002A /* ZGDocumentTableController.m */,
				77F115FE17D2EEA1009E002A /* ZGDocumentBreakPointController.h */,
				77F115FF17D2EEA1009E002A /* ZGDocumentBreakPointController.m */,
				77F1160117D2EEAA009E002A /* ZGVariableController.h */,
				77F1160217D2EEAA009E002A /* ZGVariableController.m */,
				7739728017D26A1600B958EE /* Scripting */,
			);
			name = Documents;
			sourceTree = "<group>";
		};
		77FF507E16EACF6E0005915D /* Searching */ = {
			isa = PBXGroup;
			children = (
				77F1160D17D2EED6009E002A /* ZGSearchData.h */,
				77F1160E17D2EED6009E002A /* ZGSearchData.m */,
				77F1161017D2EEE1009E002A /* ZGSearchProgress.h */,
				77F1161117D2EEE1009E002A /* ZGSearchProgress.m */,
				77F1161317D2EEEC009E002A /* ZGSearchResults.h */,
				77F1161417D2EEEC009E002A /* ZGSearchResults.m */,
				77F1161617D2EEF6009E002A /* ZGSearchFunctions.h */,
				77F1161717D2EEF6009E002A /* ZGSearchFunctions.m */,
				77F1161917D2EEFF009E002A /* ZGComparisonFunctions.h */,
				77F1161A17D2EEFF009E002A /* ZGComparisonFunctions.m */,
			);
			name = Searching;
			sourceTree = "<group>";
		};
		77FF507F16EACF8F0005915D /* NSAdditions */ = {
			isa = PBXGroup;
			children = (
				77F1163317D2EF6D009E002A /* NSStringAdditions.h */,
				77F1163417D2EF6D009E002A /* NSStringAdditions.m */,
				77F1163617D2EF76009E002A /* NSArrayAdditions.h */,
				77F1163717D2EF76009E002A /* NSArrayAdditions.m */,
			);
			name = NSAdditions;
			sourceTree = "<group>";
		};
		77FF508016EACFF20005915D /* Virtual Memory */ = {
			isa = PBXGroup;
			children = (
				77F1161C17D2EF09009E002A /* ZGMemoryTypes.h */,
				77F1161E17D2EF14009E002A /* ZGVirtualMemory.h */,
				77F1161D17D2EF14009E002A /* ZGVirtualMemory.c */,
				77F1162017D2EF28009E002A /* ZGVirtualMemoryHelpers.h */,
				77F1162117D2EF28009E002A /* ZGVirtualMemoryHelpers.m */,
				77F1162317D2EF31009E002A /* ZGRegion.h */,
				77F1162417D2EF31009E002A /* ZGRegion.m */,
			);
			name = "Virtual Memory";
			sourceTree = "<group>";
		};
		77FF508116EAD0260005915D /* Utilities */ = {
			isa = PBXGroup;
			children = (
				77F1162D17D2EF5A009E002A /* ZGUtilities.h */,
				77F1162E17D2EF5A009E002A /* ZGUtilities.m */,
				77F1163017D2EF62009E002A /* ZGCalculator.h */,
				77F1163117D2EF62009E002A /* ZGCalculator.m */,
				77F115A617D2E87E009E002A /* VDKQueue.h */,
				77F115A717D2E87E009E002A /* VDKQueue.m */,
				77DC40F917AF218E000626A2 /* DDMathParser */,
			);
			name = Utilities;
			sourceTree = "<group>";
		};
		77FF508216EAD0630005915D /* Controllers */ = {
			isa = PBXGroup;
			children = (
				77F115E017D2EDC3009E002A /* ZGAppController.h */,
				77F115E117D2EDC3009E002A /* ZGAppController.m */,
				77F115B717D2EBCB009E002A /* MainMenu.xib */,
				77F115E317D2EDCD009E002A /* ZGPreferencesController.h */,
				77F115E417D2EDCD009E002A /* ZGPreferencesController.m */,
				77F115BA17D2EBD7009E002A /* Preferences.xib */,
				77CE28B417D538E300998F28 /* ZGLoggerWindowController.h */,
				77CE28B517D538E300998F28 /* ZGLoggerWindowController.m */,
				77CE28B617D538E300998F28 /* ZGLoggerWindowController.xib */,
			);
			name = Controllers;
			sourceTree = "<group>";
		};
		77FF508316EAD0B00005915D /* Models */ = {
			isa = PBXGroup;
			children = (
				77F1162617D2EF3A009E002A /* ZGProcess.h */,
				77F1162717D2EF3A009E002A /* ZGProcess.m */,
				77F1162917D2EF46009E002A /* ZGVariableTypes.h */,
				77F1162A17D2EF50009E002A /* ZGVariable.h */,
				77F1162B17D2EF50009E002A /* ZGVariable.m */,
			);
			name = Models;
			sourceTree = "<group>";
		};
/* End PBXGroup section */

/* Begin PBXNativeTarget section */
		8D15AC270486D014006FF6A4 /* Bit Slicer */ = {
			isa = PBXNativeTarget;
			buildConfigurationList = C05733C708A9546B00998B17 /* Build configuration list for PBXNativeTarget "Bit Slicer" */;
			buildPhases = (
				8D15AC2B0486D014006FF6A4 /* Resources */,
				8D15AC300486D014006FF6A4 /* Sources */,
				8D15AC330486D014006FF6A4 /* Frameworks */,
				770EA827137B74F2007FB85A /* Copy Frameworks */,
			);
			buildRules = (
			);
			dependencies = (
			);
			name = "Bit Slicer";
			productInstallPath = "$(HOME)/Applications";
			productName = "Bit Slicer";
			productReference = 8D15AC370486D014006FF6A4 /* Bit Slicer.app */;
			productType = "com.apple.product-type.application";
		};
/* End PBXNativeTarget section */

/* Begin PBXProject section */
		2A37F4A9FDCFA73011CA2CEA /* Project object */ = {
			isa = PBXProject;
			attributes = {
				LastUpgradeCheck = 0500;
			};
			buildConfigurationList = C05733CB08A9546B00998B17 /* Build configuration list for PBXProject "Bit Slicer" */;
			compatibilityVersion = "Xcode 3.2";
			developmentRegion = English;
			hasScannedForEncodings = 1;
			knownRegions = (
				English,
				Japanese,
				French,
				German,
			);
			mainGroup = 2A37F4AAFDCFA73011CA2CEA /* Bit Slicer */;
			projectDirPath = "";
			projectRoot = "";
			targets = (
				8D15AC270486D014006FF6A4 /* Bit Slicer */,
			);
		};
/* End PBXProject section */

/* Begin PBXResourcesBuildPhase section */
		8D15AC2B0486D014006FF6A4 /* Resources */ = {
			isa = PBXResourcesBuildPhase;
			buildActionMask = 2147483647;
			files = (
				77F115AA17D2E8AC009E002A /* yasm in Resources */,
				77F115AE17D2EAE4009E002A /* bitslicerdocicon.iconset in Resources */,
				77F115AF17D2EAE4009E002A /* bitslicericon.iconset in Resources */,
				77F115B317D2EAFE009E002A /* Credits.rtf in Resources */,
				77F115B617D2EBAF009E002A /* InfoPlist.strings in Resources */,
				77F115B917D2EBCB009E002A /* MainMenu.xib in Resources */,
				77F115BC17D2EBD7009E002A /* Preferences.xib in Resources */,
				77F115BF17D2EBE1009E002A /* MyDocument.xib in Resources */,
				77F115C217D2EBEC009E002A /* ZGDebuggerController.xib in Resources */,
				77F115C517D2EBF3009E002A /* ZGCodeInjectionWindowController.xib in Resources */,
				77F115C817D2EBFA009E002A /* ZGMemoryViewerController.xib in Resources */,
				77F115CA17D2ECEE009E002A /* DataInspectorView.xib in Resources */,
				77CE28B817D538E300998F28 /* ZGLoggerWindowController.xib in Resources */,
			);
			runOnlyForDeploymentPostprocessing = 0;
		};
/* End PBXResourcesBuildPhase section */

/* Begin PBXSourcesBuildPhase section */
		8D15AC300486D014006FF6A4 /* Sources */ = {
			isa = PBXSourcesBuildPhase;
			buildActionMask = 2147483647;
			files = (
				773972B117D2E61200B958EE /* _DDFunctionContainer.m in Sources */,
				773972B217D2E61200B958EE /* _DDFunctionExpression.m in Sources */,
				773972B317D2E61200B958EE /* _DDFunctionTerm.m in Sources */,
				773972B417D2E61200B958EE /* _DDFunctionUtilities.m in Sources */,
				773972B517D2E61200B958EE /* _DDGroupTerm.m in Sources */,
				773972B617D2E61200B958EE /* _DDNumberExpression.m in Sources */,
				773972B717D2E61200B958EE /* _DDNumberTerm.m in Sources */,
				773972B817D2E61200B958EE /* _DDOperatorInfo.m in Sources */,
				773972B917D2E61200B958EE /* _DDOperatorTerm.m in Sources */,
				773972BA17D2E61200B958EE /* _DDParserTerm.m in Sources */,
				773972BB17D2E61200B958EE /* _DDRewriteRule.m in Sources */,
				773972BC17D2E61200B958EE /* _DDVariableExpression.m in Sources */,
				773972BD17D2E61200B958EE /* _DDVariableTerm.m in Sources */,
				773972BE17D2E61200B958EE /* DDExpression.m in Sources */,
				773972BF17D2E61200B958EE /* DDMathEvaluator.m in Sources */,
				773972C017D2E61200B958EE /* DDMathStringToken.m in Sources */,
				773972C117D2E61200B958EE /* DDMathStringTokenizer.m in Sources */,
				773972C217D2E61200B958EE /* DDParser.m in Sources */,
				773972C317D2E61200B958EE /* DDParserTypes.m in Sources */,
				773972C417D2E61200B958EE /* DDTypes.m in Sources */,
				773972C517D2E61200B958EE /* NSString+DDMathParsing.m in Sources */,
				773972F117D2E6AE00B958EE /* mach_excServer.c in Sources */,
				773972F217D2E6AE00B958EE /* mach_excUser.c in Sources */,
				773972F617D2E7B600B958EE /* DataInspectorRepresenter.m in Sources */,
				77F115A817D2E87E009E002A /* VDKQueue.m in Sources */,
				77F115CD17D2ED64009E002A /* ZGMemoryViewerController.m in Sources */,
				77F115D017D2ED74009E002A /* ZGVerticalScrollerRepresenter.m in Sources */,
				77F115D317D2ED82009E002A /* ZGStatusBarRepresenter.m in Sources */,
				77F115D617D2ED8E009E002A /* ZGLineCountingRepresenter.m in Sources */,
				77F115D917D2ED9D009E002A /* ZGLineCountingView.m in Sources */,
				77F115DE17D2EDB7009E002A /* ZGMemoryDumpController.m in Sources */,
				77F115DF17D2EDB7009E002A /* ZGMemoryProtectionController.m in Sources */,
				77F115E217D2EDC3009E002A /* ZGAppController.m in Sources */,
				77F115E517D2EDCD009E002A /* ZGPreferencesController.m in Sources */,
				77F115E817D2EDD9009E002A /* ZGProcessList.m in Sources */,
				77F115EB17D2EDE3009E002A /* ZGRunningProcess.m in Sources */,
				77F115EE17D2EDEE009E002A /* ZGRunningProcessObserver.m in Sources */,
				77F115F117D2EDF9009E002A /* ZGDocument.m in Sources */,
				77F115F417D2EE0B009E002A /* ZGDocumentData.m in Sources */,
				77F115F717D2EE28009E002A /* ZGDocumentWindowController.m in Sources */,
				77F115FA17D2EE6F009E002A /* ZGDocumentSearchController.m in Sources */,
				77F115FD17D2EE7E009E002A /* ZGDocumentTableController.m in Sources */,
				77F1160017D2EEA1009E002A /* ZGDocumentBreakPointController.m in Sources */,
				77F1160317D2EEAA009E002A /* ZGVariableController.m in Sources */,
				77F1160617D2EEB6009E002A /* ZGScriptManager.m in Sources */,
				77F1160917D2EEC0009E002A /* ZGPyVirtualMemory.m in Sources */,
				77F1160C17D2EECA009E002A /* ZGPyScript.m in Sources */,
				77F1160F17D2EED6009E002A /* ZGSearchData.m in Sources */,
				77F1161217D2EEE1009E002A /* ZGSearchProgress.m in Sources */,
				77F1161517D2EEEC009E002A /* ZGSearchResults.m in Sources */,
				77F1161817D2EEF6009E002A /* ZGSearchFunctions.m in Sources */,
				77F1161B17D2EEFF009E002A /* ZGComparisonFunctions.m in Sources */,
				77F1161F17D2EF14009E002A /* ZGVirtualMemory.c in Sources */,
				77F1162217D2EF28009E002A /* ZGVirtualMemoryHelpers.m in Sources */,
				77F1162517D2EF31009E002A /* ZGRegion.m in Sources */,
				77F1162817D2EF3A009E002A /* ZGProcess.m in Sources */,
				77F1162C17D2EF50009E002A /* ZGVariable.m in Sources */,
				77F1162F17D2EF5A009E002A /* ZGUtilities.m in Sources */,
				77F1163217D2EF62009E002A /* ZGCalculator.m in Sources */,
				77F1163517D2EF6D009E002A /* NSStringAdditions.m in Sources */,
				77F1163817D2EF76009E002A /* NSArrayAdditions.m in Sources */,
				77F1163A17D2EF7F009E002A /* main.m in Sources */,
				77F1163D17D2EF8E009E002A /* ZGMemoryWindowController.m in Sources */,
				77F1164017D2EF9E009E002A /* ZGDebuggerController.m in Sources */,
				77F1164317D2EFB4009E002A /* ZGDisassemblerObject.m in Sources */,
				77F1164617D2EFBD009E002A /* ZGInstruction.m in Sources */,
				77F1164917D2EFC8009E002A /* ZGBreakPointController.m in Sources */,
				77F1164D17D2EFDA009E002A /* ZGBreakPoint.m in Sources */,
				77F1165017D2EFE4009E002A /* ZGDebugThread.m in Sources */,
				77F1165317D2EFED009E002A /* ZGBacktraceController.m in Sources */,
				77F1165617D2EFF5009E002A /* ZGRegistersController.m in Sources */,
				77F1165917D2F001009E002A /* ZGRegister.m in Sources */,
				77F1165C17D2F00A009E002A /* ZGCodeInjectionWindowController.m in Sources */,
				77CE28B717D538E300998F28 /* ZGLoggerWindowController.m in Sources */,
				77CE28BA17D580AD00998F28 /* ZGPyMainModule.m in Sources */,
				777AD8C717D96F30003A5317 /* ZGPyDebugger.m in Sources */,
			);
			runOnlyForDeploymentPostprocessing = 0;
		};
/* End PBXSourcesBuildPhase section */

/* Begin PBXVariantGroup section */
		77F115B417D2EBAF009E002A /* InfoPlist.strings */ = {
			isa = PBXVariantGroup;
			children = (
				77F115B517D2EBAF009E002A /* English */,
			);
			name = InfoPlist.strings;
			sourceTree = "<group>";
		};
		77F115B717D2EBCB009E002A /* MainMenu.xib */ = {
			isa = PBXVariantGroup;
			children = (
				77F115B817D2EBCB009E002A /* English */,
			);
			name = MainMenu.xib;
			sourceTree = "<group>";
		};
		77F115BA17D2EBD7009E002A /* Preferences.xib */ = {
			isa = PBXVariantGroup;
			children = (
				77F115BB17D2EBD7009E002A /* English */,
			);
			name = Preferences.xib;
			sourceTree = "<group>";
		};
		77F115BD17D2EBE1009E002A /* MyDocument.xib */ = {
			isa = PBXVariantGroup;
			children = (
				77F115BE17D2EBE1009E002A /* English */,
			);
			name = MyDocument.xib;
			sourceTree = "<group>";
		};
		77F115C017D2EBEC009E002A /* ZGDebuggerController.xib */ = {
			isa = PBXVariantGroup;
			children = (
				77F115C117D2EBEC009E002A /* English */,
			);
			name = ZGDebuggerController.xib;
			sourceTree = "<group>";
		};
		77F115C317D2EBF3009E002A /* ZGCodeInjectionWindowController.xib */ = {
			isa = PBXVariantGroup;
			children = (
				77F115C417D2EBF3009E002A /* English */,
			);
			name = ZGCodeInjectionWindowController.xib;
			sourceTree = "<group>";
		};
		77F115C617D2EBFA009E002A /* ZGMemoryViewerController.xib */ = {
			isa = PBXVariantGroup;
			children = (
				77F115C717D2EBFA009E002A /* English */,
			);
			name = ZGMemoryViewerController.xib;
			sourceTree = "<group>";
		};
/* End PBXVariantGroup section */

/* Begin XCBuildConfiguration section */
		C05733C808A9546B00998B17 /* Debug */ = {
			isa = XCBuildConfiguration;
			buildSettings = {
				ALWAYS_SEARCH_USER_PATHS = NO;
				ARCHS = "$(ARCHS_STANDARD_64_BIT)";
				CODE_SIGN_IDENTITY = bitslicer_codesign;
				COMBINE_HIDPI_IMAGES = YES;
				COPY_PHASE_STRIP = NO;
				FRAMEWORK_SEARCH_PATHS = (
					"$(inherited)",
					"\"$(SRCROOT)\"",
					"\"$(SRCROOT)/deps\"",
				);
				GCC_DYNAMIC_NO_PIC = NO;
				GCC_ENABLE_OBJC_GC = unsupported;
				GCC_MODEL_TUNING = G5;
				GCC_OPTIMIZATION_LEVEL = 0;
				GCC_PRECOMPILE_PREFIX_HEADER = YES;
				GCC_PREFIX_HEADER = "Bit Slicer/Bit_Slicer_Prefix.pch";
				GCC_VERSION = com.apple.compilers.llvm.clang.1_0;
				INFOPLIST_FILE = "$(SRCROOT)/Bit Slicer/Bit_Slicer-Info.plist";
				INSTALL_PATH = "$(HOME)/Applications";
				LIBRARY_SEARCH_PATHS = (
					"$(inherited)",
					"\"$(SRCROOT)\"",
					"\"$(SDKROOT)/usr/lib/system\"",
					"\"$(SRCROOT)/deps\"",
				);
				OTHER_CFLAGS = "-D_DEBUG";
				PRODUCT_NAME = "Bit Slicer";
				PROVISIONING_PROFILE = "";
				RUN_CLANG_STATIC_ANALYZER = YES;
				SDKROOT = macosx10.8;
				VALID_ARCHS = x86_64;
				WARNING_CFLAGS = (
					"-Wall",
					"-Wextra",
					"-Wno-unused-parameter",
					"-Wshorten-64-to-32",
					"-Wswitch",
				);
			};
			name = Debug;
		};
		C05733C908A9546B00998B17 /* Release */ = {
			isa = XCBuildConfiguration;
			buildSettings = {
				ALWAYS_SEARCH_USER_PATHS = NO;
				ARCHS = "$(ARCHS_STANDARD_64_BIT)";
				COMBINE_HIDPI_IMAGES = YES;
				COPY_PHASE_STRIP = NO;
				DEBUG_INFORMATION_FORMAT = "dwarf-with-dsym";
				FRAMEWORK_SEARCH_PATHS = (
					"$(inherited)",
					"\"$(SRCROOT)\"",
					"\"$(SRCROOT)/deps\"",
				);
				GCC_ENABLE_OBJC_GC = unsupported;
				GCC_MODEL_TUNING = G5;
				GCC_PRECOMPILE_PREFIX_HEADER = YES;
				GCC_PREFIX_HEADER = "Bit Slicer/Bit_Slicer_Prefix.pch";
				GCC_VERSION = com.apple.compilers.llvm.clang.1_0;
				INFOPLIST_FILE = "$(SRCROOT)/Bit Slicer/Bit_Slicer-Info.plist";
				INSTALL_PATH = "$(HOME)/Applications";
				LIBRARY_SEARCH_PATHS = (
					"$(inherited)",
					"\"$(SRCROOT)\"",
					"\"$(SDKROOT)/usr/lib/system\"",
					"\"$(SRCROOT)/deps\"",
				);
				PRODUCT_NAME = "Bit Slicer";
				RUN_CLANG_STATIC_ANALYZER = YES;
				SDKROOT = macosx10.8;
				VALID_ARCHS = x86_64;
				WARNING_CFLAGS = (
					"-Wall",
					"-Wextra",
					"-Wno-unused-parameter",
					"-Wshorten-64-to-32",
					"-Wswitch",
				);
			};
			name = Release;
		};
		C05733CC08A9546B00998B17 /* Debug */ = {
			isa = XCBuildConfiguration;
			buildSettings = {
				CLANG_ENABLE_OBJC_ARC = YES;
				CODE_SIGN_IDENTITY = bitslicer_codesign;
				GCC_C_LANGUAGE_STANDARD = gnu99;
				GCC_OPTIMIZATION_LEVEL = 0;
				GCC_WARN_ABOUT_RETURN_TYPE = YES;
				GCC_WARN_UNUSED_VARIABLE = YES;
				MACOSX_DEPLOYMENT_TARGET = 10.6;
				ONLY_ACTIVE_ARCH = YES;
				PROVISIONING_PROFILE = "";
				SDKROOT = macosx10.8;
				VALID_ARCHS = x86_64;
			};
			name = Debug;
		};
		C05733CD08A9546B00998B17 /* Release */ = {
			isa = XCBuildConfiguration;
			buildSettings = {
				CLANG_ENABLE_OBJC_ARC = YES;
				CODE_SIGN_IDENTITY = "Developer ID Application: Mayur Pawashe";
				GCC_C_LANGUAGE_STANDARD = gnu99;
				GCC_WARN_ABOUT_RETURN_TYPE = YES;
				GCC_WARN_UNUSED_VARIABLE = YES;
				MACOSX_DEPLOYMENT_TARGET = 10.6;
				PROVISIONING_PROFILE = "";
				SDKROOT = macosx10.8;
				VALID_ARCHS = x86_64;
			};
			name = Release;
		};
/* End XCBuildConfiguration section */

/* Begin XCConfigurationList section */
		C05733C708A9546B00998B17 /* Build configuration list for PBXNativeTarget "Bit Slicer" */ = {
			isa = XCConfigurationList;
			buildConfigurations = (
				C05733C808A9546B00998B17 /* Debug */,
				C05733C908A9546B00998B17 /* Release */,
			);
			defaultConfigurationIsVisible = 0;
			defaultConfigurationName = Release;
		};
		C05733CB08A9546B00998B17 /* Build configuration list for PBXProject "Bit Slicer" */ = {
			isa = XCConfigurationList;
			buildConfigurations = (
				C05733CC08A9546B00998B17 /* Debug */,
				C05733CD08A9546B00998B17 /* Release */,
			);
			defaultConfigurationIsVisible = 0;
			defaultConfigurationName = Release;
		};
/* End XCConfigurationList section */
	};
	rootObject = 2A37F4A9FDCFA73011CA2CEA /* Project object */;
}
