// !$*UTF8*$!
{
	archiveVersion = 1;
	classes = {
	};
	objectVersion = 46;
	objects = {

/* Begin PBXBuildFile section */
		1DDD582C0DA1D0D100B32029 /* MyDocument.xib in Resources */ = {isa = PBXBuildFile; fileRef = 1DDD58280DA1D0D100B32029 /* MyDocument.xib */; };
		1DDD582D0DA1D0D100B32029 /* MainMenu.xib in Resources */ = {isa = PBXBuildFile; fileRef = 1DDD582A0DA1D0D100B32029 /* MainMenu.xib */; };
		77004FA616D35032008ED2C8 /* Sparkle.framework in Frameworks */ = {isa = PBXBuildFile; fileRef = 77004FA516D35032008ED2C8 /* Sparkle.framework */; };
		77004FA716D35049008ED2C8 /* Sparkle.framework in Copy Frameworks */ = {isa = PBXBuildFile; fileRef = 77004FA516D35032008ED2C8 /* Sparkle.framework */; };
		7701EF3F1696A28500877373 /* mach_excServer.c in Sources */ = {isa = PBXBuildFile; fileRef = 7701EF3D1696A28500877373 /* mach_excServer.c */; };
		7701EF401696A28500877373 /* mach_excUser.c in Sources */ = {isa = PBXBuildFile; fileRef = 7701EF3E1696A28500877373 /* mach_excUser.c */; };
		770930AC15B8F72F009705A6 /* ZGMemoryDumpController.m in Sources */ = {isa = PBXBuildFile; fileRef = 770930AB15B8F72F009705A6 /* ZGMemoryDumpController.m */; };
		770930AF15B9003D009705A6 /* ZGMemoryProtectionController.m in Sources */ = {isa = PBXBuildFile; fileRef = 770930AE15B9003D009705A6 /* ZGMemoryProtectionController.m */; };
		770930B215B9070B009705A6 /* ZGDocument.m in Sources */ = {isa = PBXBuildFile; fileRef = 770930B115B9070B009705A6 /* ZGDocument.m */; };
		770930B515B92204009705A6 /* ZGVariableController.m in Sources */ = {isa = PBXBuildFile; fileRef = 770930B415B92203009705A6 /* ZGVariableController.m */; };
		770930B815BA7635009705A6 /* ZGDocumentTableController.m in Sources */ = {isa = PBXBuildFile; fileRef = 770930B715BA7635009705A6 /* ZGDocumentTableController.m */; };
		770930BB15BA9060009705A6 /* ZGDocumentSearchController.m in Sources */ = {isa = PBXBuildFile; fileRef = 770930BA15BA9060009705A6 /* ZGDocumentSearchController.m */; };
		770930BE15BA97B4009705A6 /* ZGSearchData.m in Sources */ = {isa = PBXBuildFile; fileRef = 770930BD15BA97B4009705A6 /* ZGSearchData.m */; };
		770EA821137B6E6D007FB85A /* ZGMemoryViewerController.m in Sources */ = {isa = PBXBuildFile; fileRef = 770EA820137B6E6D007FB85A /* ZGMemoryViewerController.m */; };
		770EA824137B6FDE007FB85A /* ZGMemoryViewerController.xib in Resources */ = {isa = PBXBuildFile; fileRef = 770EA822137B6FDE007FB85A /* ZGMemoryViewerController.xib */; };
		770EA82B137BA8E5007FB85A /* ZGUtilities.m in Sources */ = {isa = PBXBuildFile; fileRef = 770EA829137BA8E1007FB85A /* ZGUtilities.m */; };
		7710477316F197B300F5BC2A /* ZGRunningProcessObserver.m in Sources */ = {isa = PBXBuildFile; fileRef = 7710477216F197B300F5BC2A /* ZGRunningProcessObserver.m */; };
		7714D3F211B87C7E0028E6B2 /* ZGVirtualMemory.m in Sources */ = {isa = PBXBuildFile; fileRef = 7714D3F111B87C7E0028E6B2 /* ZGVirtualMemory.m */; };
		772AACD415E1CCFA00E1F788 /* HexFiend.framework in Frameworks */ = {isa = PBXBuildFile; fileRef = 772AACD315E1CCFA00E1F788 /* HexFiend.framework */; };
		772AACD515E1D01F00E1F788 /* HexFiend.framework in Copy Frameworks */ = {isa = PBXBuildFile; fileRef = 772AACD315E1CCFA00E1F788 /* HexFiend.framework */; };
		77329B58168CFE6C007DCAE2 /* ZGDebuggerController.m in Sources */ = {isa = PBXBuildFile; fileRef = 77329B56168CFE6C007DCAE2 /* ZGDebuggerController.m */; };
		77329B6D168D0DF9007DCAE2 /* decode.c in Sources */ = {isa = PBXBuildFile; fileRef = 77329B60168D0DF4007DCAE2 /* decode.c */; };
		77329B6E168D0DF9007DCAE2 /* input.c in Sources */ = {isa = PBXBuildFile; fileRef = 77329B63168D0DF4007DCAE2 /* input.c */; };
		77329B6F168D0DF9007DCAE2 /* itab.c in Sources */ = {isa = PBXBuildFile; fileRef = 77329B65168D0DF5007DCAE2 /* itab.c */; };
		77329B70168D0DF9007DCAE2 /* syn-att.c in Sources */ = {isa = PBXBuildFile; fileRef = 77329B67168D0DF6007DCAE2 /* syn-att.c */; };
		77329B71168D0DF9007DCAE2 /* syn-intel.c in Sources */ = {isa = PBXBuildFile; fileRef = 77329B68168D0DF6007DCAE2 /* syn-intel.c */; };
		77329B72168D0DF9007DCAE2 /* syn.c in Sources */ = {isa = PBXBuildFile; fileRef = 77329B69168D0DF7007DCAE2 /* syn.c */; };
		77329B73168D0DF9007DCAE2 /* udis86.c in Sources */ = {isa = PBXBuildFile; fileRef = 77329B6C168D0DF8007DCAE2 /* udis86.c */; };
		77329B77168D14CB007DCAE2 /* ZGInstruction.m in Sources */ = {isa = PBXBuildFile; fileRef = 77329B76168D14CB007DCAE2 /* ZGInstruction.m */; };
		775FCB1B11719DF6000054FB /* ZGAppController.m in Sources */ = {isa = PBXBuildFile; fileRef = 775FCB1111719DF6000054FB /* ZGAppController.m */; };
		775FCB1D11719DF6000054FB /* ZGPreferencesController.m in Sources */ = {isa = PBXBuildFile; fileRef = 775FCB1511719DF6000054FB /* ZGPreferencesController.m */; };
		775FCB1E11719DF6000054FB /* ZGProcess.m in Sources */ = {isa = PBXBuildFile; fileRef = 775FCB1711719DF6000054FB /* ZGProcess.m */; };
		775FCB1F11719DF6000054FB /* ZGVariable.m in Sources */ = {isa = PBXBuildFile; fileRef = 775FCB1911719DF6000054FB /* ZGVariable.m */; };
		775FCB2A11719E4A000054FB /* Preferences.xib in Resources */ = {isa = PBXBuildFile; fileRef = 775FCB2811719E4A000054FB /* Preferences.xib */; };
		775FCB4211719FAF000054FB /* Carbon.framework in Frameworks */ = {isa = PBXBuildFile; fileRef = 775FCB4111719FAF000054FB /* Carbon.framework */; };
		776346FE16880E68003D01C9 /* DataInspectorRepresenter.m in Sources */ = {isa = PBXBuildFile; fileRef = 776346FD16880E68003D01C9 /* DataInspectorRepresenter.m */; settings = {COMPILER_FLAGS = "-fno-objc-arc"; }; };
		7763470416881166003D01C9 /* DataInspectorView.xib in Resources */ = {isa = PBXBuildFile; fileRef = 7763470316881165003D01C9 /* DataInspectorView.xib */; };
		7787C4D9137BB59200BFF606 /* ZGStatusBarRepresenter.m in Sources */ = {isa = PBXBuildFile; fileRef = 7787C4D8137BB59100BFF606 /* ZGStatusBarRepresenter.m */; settings = {COMPILER_FLAGS = "-fno-objc-arc"; }; };
		7787C4EE137C556000BFF606 /* ZGLineCountingView.m in Sources */ = {isa = PBXBuildFile; fileRef = 7787C4ED137C556000BFF606 /* ZGLineCountingView.m */; settings = {COMPILER_FLAGS = "-fno-objc-arc"; }; };
		7787C4F2137C5A8300BFF606 /* ZGLineCountingRepresenter.m in Sources */ = {isa = PBXBuildFile; fileRef = 7787C4F1137C5A8200BFF606 /* ZGLineCountingRepresenter.m */; settings = {COMPILER_FLAGS = "-fno-objc-arc"; }; };
		778BA6611363E972008ACD6B /* Ruby.framework in Frameworks */ = {isa = PBXBuildFile; fileRef = 778BA6601363E972008ACD6B /* Ruby.framework */; };
		77A52D7F16F54F1F00347F8E /* ZGSearchResults.m in Sources */ = {isa = PBXBuildFile; fileRef = 77A52D7E16F54F1F00347F8E /* ZGSearchResults.m */; };
		77CA284E16A7B5D500F3B54B /* ZGRegister.m in Sources */ = {isa = PBXBuildFile; fileRef = 77CA284D16A7B5D500F3B54B /* ZGRegister.m */; };
		77CB9741121CD7DE000A91DE /* ZGComparisonFunctions.m in Sources */ = {isa = PBXBuildFile; fileRef = 77CB9740121CD7DE000A91DE /* ZGComparisonFunctions.m */; };
		77D037371224334E0083E057 /* ZGCalculator.m in Sources */ = {isa = PBXBuildFile; fileRef = 77D037361224334E0083E057 /* ZGCalculator.m */; };
		77D38D4216A1FA5A00D2446A /* ZGDisassemblerObject.m in Sources */ = {isa = PBXBuildFile; fileRef = 77D38D4116A1FA5A00D2446A /* ZGDisassemblerObject.m */; };
		77D5AEB5137C84D300026388 /* ZGVerticalScrollerRepresenter.m in Sources */ = {isa = PBXBuildFile; fileRef = 77D5AEB4137C84D100026388 /* ZGVerticalScrollerRepresenter.m */; settings = {COMPILER_FLAGS = "-fno-objc-arc"; }; };
		77DEA41216C974C700A16D57 /* bitslicericon.iconset in Resources */ = {isa = PBXBuildFile; fileRef = 77DEA41116C974C700A16D57 /* bitslicericon.iconset */; };
		77E652B3168F889C00D84A7F /* ZGBreakPointController.m in Sources */ = {isa = PBXBuildFile; fileRef = 77E652B2168F889C00D84A7F /* ZGBreakPointController.m */; };
		77E652B6168F8C7700D84A7F /* ZGDocumentBreakPointController.m in Sources */ = {isa = PBXBuildFile; fileRef = 77E652B5168F8C7700D84A7F /* ZGDocumentBreakPointController.m */; };
		77E652B9168FD49300D84A7F /* ZGBreakPoint.m in Sources */ = {isa = PBXBuildFile; fileRef = 77E652B8168FD49300D84A7F /* ZGBreakPoint.m */; };
		77E652BC168FD59500D84A7F /* ZGDebugThread.m in Sources */ = {isa = PBXBuildFile; fileRef = 77E652BB168FD59500D84A7F /* ZGDebugThread.m */; };
		77E652EF16915B5700D84A7F /* NSArrayAdditions.m in Sources */ = {isa = PBXBuildFile; fileRef = 77E652EE16915B5600D84A7F /* NSArrayAdditions.m */; };
		77E652FC1692515400D84A7F /* ZGProcessList.m in Sources */ = {isa = PBXBuildFile; fileRef = 77E652FB1692515400D84A7F /* ZGProcessList.m */; };
		77E652FF1692E77A00D84A7F /* ZGRunningProcess.m in Sources */ = {isa = PBXBuildFile; fileRef = 77E652FE1692E77900D84A7F /* ZGRunningProcess.m */; };
		77F6096F13DBCDD300FD5D92 /* ShortcutRecorder.framework in Frameworks */ = {isa = PBXBuildFile; fileRef = 77F6096E13DBCDD300FD5D92 /* ShortcutRecorder.framework */; };
		77F6097013DBCE2000FD5D92 /* ShortcutRecorder.framework in Copy Frameworks */ = {isa = PBXBuildFile; fileRef = 77F6096E13DBCDD300FD5D92 /* ShortcutRecorder.framework */; };
		77F82C1F16CF6FC10038AC0A /* yasm in Resources */ = {isa = PBXBuildFile; fileRef = 77F82C1E16CF6FC10038AC0A /* yasm */; };
		77F82C2D16D0837B0038AC0A /* Credits.rtf in Resources */ = {isa = PBXBuildFile; fileRef = 77F82C2C16D0837B0038AC0A /* Credits.rtf */; };
		77F8D8CB16C3531D00C52CE2 /* ZGBacktraceController.m in Sources */ = {isa = PBXBuildFile; fileRef = 77F8D8CA16C3531D00C52CE2 /* ZGBacktraceController.m */; };
		77F8D8D216C4A12600C52CE2 /* ZGRegistersController.m in Sources */ = {isa = PBXBuildFile; fileRef = 77F8D8D116C4A12600C52CE2 /* ZGRegistersController.m */; };
		77FC462012237F71003CB09B /* NSStringAdditions.m in Sources */ = {isa = PBXBuildFile; fileRef = 77FC461F12237F71003CB09B /* NSStringAdditions.m */; };
		77FF507116E867FB0005915D /* ZGSearchProgress.m in Sources */ = {isa = PBXBuildFile; fileRef = 77FF507016E867FB0005915D /* ZGSearchProgress.m */; };
		77FF507716E9A4250005915D /* ZGDebuggerController.xib in Resources */ = {isa = PBXBuildFile; fileRef = 77FF507516E9A4250005915D /* ZGDebuggerController.xib */; };
		77FF507A16E9B71C0005915D /* ZGMemoryWindowController.m in Sources */ = {isa = PBXBuildFile; fileRef = 77FF507916E9B71A0005915D /* ZGMemoryWindowController.m */; };
		77FF509616EC0F7C0005915D /* ZGRegion.m in Sources */ = {isa = PBXBuildFile; fileRef = 77FF509516EC0F7C0005915D /* ZGRegion.m */; };
		8D15AC2F0486D014006FF6A4 /* InfoPlist.strings in Resources */ = {isa = PBXBuildFile; fileRef = 089C165FFE840EACC02AAC07 /* InfoPlist.strings */; };
		8D15AC320486D014006FF6A4 /* main.m in Sources */ = {isa = PBXBuildFile; fileRef = 2A37F4B0FDCFA73011CA2CEA /* main.m */; settings = {ATTRIBUTES = (); }; };
		8D15AC340486D014006FF6A4 /* Cocoa.framework in Frameworks */ = {isa = PBXBuildFile; fileRef = 1058C7A7FEA54F5311CA2CBB /* Cocoa.framework */; };
/* End PBXBuildFile section */

/* Begin PBXCopyFilesBuildPhase section */
		770EA827137B74F2007FB85A /* Copy Frameworks */ = {
			isa = PBXCopyFilesBuildPhase;
			buildActionMask = 2147483647;
			dstPath = "";
			dstSubfolderSpec = 10;
			files = (
				77F6097013DBCE2000FD5D92 /* ShortcutRecorder.framework in Copy Frameworks */,
				772AACD515E1D01F00E1F788 /* HexFiend.framework in Copy Frameworks */,
				77004FA716D35049008ED2C8 /* Sparkle.framework in Copy Frameworks */,
			);
			name = "Copy Frameworks";
			runOnlyForDeploymentPostprocessing = 0;
		};
/* End PBXCopyFilesBuildPhase section */

/* Begin PBXFileReference section */
		089C1660FE840EACC02AAC07 /* English */ = {isa = PBXFileReference; fileEncoding = 4; lastKnownFileType = text.plist.strings; name = English; path = English.lproj/InfoPlist.strings; sourceTree = "<group>"; };
		1058C7A7FEA54F5311CA2CBB /* Cocoa.framework */ = {isa = PBXFileReference; lastKnownFileType = wrapper.framework; name = Cocoa.framework; path = /System/Library/Frameworks/Cocoa.framework; sourceTree = "<absolute>"; };
		13E42FBA07B3F13500E4EEF1 /* CoreData.framework */ = {isa = PBXFileReference; lastKnownFileType = wrapper.framework; name = CoreData.framework; path = /System/Library/Frameworks/CoreData.framework; sourceTree = "<absolute>"; };
		1DDD58290DA1D0D100B32029 /* English */ = {isa = PBXFileReference; lastKnownFileType = file.xib; name = English; path = English.lproj/MyDocument.xib; sourceTree = "<group>"; };
		1DDD582B0DA1D0D100B32029 /* English */ = {isa = PBXFileReference; lastKnownFileType = file.xib; name = English; path = English.lproj/MainMenu.xib; sourceTree = "<group>"; };
		2564AD2C0F5327BB00F57823 /* Bit_Slicer_Prefix.pch */ = {isa = PBXFileReference; fileEncoding = 4; lastKnownFileType = sourcecode.c.h; path = Bit_Slicer_Prefix.pch; sourceTree = "<group>"; };
		2A37F4B0FDCFA73011CA2CEA /* main.m */ = {isa = PBXFileReference; fileEncoding = 4; lastKnownFileType = sourcecode.c.objc; path = main.m; sourceTree = "<group>"; };
		2A37F4C4FDCFA73011CA2CEA /* AppKit.framework */ = {isa = PBXFileReference; lastKnownFileType = wrapper.framework; name = AppKit.framework; path = /System/Library/Frameworks/AppKit.framework; sourceTree = "<absolute>"; };
		2A37F4C5FDCFA73011CA2CEA /* Foundation.framework */ = {isa = PBXFileReference; lastKnownFileType = wrapper.framework; name = Foundation.framework; path = /System/Library/Frameworks/Foundation.framework; sourceTree = "<absolute>"; };
		77004FA516D35032008ED2C8 /* Sparkle.framework */ = {isa = PBXFileReference; lastKnownFileType = wrapper.framework; path = Sparkle.framework; sourceTree = "<group>"; };
		7701EF3C1696A28500877373 /* mach_exc.h */ = {isa = PBXFileReference; fileEncoding = 4; lastKnownFileType = sourcecode.c.h; name = mach_exc.h; path = mach_exc/mach_exc.h; sourceTree = "<group>"; };
		7701EF3D1696A28500877373 /* mach_excServer.c */ = {isa = PBXFileReference; fileEncoding = 4; lastKnownFileType = sourcecode.c.c; name = mach_excServer.c; path = mach_exc/mach_excServer.c; sourceTree = "<group>"; };
		7701EF3E1696A28500877373 /* mach_excUser.c */ = {isa = PBXFileReference; fileEncoding = 4; lastKnownFileType = sourcecode.c.c; name = mach_excUser.c; path = mach_exc/mach_excUser.c; sourceTree = "<group>"; };
		770930AA15B8F72F009705A6 /* ZGMemoryDumpController.h */ = {isa = PBXFileReference; fileEncoding = 4; lastKnownFileType = sourcecode.c.h; path = ZGMemoryDumpController.h; sourceTree = "<group>"; };
		770930AB15B8F72F009705A6 /* ZGMemoryDumpController.m */ = {isa = PBXFileReference; fileEncoding = 4; lastKnownFileType = sourcecode.c.objc; path = ZGMemoryDumpController.m; sourceTree = "<group>"; };
		770930AD15B9003D009705A6 /* ZGMemoryProtectionController.h */ = {isa = PBXFileReference; fileEncoding = 4; lastKnownFileType = sourcecode.c.h; path = ZGMemoryProtectionController.h; sourceTree = "<group>"; };
		770930AE15B9003D009705A6 /* ZGMemoryProtectionController.m */ = {isa = PBXFileReference; fileEncoding = 4; lastKnownFileType = sourcecode.c.objc; path = ZGMemoryProtectionController.m; sourceTree = "<group>"; };
		770930B015B9070B009705A6 /* ZGDocument.h */ = {isa = PBXFileReference; fileEncoding = 4; lastKnownFileType = sourcecode.c.h; path = ZGDocument.h; sourceTree = "<group>"; };
		770930B115B9070B009705A6 /* ZGDocument.m */ = {isa = PBXFileReference; fileEncoding = 4; lastKnownFileType = sourcecode.c.objc; path = ZGDocument.m; sourceTree = "<group>"; };
		770930B315B92203009705A6 /* ZGVariableController.h */ = {isa = PBXFileReference; fileEncoding = 4; lastKnownFileType = sourcecode.c.h; path = ZGVariableController.h; sourceTree = "<group>"; };
		770930B415B92203009705A6 /* ZGVariableController.m */ = {isa = PBXFileReference; fileEncoding = 4; lastKnownFileType = sourcecode.c.objc; path = ZGVariableController.m; sourceTree = "<group>"; };
		770930B615BA7635009705A6 /* ZGDocumentTableController.h */ = {isa = PBXFileReference; fileEncoding = 4; lastKnownFileType = sourcecode.c.h; path = ZGDocumentTableController.h; sourceTree = "<group>"; };
		770930B715BA7635009705A6 /* ZGDocumentTableController.m */ = {isa = PBXFileReference; fileEncoding = 4; lastKnownFileType = sourcecode.c.objc; path = ZGDocumentTableController.m; sourceTree = "<group>"; };
		770930B915BA905F009705A6 /* ZGDocumentSearchController.h */ = {isa = PBXFileReference; fileEncoding = 4; lastKnownFileType = sourcecode.c.h; path = ZGDocumentSearchController.h; sourceTree = "<group>"; };
		770930BA15BA9060009705A6 /* ZGDocumentSearchController.m */ = {isa = PBXFileReference; fileEncoding = 4; lastKnownFileType = sourcecode.c.objc; path = ZGDocumentSearchController.m; sourceTree = "<group>"; };
		770930BC15BA97B3009705A6 /* ZGSearchData.h */ = {isa = PBXFileReference; fileEncoding = 4; lastKnownFileType = sourcecode.c.h; path = ZGSearchData.h; sourceTree = "<group>"; };
		770930BD15BA97B4009705A6 /* ZGSearchData.m */ = {isa = PBXFileReference; fileEncoding = 4; lastKnownFileType = sourcecode.c.objc; path = ZGSearchData.m; sourceTree = "<group>"; };
		770EA81F137B6E6D007FB85A /* ZGMemoryViewerController.h */ = {isa = PBXFileReference; fileEncoding = 4; lastKnownFileType = sourcecode.c.h; path = ZGMemoryViewerController.h; sourceTree = "<group>"; };
		770EA820137B6E6D007FB85A /* ZGMemoryViewerController.m */ = {isa = PBXFileReference; fileEncoding = 4; lastKnownFileType = sourcecode.c.objc; path = ZGMemoryViewerController.m; sourceTree = "<group>"; };
		770EA823137B6FDE007FB85A /* English */ = {isa = PBXFileReference; lastKnownFileType = file.xib; name = English; path = English.lproj/ZGMemoryViewerController.xib; sourceTree = "<group>"; };
		770EA829137BA8E1007FB85A /* ZGUtilities.m */ = {isa = PBXFileReference; fileEncoding = 4; lastKnownFileType = sourcecode.c.objc; path = ZGUtilities.m; sourceTree = "<group>"; };
		770EA82A137BA8E3007FB85A /* ZGUtilities.h */ = {isa = PBXFileReference; fileEncoding = 4; lastKnownFileType = sourcecode.c.h; path = ZGUtilities.h; sourceTree = "<group>"; };
		7710477116F197B300F5BC2A /* ZGRunningProcessObserver.h */ = {isa = PBXFileReference; fileEncoding = 4; lastKnownFileType = sourcecode.c.h; path = ZGRunningProcessObserver.h; sourceTree = "<group>"; };
		7710477216F197B300F5BC2A /* ZGRunningProcessObserver.m */ = {isa = PBXFileReference; fileEncoding = 4; lastKnownFileType = sourcecode.c.objc; path = ZGRunningProcessObserver.m; sourceTree = "<group>"; };
		7714D3F011B87C7E0028E6B2 /* ZGVirtualMemory.h */ = {isa = PBXFileReference; fileEncoding = 4; lastKnownFileType = sourcecode.c.h; path = ZGVirtualMemory.h; sourceTree = "<group>"; };
		7714D3F111B87C7E0028E6B2 /* ZGVirtualMemory.m */ = {isa = PBXFileReference; fileEncoding = 4; lastKnownFileType = sourcecode.c.objc; path = ZGVirtualMemory.m; sourceTree = "<group>"; };
		772AACD315E1CCFA00E1F788 /* HexFiend.framework */ = {isa = PBXFileReference; lastKnownFileType = wrapper.framework; path = HexFiend.framework; sourceTree = "<group>"; };
		77329B55168CFE6B007DCAE2 /* ZGDebuggerController.h */ = {isa = PBXFileReference; fileEncoding = 4; lastKnownFileType = sourcecode.c.h; path = ZGDebuggerController.h; sourceTree = "<group>"; };
		77329B56168CFE6C007DCAE2 /* ZGDebuggerController.m */ = {isa = PBXFileReference; fileEncoding = 4; lastKnownFileType = sourcecode.c.objc; path = ZGDebuggerController.m; sourceTree = "<group>"; };
		77329B5D168D0841007DCAE2 /* udis86.h */ = {isa = PBXFileReference; fileEncoding = 4; lastKnownFileType = sourcecode.c.h; path = udis86.h; sourceTree = "<group>"; };
		77329B60168D0DF4007DCAE2 /* decode.c */ = {isa = PBXFileReference; fileEncoding = 4; lastKnownFileType = sourcecode.c.c; name = decode.c; path = libudis86/decode.c; sourceTree = "<group>"; };
		77329B61168D0DF4007DCAE2 /* decode.h */ = {isa = PBXFileReference; fileEncoding = 4; lastKnownFileType = sourcecode.c.h; name = decode.h; path = libudis86/decode.h; sourceTree = "<group>"; };
		77329B62168D0DF4007DCAE2 /* extern.h */ = {isa = PBXFileReference; fileEncoding = 4; lastKnownFileType = sourcecode.c.h; name = extern.h; path = libudis86/extern.h; sourceTree = "<group>"; };
		77329B63168D0DF4007DCAE2 /* input.c */ = {isa = PBXFileReference; fileEncoding = 4; lastKnownFileType = sourcecode.c.c; name = input.c; path = libudis86/input.c; sourceTree = "<group>"; };
		77329B64168D0DF5007DCAE2 /* input.h */ = {isa = PBXFileReference; fileEncoding = 4; lastKnownFileType = sourcecode.c.h; name = input.h; path = libudis86/input.h; sourceTree = "<group>"; };
		77329B65168D0DF5007DCAE2 /* itab.c */ = {isa = PBXFileReference; fileEncoding = 4; lastKnownFileType = sourcecode.c.c; name = itab.c; path = libudis86/itab.c; sourceTree = "<group>"; };
		77329B66168D0DF5007DCAE2 /* itab.h */ = {isa = PBXFileReference; fileEncoding = 4; lastKnownFileType = sourcecode.c.h; name = itab.h; path = libudis86/itab.h; sourceTree = "<group>"; };
		77329B67168D0DF6007DCAE2 /* syn-att.c */ = {isa = PBXFileReference; fileEncoding = 4; lastKnownFileType = sourcecode.c.c; name = "syn-att.c"; path = "libudis86/syn-att.c"; sourceTree = "<group>"; };
		77329B68168D0DF6007DCAE2 /* syn-intel.c */ = {isa = PBXFileReference; fileEncoding = 4; lastKnownFileType = sourcecode.c.c; name = "syn-intel.c"; path = "libudis86/syn-intel.c"; sourceTree = "<group>"; };
		77329B69168D0DF7007DCAE2 /* syn.c */ = {isa = PBXFileReference; fileEncoding = 4; lastKnownFileType = sourcecode.c.c; name = syn.c; path = libudis86/syn.c; sourceTree = "<group>"; };
		77329B6A168D0DF7007DCAE2 /* syn.h */ = {isa = PBXFileReference; fileEncoding = 4; lastKnownFileType = sourcecode.c.h; name = syn.h; path = libudis86/syn.h; sourceTree = "<group>"; };
		77329B6B168D0DF8007DCAE2 /* types.h */ = {isa = PBXFileReference; fileEncoding = 4; lastKnownFileType = sourcecode.c.h; name = types.h; path = libudis86/types.h; sourceTree = "<group>"; };
		77329B6C168D0DF8007DCAE2 /* udis86.c */ = {isa = PBXFileReference; fileEncoding = 4; lastKnownFileType = sourcecode.c.c; name = udis86.c; path = libudis86/udis86.c; sourceTree = "<group>"; };
		77329B75168D14CB007DCAE2 /* ZGInstruction.h */ = {isa = PBXFileReference; fileEncoding = 4; lastKnownFileType = sourcecode.c.h; path = ZGInstruction.h; sourceTree = "<group>"; };
		77329B76168D14CB007DCAE2 /* ZGInstruction.m */ = {isa = PBXFileReference; fileEncoding = 4; lastKnownFileType = sourcecode.c.objc; path = ZGInstruction.m; sourceTree = "<group>"; };
		775FCB1011719DF6000054FB /* ZGAppController.h */ = {isa = PBXFileReference; fileEncoding = 4; lastKnownFileType = sourcecode.c.h; path = ZGAppController.h; sourceTree = "<group>"; };
		775FCB1111719DF6000054FB /* ZGAppController.m */ = {isa = PBXFileReference; fileEncoding = 4; lastKnownFileType = sourcecode.c.objc; path = ZGAppController.m; sourceTree = "<group>"; };
		775FCB1411719DF6000054FB /* ZGPreferencesController.h */ = {isa = PBXFileReference; fileEncoding = 4; lastKnownFileType = sourcecode.c.h; path = ZGPreferencesController.h; sourceTree = "<group>"; };
		775FCB1511719DF6000054FB /* ZGPreferencesController.m */ = {isa = PBXFileReference; fileEncoding = 4; lastKnownFileType = sourcecode.c.objc; path = ZGPreferencesController.m; sourceTree = "<group>"; };
		775FCB1611719DF6000054FB /* ZGProcess.h */ = {isa = PBXFileReference; fileEncoding = 4; lastKnownFileType = sourcecode.c.h; path = ZGProcess.h; sourceTree = "<group>"; };
		775FCB1711719DF6000054FB /* ZGProcess.m */ = {isa = PBXFileReference; fileEncoding = 4; lastKnownFileType = sourcecode.c.objc; path = ZGProcess.m; sourceTree = "<group>"; };
		775FCB1811719DF6000054FB /* ZGVariable.h */ = {isa = PBXFileReference; fileEncoding = 4; lastKnownFileType = sourcecode.c.h; path = ZGVariable.h; sourceTree = "<group>"; };
		775FCB1911719DF6000054FB /* ZGVariable.m */ = {isa = PBXFileReference; fileEncoding = 4; lastKnownFileType = sourcecode.c.objc; path = ZGVariable.m; sourceTree = "<group>"; };
		775FCB2911719E4A000054FB /* English */ = {isa = PBXFileReference; lastKnownFileType = file.xib; name = English; path = English.lproj/Preferences.xib; sourceTree = "<group>"; };
		775FCB4111719FAF000054FB /* Carbon.framework */ = {isa = PBXFileReference; lastKnownFileType = wrapper.framework; name = Carbon.framework; path = /System/Library/Frameworks/Carbon.framework; sourceTree = "<absolute>"; };
		776346FC16880E68003D01C9 /* DataInspectorRepresenter.h */ = {isa = PBXFileReference; fileEncoding = 4; lastKnownFileType = sourcecode.c.h; path = DataInspectorRepresenter.h; sourceTree = "<group>"; };
		776346FD16880E68003D01C9 /* DataInspectorRepresenter.m */ = {isa = PBXFileReference; fileEncoding = 4; lastKnownFileType = sourcecode.c.objc; path = DataInspectorRepresenter.m; sourceTree = "<group>"; };
		7763470316881165003D01C9 /* DataInspectorView.xib */ = {isa = PBXFileReference; fileEncoding = 4; lastKnownFileType = file.xib; path = DataInspectorView.xib; sourceTree = "<group>"; };
		7787C4D7137BB59100BFF606 /* ZGStatusBarRepresenter.h */ = {isa = PBXFileReference; fileEncoding = 4; lastKnownFileType = sourcecode.c.h; path = ZGStatusBarRepresenter.h; sourceTree = "<group>"; };
		7787C4D8137BB59100BFF606 /* ZGStatusBarRepresenter.m */ = {isa = PBXFileReference; fileEncoding = 4; lastKnownFileType = sourcecode.c.objc; path = ZGStatusBarRepresenter.m; sourceTree = "<group>"; };
		7787C4EC137C555F00BFF606 /* ZGLineCountingView.h */ = {isa = PBXFileReference; fileEncoding = 4; lastKnownFileType = sourcecode.c.h; path = ZGLineCountingView.h; sourceTree = "<group>"; };
		7787C4ED137C556000BFF606 /* ZGLineCountingView.m */ = {isa = PBXFileReference; fileEncoding = 4; lastKnownFileType = sourcecode.c.objc; path = ZGLineCountingView.m; sourceTree = "<group>"; };
		7787C4EF137C55C300BFF606 /* HFLineCountingView.h */ = {isa = PBXFileReference; fileEncoding = 4; lastKnownFileType = sourcecode.c.h; path = HFLineCountingView.h; sourceTree = "<group>"; };
		7787C4F0137C5A8200BFF606 /* ZGLineCountingRepresenter.h */ = {isa = PBXFileReference; fileEncoding = 4; lastKnownFileType = sourcecode.c.h; path = ZGLineCountingRepresenter.h; sourceTree = "<group>"; };
		7787C4F1137C5A8200BFF606 /* ZGLineCountingRepresenter.m */ = {isa = PBXFileReference; fileEncoding = 4; lastKnownFileType = sourcecode.c.objc; path = ZGLineCountingRepresenter.m; sourceTree = "<group>"; };
		778939221334308300B6AACB /* ZGMemoryTypes.h */ = {isa = PBXFileReference; fileEncoding = 4; lastKnownFileType = sourcecode.c.h; path = ZGMemoryTypes.h; sourceTree = "<group>"; };
		778BA6601363E972008ACD6B /* Ruby.framework */ = {isa = PBXFileReference; lastKnownFileType = wrapper.framework; name = Ruby.framework; path = System/Library/Frameworks/Ruby.framework; sourceTree = SDKROOT; };
		77A52D7D16F54F1F00347F8E /* ZGSearchResults.h */ = {isa = PBXFileReference; fileEncoding = 4; lastKnownFileType = sourcecode.c.h; path = ZGSearchResults.h; sourceTree = "<group>"; };
		77A52D7E16F54F1F00347F8E /* ZGSearchResults.m */ = {isa = PBXFileReference; fileEncoding = 4; lastKnownFileType = sourcecode.c.objc; path = ZGSearchResults.m; sourceTree = "<group>"; };
		77CA284C16A7B5D500F3B54B /* ZGRegister.h */ = {isa = PBXFileReference; fileEncoding = 4; lastKnownFileType = sourcecode.c.h; path = ZGRegister.h; sourceTree = "<group>"; };
		77CA284D16A7B5D500F3B54B /* ZGRegister.m */ = {isa = PBXFileReference; fileEncoding = 4; lastKnownFileType = sourcecode.c.objc; path = ZGRegister.m; sourceTree = "<group>"; };
		77CB973F121CD7DE000A91DE /* ZGComparisonFunctions.h */ = {isa = PBXFileReference; fileEncoding = 4; lastKnownFileType = sourcecode.c.h; path = ZGComparisonFunctions.h; sourceTree = "<group>"; };
		77CB9740121CD7DE000A91DE /* ZGComparisonFunctions.m */ = {isa = PBXFileReference; fileEncoding = 4; lastKnownFileType = sourcecode.c.objc; path = ZGComparisonFunctions.m; sourceTree = "<group>"; };
		77D037351224334E0083E057 /* ZGCalculator.h */ = {isa = PBXFileReference; fileEncoding = 4; lastKnownFileType = sourcecode.c.h; path = ZGCalculator.h; sourceTree = "<group>"; };
		77D037361224334E0083E057 /* ZGCalculator.m */ = {isa = PBXFileReference; fileEncoding = 4; lastKnownFileType = sourcecode.c.objc; path = ZGCalculator.m; sourceTree = "<group>"; };
		77D38D4016A1FA5A00D2446A /* ZGDisassemblerObject.h */ = {isa = PBXFileReference; fileEncoding = 4; lastKnownFileType = sourcecode.c.h; path = ZGDisassemblerObject.h; sourceTree = "<group>"; };
		77D38D4116A1FA5A00D2446A /* ZGDisassemblerObject.m */ = {isa = PBXFileReference; fileEncoding = 4; lastKnownFileType = sourcecode.c.objc; path = ZGDisassemblerObject.m; sourceTree = "<group>"; };
		77D5AEB3137C84CE00026388 /* ZGVerticalScrollerRepresenter.h */ = {isa = PBXFileReference; fileEncoding = 4; lastKnownFileType = sourcecode.c.h; path = ZGVerticalScrollerRepresenter.h; sourceTree = "<group>"; };
		77D5AEB4137C84D100026388 /* ZGVerticalScrollerRepresenter.m */ = {isa = PBXFileReference; fileEncoding = 4; lastKnownFileType = sourcecode.c.objc; path = ZGVerticalScrollerRepresenter.m; sourceTree = "<group>"; };
		77DEA41116C974C700A16D57 /* bitslicericon.iconset */ = {isa = PBXFileReference; lastKnownFileType = folder.iconset; path = bitslicericon.iconset; sourceTree = "<group>"; };
		77E652B1168F889C00D84A7F /* ZGBreakPointController.h */ = {isa = PBXFileReference; fileEncoding = 4; lastKnownFileType = sourcecode.c.h; path = ZGBreakPointController.h; sourceTree = "<group>"; };
		77E652B2168F889C00D84A7F /* ZGBreakPointController.m */ = {isa = PBXFileReference; fileEncoding = 4; lastKnownFileType = sourcecode.c.objc; path = ZGBreakPointController.m; sourceTree = "<group>"; };
		77E652B4168F8C7700D84A7F /* ZGDocumentBreakPointController.h */ = {isa = PBXFileReference; fileEncoding = 4; lastKnownFileType = sourcecode.c.h; path = ZGDocumentBreakPointController.h; sourceTree = "<group>"; };
		77E652B5168F8C7700D84A7F /* ZGDocumentBreakPointController.m */ = {isa = PBXFileReference; fileEncoding = 4; lastKnownFileType = sourcecode.c.objc; path = ZGDocumentBreakPointController.m; sourceTree = "<group>"; };
		77E652B7168FD49300D84A7F /* ZGBreakPoint.h */ = {isa = PBXFileReference; fileEncoding = 4; lastKnownFileType = sourcecode.c.h; path = ZGBreakPoint.h; sourceTree = "<group>"; };
		77E652B8168FD49300D84A7F /* ZGBreakPoint.m */ = {isa = PBXFileReference; fileEncoding = 4; lastKnownFileType = sourcecode.c.objc; path = ZGBreakPoint.m; sourceTree = "<group>"; };
		77E652BA168FD59500D84A7F /* ZGDebugThread.h */ = {isa = PBXFileReference; fileEncoding = 4; lastKnownFileType = sourcecode.c.h; path = ZGDebugThread.h; sourceTree = "<group>"; };
		77E652BB168FD59500D84A7F /* ZGDebugThread.m */ = {isa = PBXFileReference; fileEncoding = 4; lastKnownFileType = sourcecode.c.objc; path = ZGDebugThread.m; sourceTree = "<group>"; };
		77E652ED16915B5400D84A7F /* NSArrayAdditions.h */ = {isa = PBXFileReference; fileEncoding = 4; lastKnownFileType = sourcecode.c.h; path = NSArrayAdditions.h; sourceTree = "<group>"; };
		77E652EE16915B5600D84A7F /* NSArrayAdditions.m */ = {isa = PBXFileReference; fileEncoding = 4; lastKnownFileType = sourcecode.c.objc; path = NSArrayAdditions.m; sourceTree = "<group>"; };
		77E652FA1692515400D84A7F /* ZGProcessList.h */ = {isa = PBXFileReference; fileEncoding = 4; lastKnownFileType = sourcecode.c.h; path = ZGProcessList.h; sourceTree = "<group>"; };
		77E652FB1692515400D84A7F /* ZGProcessList.m */ = {isa = PBXFileReference; fileEncoding = 4; lastKnownFileType = sourcecode.c.objc; path = ZGProcessList.m; sourceTree = "<group>"; };
		77E652FD1692E77900D84A7F /* ZGRunningProcess.h */ = {isa = PBXFileReference; fileEncoding = 4; lastKnownFileType = sourcecode.c.h; path = ZGRunningProcess.h; sourceTree = "<group>"; };
		77E652FE1692E77900D84A7F /* ZGRunningProcess.m */ = {isa = PBXFileReference; fileEncoding = 4; lastKnownFileType = sourcecode.c.objc; path = ZGRunningProcess.m; sourceTree = "<group>"; };
		77F6096E13DBCDD300FD5D92 /* ShortcutRecorder.framework */ = {isa = PBXFileReference; lastKnownFileType = wrapper.framework; path = ShortcutRecorder.framework; sourceTree = "<group>"; };
		77F82C1E16CF6FC10038AC0A /* yasm */ = {isa = PBXFileReference; lastKnownFileType = "compiled.mach-o.executable"; path = yasm; sourceTree = "<group>"; };
		77F82C2C16D0837B0038AC0A /* Credits.rtf */ = {isa = PBXFileReference; fileEncoding = 4; lastKnownFileType = text.rtf; path = Credits.rtf; sourceTree = "<group>"; };
		77F8D8C916C3531D00C52CE2 /* ZGBacktraceController.h */ = {isa = PBXFileReference; fileEncoding = 4; lastKnownFileType = sourcecode.c.h; path = ZGBacktraceController.h; sourceTree = "<group>"; };
		77F8D8CA16C3531D00C52CE2 /* ZGBacktraceController.m */ = {isa = PBXFileReference; fileEncoding = 4; lastKnownFileType = sourcecode.c.objc; path = ZGBacktraceController.m; sourceTree = "<group>"; };
		77F8D8D016C4A12500C52CE2 /* ZGRegistersController.h */ = {isa = PBXFileReference; fileEncoding = 4; lastKnownFileType = sourcecode.c.h; path = ZGRegistersController.h; sourceTree = "<group>"; };
		77F8D8D116C4A12600C52CE2 /* ZGRegistersController.m */ = {isa = PBXFileReference; fileEncoding = 4; lastKnownFileType = sourcecode.c.objc; path = ZGRegistersController.m; sourceTree = "<group>"; };
		77FC461E12237F71003CB09B /* NSStringAdditions.h */ = {isa = PBXFileReference; fileEncoding = 4; lastKnownFileType = sourcecode.c.h; path = NSStringAdditions.h; sourceTree = "<group>"; };
		77FC461F12237F71003CB09B /* NSStringAdditions.m */ = {isa = PBXFileReference; fileEncoding = 4; lastKnownFileType = sourcecode.c.objc; path = NSStringAdditions.m; sourceTree = "<group>"; };
		77FF506F16E867FB0005915D /* ZGSearchProgress.h */ = {isa = PBXFileReference; fileEncoding = 4; lastKnownFileType = sourcecode.c.h; path = ZGSearchProgress.h; sourceTree = "<group>"; };
		77FF507016E867FB0005915D /* ZGSearchProgress.m */ = {isa = PBXFileReference; fileEncoding = 4; lastKnownFileType = sourcecode.c.objc; path = ZGSearchProgress.m; sourceTree = "<group>"; };
		77FF507616E9A4250005915D /* English */ = {isa = PBXFileReference; lastKnownFileType = file.xib; name = English; path = English.lproj/ZGDebuggerController.xib; sourceTree = "<group>"; };
		77FF507816E9B7180005915D /* ZGMemoryWindowController.h */ = {isa = PBXFileReference; fileEncoding = 4; lastKnownFileType = sourcecode.c.h; path = ZGMemoryWindowController.h; sourceTree = "<group>"; };
		77FF507916E9B71A0005915D /* ZGMemoryWindowController.m */ = {isa = PBXFileReference; fileEncoding = 4; lastKnownFileType = sourcecode.c.objc; path = ZGMemoryWindowController.m; sourceTree = "<group>"; };
		77FF509416EC0F7C0005915D /* ZGRegion.h */ = {isa = PBXFileReference; fileEncoding = 4; lastKnownFileType = sourcecode.c.h; path = ZGRegion.h; sourceTree = "<group>"; };
		77FF509516EC0F7C0005915D /* ZGRegion.m */ = {isa = PBXFileReference; fileEncoding = 4; lastKnownFileType = sourcecode.c.objc; path = ZGRegion.m; sourceTree = "<group>"; };
		77FF509716EC12A20005915D /* ZGVariableTypes.h */ = {isa = PBXFileReference; fileEncoding = 4; lastKnownFileType = sourcecode.c.h; path = ZGVariableTypes.h; sourceTree = "<group>"; };
		8D15AC360486D014006FF6A4 /* Bit_Slicer-Info.plist */ = {isa = PBXFileReference; fileEncoding = 4; lastKnownFileType = text.plist.xml; path = "Bit_Slicer-Info.plist"; sourceTree = "<group>"; };
		8D15AC370486D014006FF6A4 /* Bit Slicer.app */ = {isa = PBXFileReference; explicitFileType = wrapper.application; includeInIndex = 0; path = "Bit Slicer.app"; sourceTree = BUILT_PRODUCTS_DIR; };
/* End PBXFileReference section */

/* Begin PBXFrameworksBuildPhase section */
		8D15AC330486D014006FF6A4 /* Frameworks */ = {
			isa = PBXFrameworksBuildPhase;
			buildActionMask = 2147483647;
			files = (
				8D15AC340486D014006FF6A4 /* Cocoa.framework in Frameworks */,
				775FCB4211719FAF000054FB /* Carbon.framework in Frameworks */,
				778BA6611363E972008ACD6B /* Ruby.framework in Frameworks */,
				77F6096F13DBCDD300FD5D92 /* ShortcutRecorder.framework in Frameworks */,
				772AACD415E1CCFA00E1F788 /* HexFiend.framework in Frameworks */,
				77004FA616D35032008ED2C8 /* Sparkle.framework in Frameworks */,
			);
			runOnlyForDeploymentPostprocessing = 0;
		};
/* End PBXFrameworksBuildPhase section */

/* Begin PBXGroup section */
		1058C7A6FEA54F5311CA2CBB /* Linked Frameworks */ = {
			isa = PBXGroup;
			children = (
				77004FA516D35032008ED2C8 /* Sparkle.framework */,
				772AACD315E1CCFA00E1F788 /* HexFiend.framework */,
				77F6096E13DBCDD300FD5D92 /* ShortcutRecorder.framework */,
				778BA6601363E972008ACD6B /* Ruby.framework */,
				775FCB4111719FAF000054FB /* Carbon.framework */,
				1058C7A7FEA54F5311CA2CBB /* Cocoa.framework */,
			);
			name = "Linked Frameworks";
			sourceTree = "<group>";
		};
		1058C7A8FEA54F5311CA2CBB /* Other Frameworks */ = {
			isa = PBXGroup;
			children = (
				2A37F4C4FDCFA73011CA2CEA /* AppKit.framework */,
				13E42FBA07B3F13500E4EEF1 /* CoreData.framework */,
				2A37F4C5FDCFA73011CA2CEA /* Foundation.framework */,
			);
			name = "Other Frameworks";
			sourceTree = "<group>";
		};
		19C28FB0FE9D524F11CA2CBB /* Products */ = {
			isa = PBXGroup;
			children = (
				8D15AC370486D014006FF6A4 /* Bit Slicer.app */,
			);
			name = Products;
			sourceTree = "<group>";
		};
		2A37F4AAFDCFA73011CA2CEA /* Bit Slicer */ = {
			isa = PBXGroup;
			children = (
				2A37F4ABFDCFA73011CA2CEA /* Code */,
				2A37F4AFFDCFA73011CA2CEA /* Other Sources */,
				2A37F4B8FDCFA73011CA2CEA /* Resources */,
				2A37F4C3FDCFA73011CA2CEA /* Frameworks */,
				19C28FB0FE9D524F11CA2CBB /* Products */,
			);
			name = "Bit Slicer";
			sourceTree = "<group>";
		};
		2A37F4ABFDCFA73011CA2CEA /* Code */ = {
			isa = PBXGroup;
			children = (
				77FF507B16E9B7D40005915D /* Memory Window Controllers */,
				77FF508216EAD0630005915D /* Controllers */,
				77FF507C16EACF380005915D /* Process List */,
				77FF507D16EACF520005915D /* Documents */,
				77FF507E16EACF6E0005915D /* Searching */,
				77FF508016EACFF20005915D /* Virtual Memory */,
				77FF508316EAD0B00005915D /* Models */,
				77FF508116EAD0260005915D /* Utilities */,
				77FF507F16EACF8F0005915D /* NSAdditions */,
			);
			name = Code;
			sourceTree = "<group>";
		};
		2A37F4AFFDCFA73011CA2CEA /* Other Sources */ = {
			isa = PBXGroup;
			children = (
				2564AD2C0F5327BB00F57823 /* Bit_Slicer_Prefix.pch */,
				2A37F4B0FDCFA73011CA2CEA /* main.m */,
			);
			name = "Other Sources";
			sourceTree = "<group>";
		};
		2A37F4B8FDCFA73011CA2CEA /* Resources */ = {
			isa = PBXGroup;
			children = (
				77F82C1E16CF6FC10038AC0A /* yasm */,
				77DEA41116C974C700A16D57 /* bitslicericon.iconset */,
				8D15AC360486D014006FF6A4 /* Bit_Slicer-Info.plist */,
				77F82C2C16D0837B0038AC0A /* Credits.rtf */,
				089C165FFE840EACC02AAC07 /* InfoPlist.strings */,
				1DDD58280DA1D0D100B32029 /* MyDocument.xib */,
				1DDD582A0DA1D0D100B32029 /* MainMenu.xib */,
				775FCB2811719E4A000054FB /* Preferences.xib */,
				770EA822137B6FDE007FB85A /* ZGMemoryViewerController.xib */,
				7763470316881165003D01C9 /* DataInspectorView.xib */,
				77FF507516E9A4250005915D /* ZGDebuggerController.xib */,
			);
			name = Resources;
			sourceTree = "<group>";
		};
		2A37F4C3FDCFA73011CA2CEA /* Frameworks */ = {
			isa = PBXGroup;
			children = (
				1058C7A6FEA54F5311CA2CBB /* Linked Frameworks */,
				1058C7A8FEA54F5311CA2CBB /* Other Frameworks */,
			);
			name = Frameworks;
			sourceTree = "<group>";
		};
		7701EF411696A29100877373 /* mach_exc */ = {
			isa = PBXGroup;
			children = (
				7701EF3C1696A28500877373 /* mach_exc.h */,
				7701EF3D1696A28500877373 /* mach_excServer.c */,
				7701EF3E1696A28500877373 /* mach_excUser.c */,
			);
			name = mach_exc;
			sourceTree = "<group>";
		};
		7728EE0C16BE3DDA00F9E1AD /* Misc. */ = {
			isa = PBXGroup;
			children = (
				770930AA15B8F72F009705A6 /* ZGMemoryDumpController.h */,
				770930AB15B8F72F009705A6 /* ZGMemoryDumpController.m */,
				770930AD15B9003D009705A6 /* ZGMemoryProtectionController.h */,
				770930AE15B9003D009705A6 /* ZGMemoryProtectionController.m */,
			);
			name = Misc.;
			sourceTree = "<group>";
		};
		77329B5A168D07B6007DCAE2 /* Debugger */ = {
			isa = PBXGroup;
			children = (
				7701EF411696A29100877373 /* mach_exc */,
				77329B74168D0E16007DCAE2 /* libudis86 */,
				77329B55168CFE6B007DCAE2 /* ZGDebuggerController.h */,
				77329B56168CFE6C007DCAE2 /* ZGDebuggerController.m */,
				77D38D4016A1FA5A00D2446A /* ZGDisassemblerObject.h */,
				77D38D4116A1FA5A00D2446A /* ZGDisassemblerObject.m */,
				77329B75168D14CB007DCAE2 /* ZGInstruction.h */,
				77329B76168D14CB007DCAE2 /* ZGInstruction.m */,
				77E652B1168F889C00D84A7F /* ZGBreakPointController.h */,
				77E652B2168F889C00D84A7F /* ZGBreakPointController.m */,
				77E652B7168FD49300D84A7F /* ZGBreakPoint.h */,
				77E652B8168FD49300D84A7F /* ZGBreakPoint.m */,
				77E652BA168FD59500D84A7F /* ZGDebugThread.h */,
				77E652BB168FD59500D84A7F /* ZGDebugThread.m */,
				77F8D8C916C3531D00C52CE2 /* ZGBacktraceController.h */,
				77F8D8CA16C3531D00C52CE2 /* ZGBacktraceController.m */,
				77F8D8D016C4A12500C52CE2 /* ZGRegistersController.h */,
				77F8D8D116C4A12600C52CE2 /* ZGRegistersController.m */,
				77CA284C16A7B5D500F3B54B /* ZGRegister.h */,
				77CA284D16A7B5D500F3B54B /* ZGRegister.m */,
			);
			name = Debugger;
			sourceTree = "<group>";
		};
		77329B74168D0E16007DCAE2 /* libudis86 */ = {
			isa = PBXGroup;
			children = (
				77329B60168D0DF4007DCAE2 /* decode.c */,
				77329B61168D0DF4007DCAE2 /* decode.h */,
				77329B62168D0DF4007DCAE2 /* extern.h */,
				77329B63168D0DF4007DCAE2 /* input.c */,
				77329B64168D0DF5007DCAE2 /* input.h */,
				77329B65168D0DF5007DCAE2 /* itab.c */,
				77329B66168D0DF5007DCAE2 /* itab.h */,
				77329B67168D0DF6007DCAE2 /* syn-att.c */,
				77329B68168D0DF6007DCAE2 /* syn-intel.c */,
				77329B69168D0DF7007DCAE2 /* syn.c */,
				77329B6A168D0DF7007DCAE2 /* syn.h */,
				77329B6B168D0DF8007DCAE2 /* types.h */,
				77329B6C168D0DF8007DCAE2 /* udis86.c */,
				77329B5D168D0841007DCAE2 /* udis86.h */,
			);
			name = libudis86;
			sourceTree = "<group>";
		};
		77D5AEAC137C6FC000026388 /* Memory Viewer */ = {
			isa = PBXGroup;
			children = (
				770EA81F137B6E6D007FB85A /* ZGMemoryViewerController.h */,
				770EA820137B6E6D007FB85A /* ZGMemoryViewerController.m */,
				77D5AEB3137C84CE00026388 /* ZGVerticalScrollerRepresenter.h */,
				77D5AEB4137C84D100026388 /* ZGVerticalScrollerRepresenter.m */,
				7787C4D7137BB59100BFF606 /* ZGStatusBarRepresenter.h */,
				7787C4D8137BB59100BFF606 /* ZGStatusBarRepresenter.m */,
				7787C4F0137C5A8200BFF606 /* ZGLineCountingRepresenter.h */,
				7787C4F1137C5A8200BFF606 /* ZGLineCountingRepresenter.m */,
				776346FC16880E68003D01C9 /* DataInspectorRepresenter.h */,
				776346FD16880E68003D01C9 /* DataInspectorRepresenter.m */,
				7787C4EF137C55C300BFF606 /* HFLineCountingView.h */,
				7787C4EC137C555F00BFF606 /* ZGLineCountingView.h */,
				7787C4ED137C556000BFF606 /* ZGLineCountingView.m */,
				7728EE0C16BE3DDA00F9E1AD /* Misc. */,
			);
			name = "Memory Viewer";
			sourceTree = "<group>";
		};
		77FF507B16E9B7D40005915D /* Memory Window Controllers */ = {
			isa = PBXGroup;
			children = (
				77FF507816E9B7180005915D /* ZGMemoryWindowController.h */,
				77FF507916E9B71A0005915D /* ZGMemoryWindowController.m */,
				77329B5A168D07B6007DCAE2 /* Debugger */,
				77D5AEAC137C6FC000026388 /* Memory Viewer */,
			);
			name = "Memory Window Controllers";
			sourceTree = "<group>";
		};
		77FF507C16EACF380005915D /* Process List */ = {
			isa = PBXGroup;
			children = (
				77E652FA1692515400D84A7F /* ZGProcessList.h */,
				77E652FB1692515400D84A7F /* ZGProcessList.m */,
				77E652FD1692E77900D84A7F /* ZGRunningProcess.h */,
				77E652FE1692E77900D84A7F /* ZGRunningProcess.m */,
				7710477116F197B300F5BC2A /* ZGRunningProcessObserver.h */,
				7710477216F197B300F5BC2A /* ZGRunningProcessObserver.m */,
			);
			name = "Process List";
			sourceTree = "<group>";
		};
		77FF507D16EACF520005915D /* Documents */ = {
			isa = PBXGroup;
			children = (
				770930B015B9070B009705A6 /* ZGDocument.h */,
				770930B115B9070B009705A6 /* ZGDocument.m */,
				770930B915BA905F009705A6 /* ZGDocumentSearchController.h */,
				770930BA15BA9060009705A6 /* ZGDocumentSearchController.m */,
				770930B615BA7635009705A6 /* ZGDocumentTableController.h */,
				770930B715BA7635009705A6 /* ZGDocumentTableController.m */,
				77E652B4168F8C7700D84A7F /* ZGDocumentBreakPointController.h */,
				77E652B5168F8C7700D84A7F /* ZGDocumentBreakPointController.m */,
				770930B315B92203009705A6 /* ZGVariableController.h */,
				770930B415B92203009705A6 /* ZGVariableController.m */,
			);
			name = Documents;
			sourceTree = "<group>";
		};
		77FF507E16EACF6E0005915D /* Searching */ = {
			isa = PBXGroup;
			children = (
				770930BC15BA97B3009705A6 /* ZGSearchData.h */,
				770930BD15BA97B4009705A6 /* ZGSearchData.m */,
				77FF506F16E867FB0005915D /* ZGSearchProgress.h */,
				77FF507016E867FB0005915D /* ZGSearchProgress.m */,
				77A52D7D16F54F1F00347F8E /* ZGSearchResults.h */,
				77A52D7E16F54F1F00347F8E /* ZGSearchResults.m */,
				77CB973F121CD7DE000A91DE /* ZGComparisonFunctions.h */,
				77CB9740121CD7DE000A91DE /* ZGComparisonFunctions.m */,
			);
			name = Searching;
			sourceTree = "<group>";
		};
		77FF507F16EACF8F0005915D /* NSAdditions */ = {
			isa = PBXGroup;
			children = (
				77FC461E12237F71003CB09B /* NSStringAdditions.h */,
				77FC461F12237F71003CB09B /* NSStringAdditions.m */,
				77E652ED16915B5400D84A7F /* NSArrayAdditions.h */,
				77E652EE16915B5600D84A7F /* NSArrayAdditions.m */,
			);
			name = NSAdditions;
			sourceTree = "<group>";
		};
		77FF508016EACFF20005915D /* Virtual Memory */ = {
			isa = PBXGroup;
			children = (
				778939221334308300B6AACB /* ZGMemoryTypes.h */,
				7714D3F011B87C7E0028E6B2 /* ZGVirtualMemory.h */,
				7714D3F111B87C7E0028E6B2 /* ZGVirtualMemory.m */,
				77FF509416EC0F7C0005915D /* ZGRegion.h */,
				77FF509516EC0F7C0005915D /* ZGRegion.m */,
			);
			name = "Virtual Memory";
			sourceTree = "<group>";
		};
		77FF508116EAD0260005915D /* Utilities */ = {
			isa = PBXGroup;
			children = (
				770EA82A137BA8E3007FB85A /* ZGUtilities.h */,
				770EA829137BA8E1007FB85A /* ZGUtilities.m */,
				77D037351224334E0083E057 /* ZGCalculator.h */,
				77D037361224334E0083E057 /* ZGCalculator.m */,
			);
			name = Utilities;
			sourceTree = "<group>";
		};
		77FF508216EAD0630005915D /* Controllers */ = {
			isa = PBXGroup;
			children = (
				775FCB1011719DF6000054FB /* ZGAppController.h */,
				775FCB1111719DF6000054FB /* ZGAppController.m */,
				775FCB1411719DF6000054FB /* ZGPreferencesController.h */,
				775FCB1511719DF6000054FB /* ZGPreferencesController.m */,
			);
			name = Controllers;
			sourceTree = "<group>";
		};
		77FF508316EAD0B00005915D /* Models */ = {
			isa = PBXGroup;
			children = (
				775FCB1611719DF6000054FB /* ZGProcess.h */,
				775FCB1711719DF6000054FB /* ZGProcess.m */,
				77FF509716EC12A20005915D /* ZGVariableTypes.h */,
				775FCB1811719DF6000054FB /* ZGVariable.h */,
				775FCB1911719DF6000054FB /* ZGVariable.m */,
			);
			name = Models;
			sourceTree = "<group>";
		};
/* End PBXGroup section */

/* Begin PBXNativeTarget section */
		8D15AC270486D014006FF6A4 /* Bit Slicer */ = {
			isa = PBXNativeTarget;
			buildConfigurationList = C05733C708A9546B00998B17 /* Build configuration list for PBXNativeTarget "Bit Slicer" */;
			buildPhases = (
				8D15AC2B0486D014006FF6A4 /* Resources */,
				8D15AC300486D014006FF6A4 /* Sources */,
				8D15AC330486D014006FF6A4 /* Frameworks */,
				770EA827137B74F2007FB85A /* Copy Frameworks */,
			);
			buildRules = (
			);
			dependencies = (
			);
			name = "Bit Slicer";
			productInstallPath = "$(HOME)/Applications";
			productName = "Bit Slicer";
			productReference = 8D15AC370486D014006FF6A4 /* Bit Slicer.app */;
			productType = "com.apple.product-type.application";
		};
/* End PBXNativeTarget section */

/* Begin PBXProject section */
		2A37F4A9FDCFA73011CA2CEA /* Project object */ = {
			isa = PBXProject;
			attributes = {
				LastUpgradeCheck = 0460;
			};
			buildConfigurationList = C05733CB08A9546B00998B17 /* Build configuration list for PBXProject "Bit Slicer" */;
			compatibilityVersion = "Xcode 3.2";
			developmentRegion = English;
			hasScannedForEncodings = 1;
			knownRegions = (
				English,
				Japanese,
				French,
				German,
			);
			mainGroup = 2A37F4AAFDCFA73011CA2CEA /* Bit Slicer */;
			projectDirPath = "";
			projectRoot = "";
			targets = (
				8D15AC270486D014006FF6A4 /* Bit Slicer */,
			);
		};
/* End PBXProject section */

/* Begin PBXResourcesBuildPhase section */
		8D15AC2B0486D014006FF6A4 /* Resources */ = {
			isa = PBXResourcesBuildPhase;
			buildActionMask = 2147483647;
			files = (
				8D15AC2F0486D014006FF6A4 /* InfoPlist.strings in Resources */,
				1DDD582C0DA1D0D100B32029 /* MyDocument.xib in Resources */,
				1DDD582D0DA1D0D100B32029 /* MainMenu.xib in Resources */,
				775FCB2A11719E4A000054FB /* Preferences.xib in Resources */,
				770EA824137B6FDE007FB85A /* ZGMemoryViewerController.xib in Resources */,
				7763470416881166003D01C9 /* DataInspectorView.xib in Resources */,
				77DEA41216C974C700A16D57 /* bitslicericon.iconset in Resources */,
				77F82C1F16CF6FC10038AC0A /* yasm in Resources */,
				77F82C2D16D0837B0038AC0A /* Credits.rtf in Resources */,
				77FF507716E9A4250005915D /* ZGDebuggerController.xib in Resources */,
			);
			runOnlyForDeploymentPostprocessing = 0;
		};
/* End PBXResourcesBuildPhase section */

/* Begin PBXSourcesBuildPhase section */
		8D15AC300486D014006FF6A4 /* Sources */ = {
			isa = PBXSourcesBuildPhase;
			buildActionMask = 2147483647;
			files = (
				8D15AC320486D014006FF6A4 /* main.m in Sources */,
				775FCB1B11719DF6000054FB /* ZGAppController.m in Sources */,
				775FCB1D11719DF6000054FB /* ZGPreferencesController.m in Sources */,
				775FCB1E11719DF6000054FB /* ZGProcess.m in Sources */,
				775FCB1F11719DF6000054FB /* ZGVariable.m in Sources */,
				7714D3F211B87C7E0028E6B2 /* ZGVirtualMemory.m in Sources */,
				77CB9741121CD7DE000A91DE /* ZGComparisonFunctions.m in Sources */,
				77FC462012237F71003CB09B /* NSStringAdditions.m in Sources */,
				77D037371224334E0083E057 /* ZGCalculator.m in Sources */,
				770EA821137B6E6D007FB85A /* ZGMemoryViewerController.m in Sources */,
				770EA82B137BA8E5007FB85A /* ZGUtilities.m in Sources */,
				7787C4D9137BB59200BFF606 /* ZGStatusBarRepresenter.m in Sources */,
				7787C4EE137C556000BFF606 /* ZGLineCountingView.m in Sources */,
				7787C4F2137C5A8300BFF606 /* ZGLineCountingRepresenter.m in Sources */,
				77D5AEB5137C84D300026388 /* ZGVerticalScrollerRepresenter.m in Sources */,
				770930AC15B8F72F009705A6 /* ZGMemoryDumpController.m in Sources */,
				770930AF15B9003D009705A6 /* ZGMemoryProtectionController.m in Sources */,
				770930B215B9070B009705A6 /* ZGDocument.m in Sources */,
				770930B515B92204009705A6 /* ZGVariableController.m in Sources */,
				770930B815BA7635009705A6 /* ZGDocumentTableController.m in Sources */,
				770930BB15BA9060009705A6 /* ZGDocumentSearchController.m in Sources */,
				770930BE15BA97B4009705A6 /* ZGSearchData.m in Sources */,
				776346FE16880E68003D01C9 /* DataInspectorRepresenter.m in Sources */,
				77329B58168CFE6C007DCAE2 /* ZGDebuggerController.m in Sources */,
				77329B6D168D0DF9007DCAE2 /* decode.c in Sources */,
				77329B6E168D0DF9007DCAE2 /* input.c in Sources */,
				77329B6F168D0DF9007DCAE2 /* itab.c in Sources */,
				77329B70168D0DF9007DCAE2 /* syn-att.c in Sources */,
				77329B71168D0DF9007DCAE2 /* syn-intel.c in Sources */,
				77329B72168D0DF9007DCAE2 /* syn.c in Sources */,
				77329B73168D0DF9007DCAE2 /* udis86.c in Sources */,
				77329B77168D14CB007DCAE2 /* ZGInstruction.m in Sources */,
				77E652B3168F889C00D84A7F /* ZGBreakPointController.m in Sources */,
				77E652B6168F8C7700D84A7F /* ZGDocumentBreakPointController.m in Sources */,
				77E652B9168FD49300D84A7F /* ZGBreakPoint.m in Sources */,
				77E652BC168FD59500D84A7F /* ZGDebugThread.m in Sources */,
				77E652EF16915B5700D84A7F /* NSArrayAdditions.m in Sources */,
				77E652FC1692515400D84A7F /* ZGProcessList.m in Sources */,
				77E652FF1692E77A00D84A7F /* ZGRunningProcess.m in Sources */,
				7701EF3F1696A28500877373 /* mach_excServer.c in Sources */,
				7701EF401696A28500877373 /* mach_excUser.c in Sources */,
				77D38D4216A1FA5A00D2446A /* ZGDisassemblerObject.m in Sources */,
				77CA284E16A7B5D500F3B54B /* ZGRegister.m in Sources */,
				77F8D8CB16C3531D00C52CE2 /* ZGBacktraceController.m in Sources */,
				77F8D8D216C4A12600C52CE2 /* ZGRegistersController.m in Sources */,
				77FF507116E867FB0005915D /* ZGSearchProgress.m in Sources */,
				77FF507A16E9B71C0005915D /* ZGMemoryWindowController.m in Sources */,
				77FF509616EC0F7C0005915D /* ZGRegion.m in Sources */,
				7710477316F197B300F5BC2A /* ZGRunningProcessObserver.m in Sources */,
				77A52D7F16F54F1F00347F8E /* ZGSearchResults.m in Sources */,
			);
			runOnlyForDeploymentPostprocessing = 0;
		};
/* End PBXSourcesBuildPhase section */

/* Begin PBXVariantGroup section */
		089C165FFE840EACC02AAC07 /* InfoPlist.strings */ = {
			isa = PBXVariantGroup;
			children = (
				089C1660FE840EACC02AAC07 /* English */,
			);
			name = InfoPlist.strings;
			sourceTree = "<group>";
		};
		1DDD58280DA1D0D100B32029 /* MyDocument.xib */ = {
			isa = PBXVariantGroup;
			children = (
				1DDD58290DA1D0D100B32029 /* English */,
			);
			name = MyDocument.xib;
			sourceTree = "<group>";
		};
		1DDD582A0DA1D0D100B32029 /* MainMenu.xib */ = {
			isa = PBXVariantGroup;
			children = (
				1DDD582B0DA1D0D100B32029 /* English */,
			);
			name = MainMenu.xib;
			sourceTree = "<group>";
		};
		770EA822137B6FDE007FB85A /* ZGMemoryViewerController.xib */ = {
			isa = PBXVariantGroup;
			children = (
				770EA823137B6FDE007FB85A /* English */,
			);
			name = ZGMemoryViewerController.xib;
			sourceTree = "<group>";
		};
		775FCB2811719E4A000054FB /* Preferences.xib */ = {
			isa = PBXVariantGroup;
			children = (
				775FCB2911719E4A000054FB /* English */,
			);
			name = Preferences.xib;
			sourceTree = "<group>";
		};
		77FF507516E9A4250005915D /* ZGDebuggerController.xib */ = {
			isa = PBXVariantGroup;
			children = (
				77FF507616E9A4250005915D /* English */,
			);
			name = ZGDebuggerController.xib;
			sourceTree = "<group>";
		};
/* End PBXVariantGroup section */

/* Begin XCBuildConfiguration section */
		C05733C808A9546B00998B17 /* Debug */ = {
			isa = XCBuildConfiguration;
			buildSettings = {
				ALWAYS_SEARCH_USER_PATHS = NO;
				ARCHS = "$(ARCHS_STANDARD_64_BIT)";
				COMBINE_HIDPI_IMAGES = YES;
				COPY_PHASE_STRIP = NO;
				FRAMEWORK_SEARCH_PATHS = (
					"$(inherited)",
					"\"$(SRCROOT)\"",
				);
				GCC_DYNAMIC_NO_PIC = NO;
				GCC_ENABLE_OBJC_GC = unsupported;
				GCC_MODEL_TUNING = G5;
				GCC_OPTIMIZATION_LEVEL = 0;
				GCC_PRECOMPILE_PREFIX_HEADER = YES;
				GCC_PREFIX_HEADER = Bit_Slicer_Prefix.pch;
				GCC_VERSION = com.apple.compilers.llvm.clang.1_0;
				INFOPLIST_FILE = "Bit_Slicer-Info.plist";
				INSTALL_PATH = "$(HOME)/Applications";
				LIBRARY_SEARCH_PATHS = (
					"$(inherited)",
					"\"$(SRCROOT)\"",
					"\"$(SDKROOT)/usr/lib/system\"",
				);
				OTHER_CFLAGS = "-D_DEBUG";
				PRODUCT_NAME = "Bit Slicer";
				RUN_CLANG_STATIC_ANALYZER = YES;
				SDKROOT = macosx10.8;
				VALID_ARCHS = x86_64;
				WARNING_CFLAGS = (
					"-Wall",
					"-Wextra",
					"-Wno-unused-parameter",
					"-Wshorten-64-to-32",
					"-Wswitch",
				);
			};
			name = Debug;
		};
		C05733C908A9546B00998B17 /* Release */ = {
			isa = XCBuildConfiguration;
			buildSettings = {
				ALWAYS_SEARCH_USER_PATHS = NO;
				ARCHS = "$(ARCHS_STANDARD_64_BIT)";
				COMBINE_HIDPI_IMAGES = YES;
				COPY_PHASE_STRIP = NO;
				DEBUG_INFORMATION_FORMAT = "dwarf-with-dsym";
				FRAMEWORK_SEARCH_PATHS = (
					"$(inherited)",
					"\"$(SRCROOT)\"",
				);
				GCC_ENABLE_OBJC_GC = unsupported;
				GCC_MODEL_TUNING = G5;
				GCC_PRECOMPILE_PREFIX_HEADER = YES;
				GCC_PREFIX_HEADER = Bit_Slicer_Prefix.pch;
				GCC_VERSION = com.apple.compilers.llvm.clang.1_0;
				INFOPLIST_FILE = "Bit_Slicer-Info.plist";
				INSTALL_PATH = "$(HOME)/Applications";
				LIBRARY_SEARCH_PATHS = (
					"$(inherited)",
					"\"$(SRCROOT)\"",
					"\"$(SDKROOT)/usr/lib/system\"",
				);
				PRODUCT_NAME = "Bit Slicer";
				RUN_CLANG_STATIC_ANALYZER = YES;
				SDKROOT = macosx10.8;
				VALID_ARCHS = x86_64;
				WARNING_CFLAGS = (
					"-Wall",
					"-Wextra",
					"-Wno-unused-parameter",
					"-Wshorten-64-to-32",
					"-Wswitch",
				);
			};
			name = Release;
		};
		C05733CC08A9546B00998B17 /* Debug */ = {
			isa = XCBuildConfiguration;
			buildSettings = {
				ARCHS = "$(ARCHS_STANDARD_64_BIT)";
				CLANG_ENABLE_OBJC_ARC = YES;
				CODE_SIGN_IDENTITY = "Developer ID Application: Mayur Pawashe";
				GCC_C_LANGUAGE_STANDARD = gnu99;
				GCC_OPTIMIZATION_LEVEL = 0;
				GCC_WARN_ABOUT_RETURN_TYPE = YES;
				GCC_WARN_UNUSED_VARIABLE = YES;
				MACOSX_DEPLOYMENT_TARGET = 10.6;
				ONLY_ACTIVE_ARCH = YES;
				PROVISIONING_PROFILE = "";
				SDKROOT = macosx10.8;
			};
			name = Debug;
		};
		C05733CD08A9546B00998B17 /* Release */ = {
			isa = XCBuildConfiguration;
			buildSettings = {
				ARCHS = "$(ARCHS_STANDARD_64_BIT)";
				CLANG_ENABLE_OBJC_ARC = YES;
				CODE_SIGN_IDENTITY = "Developer ID Application: Mayur Pawashe";
				GCC_C_LANGUAGE_STANDARD = gnu99;
				GCC_WARN_ABOUT_RETURN_TYPE = YES;
				GCC_WARN_UNUSED_VARIABLE = YES;
				MACOSX_DEPLOYMENT_TARGET = 10.6;
				PROVISIONING_PROFILE = "";
				SDKROOT = macosx10.8;
			};
			name = Release;
		};
/* End XCBuildConfiguration section */

/* Begin XCConfigurationList section */
		C05733C708A9546B00998B17 /* Build configuration list for PBXNativeTarget "Bit Slicer" */ = {
			isa = XCConfigurationList;
			buildConfigurations = (
				C05733C808A9546B00998B17 /* Debug */,
				C05733C908A9546B00998B17 /* Release */,
			);
			defaultConfigurationIsVisible = 0;
			defaultConfigurationName = Release;
		};
		C05733CB08A9546B00998B17 /* Build configuration list for PBXProject "Bit Slicer" */ = {
			isa = XCConfigurationList;
			buildConfigurations = (
				C05733CC08A9546B00998B17 /* Debug */,
				C05733CD08A9546B00998B17 /* Release */,
			);
			defaultConfigurationIsVisible = 0;
			defaultConfigurationName = Release;
		};
/* End XCConfigurationList section */
	};
	rootObject = 2A37F4A9FDCFA73011CA2CEA /* Project object */;
}
