// !$*UTF8*$!
{
	archiveVersion = 1;
	classes = {
	};
	objectVersion = 45;
	objects = {

/* Begin PBXBuildFile section */
		1DDD582C0DA1D0D100B32029 /* MyDocument.xib in Resources */ = {isa = PBXBuildFile; fileRef = 1DDD58280DA1D0D100B32029 /* MyDocument.xib */; };
		1DDD582D0DA1D0D100B32029 /* MainMenu.xib in Resources */ = {isa = PBXBuildFile; fileRef = 1DDD582A0DA1D0D100B32029 /* MainMenu.xib */; };
		770EA821137B6E6D007FB85A /* ZGMemoryViewer.m in Sources */ = {isa = PBXBuildFile; fileRef = 770EA820137B6E6D007FB85A /* ZGMemoryViewer.m */; };
		770EA824137B6FDE007FB85A /* MemoryViewer.xib in Resources */ = {isa = PBXBuildFile; fileRef = 770EA822137B6FDE007FB85A /* MemoryViewer.xib */; };
		770EA826137B74C6007FB85A /* HexFiend.framework in Frameworks */ = {isa = PBXBuildFile; fileRef = 770EA825137B74C6007FB85A /* HexFiend.framework */; };
		770EA828137B74FB007FB85A /* HexFiend.framework in CopyFiles */ = {isa = PBXBuildFile; fileRef = 770EA825137B74C6007FB85A /* HexFiend.framework */; };
		770EA82B137BA8E5007FB85A /* ZGUtilities.m in Sources */ = {isa = PBXBuildFile; fileRef = 770EA829137BA8E1007FB85A /* ZGUtilities.m */; };
		7714D3F211B87C7E0028E6B2 /* ZGVirtualMemory.m in Sources */ = {isa = PBXBuildFile; fileRef = 7714D3F111B87C7E0028E6B2 /* ZGVirtualMemory.m */; };
		7720DCD21266711B004467C0 /* ZGTimer.m in Sources */ = {isa = PBXBuildFile; fileRef = 7720DCD11266711B004467C0 /* ZGTimer.m */; };
		775FCB1B11719DF6000054FB /* ZGAppController.m in Sources */ = {isa = PBXBuildFile; fileRef = 775FCB1111719DF6000054FB /* ZGAppController.m */; };
		775FCB1C11719DF6000054FB /* ZGDocumentController.m in Sources */ = {isa = PBXBuildFile; fileRef = 775FCB1311719DF6000054FB /* ZGDocumentController.m */; };
		775FCB1D11719DF6000054FB /* ZGPreferencesController.m in Sources */ = {isa = PBXBuildFile; fileRef = 775FCB1511719DF6000054FB /* ZGPreferencesController.m */; };
		775FCB1E11719DF6000054FB /* ZGProcess.m in Sources */ = {isa = PBXBuildFile; fileRef = 775FCB1711719DF6000054FB /* ZGProcess.m */; };
		775FCB1F11719DF6000054FB /* ZGVariable.m in Sources */ = {isa = PBXBuildFile; fileRef = 775FCB1911719DF6000054FB /* ZGVariable.m */; };
		775FCB2A11719E4A000054FB /* Preferences.xib in Resources */ = {isa = PBXBuildFile; fileRef = 775FCB2811719E4A000054FB /* Preferences.xib */; };
		775FCB3611719F95000054FB /* Security.framework in Frameworks */ = {isa = PBXBuildFile; fileRef = 775FCB3511719F95000054FB /* Security.framework */; };
		775FCB4211719FAF000054FB /* Carbon.framework in Frameworks */ = {isa = PBXBuildFile; fileRef = 775FCB4111719FAF000054FB /* Carbon.framework */; };
		7787C4D9137BB59200BFF606 /* ZGStatusBarRepresenter.m in Sources */ = {isa = PBXBuildFile; fileRef = 7787C4D8137BB59100BFF606 /* ZGStatusBarRepresenter.m */; };
		7787C4EE137C556000BFF606 /* ZGLineCountingView.m in Sources */ = {isa = PBXBuildFile; fileRef = 7787C4ED137C556000BFF606 /* ZGLineCountingView.m */; };
		7787C4F2137C5A8300BFF606 /* ZGLineCountingRepresenter.m in Sources */ = {isa = PBXBuildFile; fileRef = 7787C4F1137C5A8200BFF606 /* ZGLineCountingRepresenter.m */; };
		778BA6611363E972008ACD6B /* Ruby.framework in Frameworks */ = {isa = PBXBuildFile; fileRef = 778BA6601363E972008ACD6B /* Ruby.framework */; };
		77A8689811FA95730062EEAE /* bitslicericon.icns in Resources */ = {isa = PBXBuildFile; fileRef = 77A8689711FA95730062EEAE /* bitslicericon.icns */; };
		77CB9741121CD7DE000A91DE /* ZGComparisonFunctions.m in Sources */ = {isa = PBXBuildFile; fileRef = 77CB9740121CD7DE000A91DE /* ZGComparisonFunctions.m */; };
		77D037371224334E0083E057 /* ZGCalculator.m in Sources */ = {isa = PBXBuildFile; fileRef = 77D037361224334E0083E057 /* ZGCalculator.m */; };
		77FC462012237F71003CB09B /* NSStringAdditions.m in Sources */ = {isa = PBXBuildFile; fileRef = 77FC461F12237F71003CB09B /* NSStringAdditions.m */; };
		8D15AC2F0486D014006FF6A4 /* InfoPlist.strings in Resources */ = {isa = PBXBuildFile; fileRef = 089C165FFE840EACC02AAC07 /* InfoPlist.strings */; };
		8D15AC310486D014006FF6A4 /* MyDocument.m in Sources */ = {isa = PBXBuildFile; fileRef = 2A37F4ACFDCFA73011CA2CEA /* MyDocument.m */; settings = {ATTRIBUTES = (); }; };
		8D15AC320486D014006FF6A4 /* main.m in Sources */ = {isa = PBXBuildFile; fileRef = 2A37F4B0FDCFA73011CA2CEA /* main.m */; settings = {ATTRIBUTES = (); }; };
		8D15AC340486D014006FF6A4 /* Cocoa.framework in Frameworks */ = {isa = PBXBuildFile; fileRef = 1058C7A7FEA54F5311CA2CBB /* Cocoa.framework */; };
/* End PBXBuildFile section */

/* Begin PBXCopyFilesBuildPhase section */
		770EA827137B74F2007FB85A /* CopyFiles */ = {
			isa = PBXCopyFilesBuildPhase;
			buildActionMask = 2147483647;
			dstPath = "";
			dstSubfolderSpec = 10;
			files = (
				770EA828137B74FB007FB85A /* HexFiend.framework in CopyFiles */,
			);
			runOnlyForDeploymentPostprocessing = 0;
		};
/* End PBXCopyFilesBuildPhase section */

/* Begin PBXFileReference section */
		089C1660FE840EACC02AAC07 /* English */ = {isa = PBXFileReference; fileEncoding = 4; lastKnownFileType = text.plist.strings; name = English; path = English.lproj/InfoPlist.strings; sourceTree = "<group>"; };
		1058C7A7FEA54F5311CA2CBB /* Cocoa.framework */ = {isa = PBXFileReference; lastKnownFileType = wrapper.framework; name = Cocoa.framework; path = /System/Library/Frameworks/Cocoa.framework; sourceTree = "<absolute>"; };
		13E42FBA07B3F13500E4EEF1 /* CoreData.framework */ = {isa = PBXFileReference; lastKnownFileType = wrapper.framework; name = CoreData.framework; path = /System/Library/Frameworks/CoreData.framework; sourceTree = "<absolute>"; };
		1DDD58290DA1D0D100B32029 /* English */ = {isa = PBXFileReference; lastKnownFileType = file.xib; name = English; path = English.lproj/MyDocument.xib; sourceTree = "<group>"; };
		1DDD582B0DA1D0D100B32029 /* English */ = {isa = PBXFileReference; lastKnownFileType = file.xib; name = English; path = English.lproj/MainMenu.xib; sourceTree = "<group>"; };
		2564AD2C0F5327BB00F57823 /* Bit_Slicer_Prefix.pch */ = {isa = PBXFileReference; fileEncoding = 4; lastKnownFileType = sourcecode.c.h; path = Bit_Slicer_Prefix.pch; sourceTree = "<group>"; };
		2A37F4ACFDCFA73011CA2CEA /* MyDocument.m */ = {isa = PBXFileReference; fileEncoding = 4; lastKnownFileType = sourcecode.c.objc; path = MyDocument.m; sourceTree = "<group>"; };
		2A37F4AEFDCFA73011CA2CEA /* MyDocument.h */ = {isa = PBXFileReference; fileEncoding = 4; lastKnownFileType = sourcecode.c.h; path = MyDocument.h; sourceTree = "<group>"; };
		2A37F4B0FDCFA73011CA2CEA /* main.m */ = {isa = PBXFileReference; fileEncoding = 4; lastKnownFileType = sourcecode.c.objc; path = main.m; sourceTree = "<group>"; };
		2A37F4C4FDCFA73011CA2CEA /* AppKit.framework */ = {isa = PBXFileReference; lastKnownFileType = wrapper.framework; name = AppKit.framework; path = /System/Library/Frameworks/AppKit.framework; sourceTree = "<absolute>"; };
		2A37F4C5FDCFA73011CA2CEA /* Foundation.framework */ = {isa = PBXFileReference; lastKnownFileType = wrapper.framework; name = Foundation.framework; path = /System/Library/Frameworks/Foundation.framework; sourceTree = "<absolute>"; };
		770EA81F137B6E6D007FB85A /* ZGMemoryViewer.h */ = {isa = PBXFileReference; fileEncoding = 4; lastKnownFileType = sourcecode.c.h; path = ZGMemoryViewer.h; sourceTree = "<group>"; };
		770EA820137B6E6D007FB85A /* ZGMemoryViewer.m */ = {isa = PBXFileReference; fileEncoding = 4; lastKnownFileType = sourcecode.c.objc; path = ZGMemoryViewer.m; sourceTree = "<group>"; };
		770EA823137B6FDE007FB85A /* English */ = {isa = PBXFileReference; lastKnownFileType = file.xib; name = English; path = English.lproj/MemoryViewer.xib; sourceTree = "<group>"; };
		770EA825137B74C6007FB85A /* HexFiend.framework */ = {isa = PBXFileReference; lastKnownFileType = wrapper.framework; path = HexFiend.framework; sourceTree = "<group>"; };
		770EA829137BA8E1007FB85A /* ZGUtilities.m */ = {isa = PBXFileReference; fileEncoding = 4; lastKnownFileType = sourcecode.c.objc; path = ZGUtilities.m; sourceTree = "<group>"; };
		770EA82A137BA8E3007FB85A /* ZGUtilities.h */ = {isa = PBXFileReference; fileEncoding = 4; lastKnownFileType = sourcecode.c.h; path = ZGUtilities.h; sourceTree = "<group>"; };
		7714D3F011B87C7E0028E6B2 /* ZGVirtualMemory.h */ = {isa = PBXFileReference; fileEncoding = 4; lastKnownFileType = sourcecode.c.h; path = ZGVirtualMemory.h; sourceTree = "<group>"; };
		7714D3F111B87C7E0028E6B2 /* ZGVirtualMemory.m */ = {isa = PBXFileReference; fileEncoding = 4; lastKnownFileType = sourcecode.c.objc; path = ZGVirtualMemory.m; sourceTree = "<group>"; };
		7720DCD01266711B004467C0 /* ZGTimer.h */ = {isa = PBXFileReference; fileEncoding = 4; lastKnownFileType = sourcecode.c.h; path = ZGTimer.h; sourceTree = "<group>"; };
		7720DCD11266711B004467C0 /* ZGTimer.m */ = {isa = PBXFileReference; fileEncoding = 4; lastKnownFileType = sourcecode.c.objc; path = ZGTimer.m; sourceTree = "<group>"; };
		775FCB1011719DF6000054FB /* ZGAppController.h */ = {isa = PBXFileReference; fileEncoding = 4; lastKnownFileType = sourcecode.c.h; path = ZGAppController.h; sourceTree = "<group>"; };
		775FCB1111719DF6000054FB /* ZGAppController.m */ = {isa = PBXFileReference; fileEncoding = 4; lastKnownFileType = sourcecode.c.objc; path = ZGAppController.m; sourceTree = "<group>"; };
		775FCB1211719DF6000054FB /* ZGDocumentController.h */ = {isa = PBXFileReference; fileEncoding = 4; lastKnownFileType = sourcecode.c.h; path = ZGDocumentController.h; sourceTree = "<group>"; };
		775FCB1311719DF6000054FB /* ZGDocumentController.m */ = {isa = PBXFileReference; fileEncoding = 4; lastKnownFileType = sourcecode.c.objc; path = ZGDocumentController.m; sourceTree = "<group>"; };
		775FCB1411719DF6000054FB /* ZGPreferencesController.h */ = {isa = PBXFileReference; fileEncoding = 4; lastKnownFileType = sourcecode.c.h; path = ZGPreferencesController.h; sourceTree = "<group>"; };
		775FCB1511719DF6000054FB /* ZGPreferencesController.m */ = {isa = PBXFileReference; fileEncoding = 4; lastKnownFileType = sourcecode.c.objc; path = ZGPreferencesController.m; sourceTree = "<group>"; };
		775FCB1611719DF6000054FB /* ZGProcess.h */ = {isa = PBXFileReference; fileEncoding = 4; lastKnownFileType = sourcecode.c.h; path = ZGProcess.h; sourceTree = "<group>"; };
		775FCB1711719DF6000054FB /* ZGProcess.m */ = {isa = PBXFileReference; fileEncoding = 4; lastKnownFileType = sourcecode.c.objc; path = ZGProcess.m; sourceTree = "<group>"; };
		775FCB1811719DF6000054FB /* ZGVariable.h */ = {isa = PBXFileReference; fileEncoding = 4; lastKnownFileType = sourcecode.c.h; path = ZGVariable.h; sourceTree = "<group>"; };
		775FCB1911719DF6000054FB /* ZGVariable.m */ = {isa = PBXFileReference; fileEncoding = 4; lastKnownFileType = sourcecode.c.objc; path = ZGVariable.m; sourceTree = "<group>"; };
		775FCB2911719E4A000054FB /* English */ = {isa = PBXFileReference; lastKnownFileType = file.xib; name = English; path = English.lproj/Preferences.xib; sourceTree = "<group>"; };
		775FCB3511719F95000054FB /* Security.framework */ = {isa = PBXFileReference; lastKnownFileType = wrapper.framework; name = Security.framework; path = /System/Library/Frameworks/Security.framework; sourceTree = "<absolute>"; };
		775FCB4111719FAF000054FB /* Carbon.framework */ = {isa = PBXFileReference; lastKnownFileType = wrapper.framework; name = Carbon.framework; path = /System/Library/Frameworks/Carbon.framework; sourceTree = "<absolute>"; };
		7787C4D7137BB59100BFF606 /* ZGStatusBarRepresenter.h */ = {isa = PBXFileReference; fileEncoding = 4; lastKnownFileType = sourcecode.c.h; path = ZGStatusBarRepresenter.h; sourceTree = "<group>"; };
		7787C4D8137BB59100BFF606 /* ZGStatusBarRepresenter.m */ = {isa = PBXFileReference; fileEncoding = 4; lastKnownFileType = sourcecode.c.objc; path = ZGStatusBarRepresenter.m; sourceTree = "<group>"; };
		7787C4EC137C555F00BFF606 /* ZGLineCountingView.h */ = {isa = PBXFileReference; fileEncoding = 4; lastKnownFileType = sourcecode.c.h; path = ZGLineCountingView.h; sourceTree = "<group>"; };
		7787C4ED137C556000BFF606 /* ZGLineCountingView.m */ = {isa = PBXFileReference; fileEncoding = 4; lastKnownFileType = sourcecode.c.objc; path = ZGLineCountingView.m; sourceTree = "<group>"; };
		7787C4EF137C55C300BFF606 /* HFLineCountingView.h */ = {isa = PBXFileReference; fileEncoding = 4; lastKnownFileType = sourcecode.c.h; path = HFLineCountingView.h; sourceTree = "<group>"; };
		7787C4F0137C5A8200BFF606 /* ZGLineCountingRepresenter.h */ = {isa = PBXFileReference; fileEncoding = 4; lastKnownFileType = sourcecode.c.h; path = ZGLineCountingRepresenter.h; sourceTree = "<group>"; };
		7787C4F1137C5A8200BFF606 /* ZGLineCountingRepresenter.m */ = {isa = PBXFileReference; fileEncoding = 4; lastKnownFileType = sourcecode.c.objc; path = ZGLineCountingRepresenter.m; sourceTree = "<group>"; };
		778939221334308300B6AACB /* ZGMemoryTypes.h */ = {isa = PBXFileReference; fileEncoding = 4; lastKnownFileType = sourcecode.c.h; path = ZGMemoryTypes.h; sourceTree = "<group>"; };
		778BA6601363E972008ACD6B /* Ruby.framework */ = {isa = PBXFileReference; lastKnownFileType = wrapper.framework; name = Ruby.framework; path = System/Library/Frameworks/Ruby.framework; sourceTree = SDKROOT; };
		77A8689711FA95730062EEAE /* bitslicericon.icns */ = {isa = PBXFileReference; lastKnownFileType = image.icns; path = bitslicericon.icns; sourceTree = "<group>"; };
		77CB973F121CD7DE000A91DE /* ZGComparisonFunctions.h */ = {isa = PBXFileReference; fileEncoding = 4; lastKnownFileType = sourcecode.c.h; path = ZGComparisonFunctions.h; sourceTree = "<group>"; };
		77CB9740121CD7DE000A91DE /* ZGComparisonFunctions.m */ = {isa = PBXFileReference; fileEncoding = 4; lastKnownFileType = sourcecode.c.objc; path = ZGComparisonFunctions.m; sourceTree = "<group>"; };
		77CB9772121CDCB8000A91DE /* ZGSearching.h */ = {isa = PBXFileReference; fileEncoding = 4; lastKnownFileType = sourcecode.c.h; path = ZGSearching.h; sourceTree = "<group>"; };
		77D037351224334E0083E057 /* ZGCalculator.h */ = {isa = PBXFileReference; fileEncoding = 4; lastKnownFileType = sourcecode.c.h; path = ZGCalculator.h; sourceTree = "<group>"; };
		77D037361224334E0083E057 /* ZGCalculator.m */ = {isa = PBXFileReference; fileEncoding = 4; lastKnownFileType = sourcecode.c.objc; path = ZGCalculator.m; sourceTree = "<group>"; };
		77FC461E12237F71003CB09B /* NSStringAdditions.h */ = {isa = PBXFileReference; fileEncoding = 4; lastKnownFileType = sourcecode.c.h; path = NSStringAdditions.h; sourceTree = "<group>"; };
		77FC461F12237F71003CB09B /* NSStringAdditions.m */ = {isa = PBXFileReference; fileEncoding = 4; lastKnownFileType = sourcecode.c.objc; path = NSStringAdditions.m; sourceTree = "<group>"; };
		8D15AC360486D014006FF6A4 /* Bit_Slicer-Info.plist */ = {isa = PBXFileReference; fileEncoding = 4; lastKnownFileType = text.plist.xml; path = "Bit_Slicer-Info.plist"; sourceTree = "<group>"; };
		8D15AC370486D014006FF6A4 /* Bit Slicer.app */ = {isa = PBXFileReference; explicitFileType = wrapper.application; includeInIndex = 0; path = "Bit Slicer.app"; sourceTree = BUILT_PRODUCTS_DIR; };
/* End PBXFileReference section */

/* Begin PBXFrameworksBuildPhase section */
		8D15AC330486D014006FF6A4 /* Frameworks */ = {
			isa = PBXFrameworksBuildPhase;
			buildActionMask = 2147483647;
			files = (
				8D15AC340486D014006FF6A4 /* Cocoa.framework in Frameworks */,
				775FCB3611719F95000054FB /* Security.framework in Frameworks */,
				775FCB4211719FAF000054FB /* Carbon.framework in Frameworks */,
				778BA6611363E972008ACD6B /* Ruby.framework in Frameworks */,
				770EA826137B74C6007FB85A /* HexFiend.framework in Frameworks */,
			);
			runOnlyForDeploymentPostprocessing = 0;
		};
/* End PBXFrameworksBuildPhase section */

/* Begin PBXGroup section */
		1058C7A6FEA54F5311CA2CBB /* Linked Frameworks */ = {
			isa = PBXGroup;
			children = (
				770EA825137B74C6007FB85A /* HexFiend.framework */,
				778BA6601363E972008ACD6B /* Ruby.framework */,
				775FCB4111719FAF000054FB /* Carbon.framework */,
				775FCB3511719F95000054FB /* Security.framework */,
				1058C7A7FEA54F5311CA2CBB /* Cocoa.framework */,
			);
			name = "Linked Frameworks";
			sourceTree = "<group>";
		};
		1058C7A8FEA54F5311CA2CBB /* Other Frameworks */ = {
			isa = PBXGroup;
			children = (
				2A37F4C4FDCFA73011CA2CEA /* AppKit.framework */,
				13E42FBA07B3F13500E4EEF1 /* CoreData.framework */,
				2A37F4C5FDCFA73011CA2CEA /* Foundation.framework */,
			);
			name = "Other Frameworks";
			sourceTree = "<group>";
		};
		19C28FB0FE9D524F11CA2CBB /* Products */ = {
			isa = PBXGroup;
			children = (
				8D15AC370486D014006FF6A4 /* Bit Slicer.app */,
			);
			name = Products;
			sourceTree = "<group>";
		};
		2A37F4AAFDCFA73011CA2CEA /* Bit Slicer */ = {
			isa = PBXGroup;
			children = (
				2A37F4ABFDCFA73011CA2CEA /* Code */,
				2A37F4AFFDCFA73011CA2CEA /* Other Sources */,
				2A37F4B8FDCFA73011CA2CEA /* Resources */,
				2A37F4C3FDCFA73011CA2CEA /* Frameworks */,
				19C28FB0FE9D524F11CA2CBB /* Products */,
			);
			name = "Bit Slicer";
			sourceTree = "<group>";
		};
		2A37F4ABFDCFA73011CA2CEA /* Code */ = {
			isa = PBXGroup;
			children = (
				77D5AEAC137C6FC000026388 /* Memory Viewer */,
				775FCB1011719DF6000054FB /* ZGAppController.h */,
				775FCB1111719DF6000054FB /* ZGAppController.m */,
				775FCB1211719DF6000054FB /* ZGDocumentController.h */,
				775FCB1311719DF6000054FB /* ZGDocumentController.m */,
				775FCB1411719DF6000054FB /* ZGPreferencesController.h */,
				775FCB1511719DF6000054FB /* ZGPreferencesController.m */,
				2A37F4AEFDCFA73011CA2CEA /* MyDocument.h */,
				2A37F4ACFDCFA73011CA2CEA /* MyDocument.m */,
				770EA82A137BA8E3007FB85A /* ZGUtilities.h */,
				770EA829137BA8E1007FB85A /* ZGUtilities.m */,
				77CB9772121CDCB8000A91DE /* ZGSearching.h */,
				77CB973F121CD7DE000A91DE /* ZGComparisonFunctions.h */,
				77CB9740121CD7DE000A91DE /* ZGComparisonFunctions.m */,
				775FCB1611719DF6000054FB /* ZGProcess.h */,
				775FCB1711719DF6000054FB /* ZGProcess.m */,
				775FCB1811719DF6000054FB /* ZGVariable.h */,
				775FCB1911719DF6000054FB /* ZGVariable.m */,
				778939221334308300B6AACB /* ZGMemoryTypes.h */,
				7714D3F011B87C7E0028E6B2 /* ZGVirtualMemory.h */,
				7714D3F111B87C7E0028E6B2 /* ZGVirtualMemory.m */,
				77D037351224334E0083E057 /* ZGCalculator.h */,
				77D037361224334E0083E057 /* ZGCalculator.m */,
				7720DCD01266711B004467C0 /* ZGTimer.h */,
				7720DCD11266711B004467C0 /* ZGTimer.m */,
				77FC461E12237F71003CB09B /* NSStringAdditions.h */,
				77FC461F12237F71003CB09B /* NSStringAdditions.m */,
			);
			name = Code;
			sourceTree = "<group>";
		};
		2A37F4AFFDCFA73011CA2CEA /* Other Sources */ = {
			isa = PBXGroup;
			children = (
				2564AD2C0F5327BB00F57823 /* Bit_Slicer_Prefix.pch */,
				2A37F4B0FDCFA73011CA2CEA /* main.m */,
			);
			name = "Other Sources";
			sourceTree = "<group>";
		};
		2A37F4B8FDCFA73011CA2CEA /* Resources */ = {
			isa = PBXGroup;
			children = (
				77A8689711FA95730062EEAE /* bitslicericon.icns */,
				8D15AC360486D014006FF6A4 /* Bit_Slicer-Info.plist */,
				089C165FFE840EACC02AAC07 /* InfoPlist.strings */,
				1DDD58280DA1D0D100B32029 /* MyDocument.xib */,
				1DDD582A0DA1D0D100B32029 /* MainMenu.xib */,
				775FCB2811719E4A000054FB /* Preferences.xib */,
				770EA822137B6FDE007FB85A /* MemoryViewer.xib */,
			);
			name = Resources;
			sourceTree = "<group>";
		};
		2A37F4C3FDCFA73011CA2CEA /* Frameworks */ = {
			isa = PBXGroup;
			children = (
				1058C7A6FEA54F5311CA2CBB /* Linked Frameworks */,
				1058C7A8FEA54F5311CA2CBB /* Other Frameworks */,
			);
			name = Frameworks;
			sourceTree = "<group>";
		};
		77D5AEAC137C6FC000026388 /* Memory Viewer */ = {
			isa = PBXGroup;
			children = (
				770EA81F137B6E6D007FB85A /* ZGMemoryViewer.h */,
				770EA820137B6E6D007FB85A /* ZGMemoryViewer.m */,
				7787C4D7137BB59100BFF606 /* ZGStatusBarRepresenter.h */,
				7787C4D8137BB59100BFF606 /* ZGStatusBarRepresenter.m */,
				7787C4F0137C5A8200BFF606 /* ZGLineCountingRepresenter.h */,
				7787C4F1137C5A8200BFF606 /* ZGLineCountingRepresenter.m */,
				7787C4EF137C55C300BFF606 /* HFLineCountingView.h */,
				7787C4EC137C555F00BFF606 /* ZGLineCountingView.h */,
				7787C4ED137C556000BFF606 /* ZGLineCountingView.m */,
			);
			name = "Memory Viewer";
			sourceTree = "<group>";
		};
/* End PBXGroup section */

/* Begin PBXNativeTarget section */
		8D15AC270486D014006FF6A4 /* Bit Slicer */ = {
			isa = PBXNativeTarget;
			buildConfigurationList = C05733C708A9546B00998B17 /* Build configuration list for PBXNativeTarget "Bit Slicer" */;
			buildPhases = (
				8D15AC2B0486D014006FF6A4 /* Resources */,
				8D15AC300486D014006FF6A4 /* Sources */,
				8D15AC330486D014006FF6A4 /* Frameworks */,
				770EA827137B74F2007FB85A /* CopyFiles */,
			);
			buildRules = (
			);
			dependencies = (
			);
			name = "Bit Slicer";
			productInstallPath = "$(HOME)/Applications";
			productName = "Bit Slicer";
			productReference = 8D15AC370486D014006FF6A4 /* Bit Slicer.app */;
			productType = "com.apple.product-type.application";
		};
/* End PBXNativeTarget section */

/* Begin PBXProject section */
		2A37F4A9FDCFA73011CA2CEA /* Project object */ = {
			isa = PBXProject;
			buildConfigurationList = C05733CB08A9546B00998B17 /* Build configuration list for PBXProject "Bit Slicer" */;
			compatibilityVersion = "Xcode 3.1";
			developmentRegion = English;
			hasScannedForEncodings = 1;
			knownRegions = (
				English,
				Japanese,
				French,
				German,
			);
			mainGroup = 2A37F4AAFDCFA73011CA2CEA /* Bit Slicer */;
			projectDirPath = "";
			projectRoot = "";
			targets = (
				8D15AC270486D014006FF6A4 /* Bit Slicer */,
			);
		};
/* End PBXProject section */

/* Begin PBXResourcesBuildPhase section */
		8D15AC2B0486D014006FF6A4 /* Resources */ = {
			isa = PBXResourcesBuildPhase;
			buildActionMask = 2147483647;
			files = (
				8D15AC2F0486D014006FF6A4 /* InfoPlist.strings in Resources */,
				1DDD582C0DA1D0D100B32029 /* MyDocument.xib in Resources */,
				1DDD582D0DA1D0D100B32029 /* MainMenu.xib in Resources */,
				775FCB2A11719E4A000054FB /* Preferences.xib in Resources */,
				77A8689811FA95730062EEAE /* bitslicericon.icns in Resources */,
				770EA824137B6FDE007FB85A /* MemoryViewer.xib in Resources */,
			);
			runOnlyForDeploymentPostprocessing = 0;
		};
/* End PBXResourcesBuildPhase section */

/* Begin PBXSourcesBuildPhase section */
		8D15AC300486D014006FF6A4 /* Sources */ = {
			isa = PBXSourcesBuildPhase;
			buildActionMask = 2147483647;
			files = (
				8D15AC310486D014006FF6A4 /* MyDocument.m in Sources */,
				8D15AC320486D014006FF6A4 /* main.m in Sources */,
				775FCB1B11719DF6000054FB /* ZGAppController.m in Sources */,
				775FCB1C11719DF6000054FB /* ZGDocumentController.m in Sources */,
				775FCB1D11719DF6000054FB /* ZGPreferencesController.m in Sources */,
				775FCB1E11719DF6000054FB /* ZGProcess.m in Sources */,
				775FCB1F11719DF6000054FB /* ZGVariable.m in Sources */,
				7714D3F211B87C7E0028E6B2 /* ZGVirtualMemory.m in Sources */,
				77CB9741121CD7DE000A91DE /* ZGComparisonFunctions.m in Sources */,
				77FC462012237F71003CB09B /* NSStringAdditions.m in Sources */,
				77D037371224334E0083E057 /* ZGCalculator.m in Sources */,
				7720DCD21266711B004467C0 /* ZGTimer.m in Sources */,
				770EA821137B6E6D007FB85A /* ZGMemoryViewer.m in Sources */,
				770EA82B137BA8E5007FB85A /* ZGUtilities.m in Sources */,
				7787C4D9137BB59200BFF606 /* ZGStatusBarRepresenter.m in Sources */,
				7787C4EE137C556000BFF606 /* ZGLineCountingView.m in Sources */,
				7787C4F2137C5A8300BFF606 /* ZGLineCountingRepresenter.m in Sources */,
			);
			runOnlyForDeploymentPostprocessing = 0;
		};
/* End PBXSourcesBuildPhase section */

/* Begin PBXVariantGroup section */
		089C165FFE840EACC02AAC07 /* InfoPlist.strings */ = {
			isa = PBXVariantGroup;
			children = (
				089C1660FE840EACC02AAC07 /* English */,
			);
			name = InfoPlist.strings;
			sourceTree = "<group>";
		};
		1DDD58280DA1D0D100B32029 /* MyDocument.xib */ = {
			isa = PBXVariantGroup;
			children = (
				1DDD58290DA1D0D100B32029 /* English */,
			);
			name = MyDocument.xib;
			sourceTree = "<group>";
		};
		1DDD582A0DA1D0D100B32029 /* MainMenu.xib */ = {
			isa = PBXVariantGroup;
			children = (
				1DDD582B0DA1D0D100B32029 /* English */,
			);
			name = MainMenu.xib;
			sourceTree = "<group>";
		};
		770EA822137B6FDE007FB85A /* MemoryViewer.xib */ = {
			isa = PBXVariantGroup;
			children = (
				770EA823137B6FDE007FB85A /* English */,
			);
			name = MemoryViewer.xib;
			sourceTree = "<group>";
		};
		775FCB2811719E4A000054FB /* Preferences.xib */ = {
			isa = PBXVariantGroup;
			children = (
				775FCB2911719E4A000054FB /* English */,
			);
			name = Preferences.xib;
			sourceTree = "<group>";
		};
/* End PBXVariantGroup section */

/* Begin XCBuildConfiguration section */
		C05733C808A9546B00998B17 /* Debug */ = {
			isa = XCBuildConfiguration;
			buildSettings = {
				ALWAYS_SEARCH_USER_PATHS = NO;
				ARCHS = (
					i386,
					x86_64,
				);
				COPY_PHASE_STRIP = NO;
				FRAMEWORK_SEARCH_PATHS = (
					"$(inherited)",
					"\"$(SRCROOT)\"",
				);
				GCC_DYNAMIC_NO_PIC = NO;
				GCC_ENABLE_FIX_AND_CONTINUE = YES;
				GCC_ENABLE_OBJC_GC = unsupported;
				GCC_MODEL_TUNING = G5;
				GCC_OPTIMIZATION_LEVEL = 0;
				GCC_PRECOMPILE_PREFIX_HEADER = YES;
				GCC_PREFIX_HEADER = Bit_Slicer_Prefix.pch;
				GCC_VERSION = com.apple.compilers.llvm.clang.1_0;
				INFOPLIST_FILE = "Bit_Slicer-Info.plist";
				INSTALL_PATH = "$(HOME)/Applications";
				LIBRARY_SEARCH_PATHS = (
					"$(inherited)",
					"\"$(SRCROOT)\"",
				);
				OTHER_CFLAGS = "-D_DEBUG";
				PRODUCT_NAME = "Bit Slicer";
				RUN_CLANG_STATIC_ANALYZER = YES;
				WARNING_CFLAGS = (
					"-Wall",
					"-Wextra",
					"-Wno-unused-parameter",
					"-Wshorten-64-to-32",
					"-Wswitch",
				);
			};
			name = Debug;
		};
		C05733C908A9546B00998B17 /* Release */ = {
			isa = XCBuildConfiguration;
			buildSettings = {
				ALWAYS_SEARCH_USER_PATHS = NO;
				ARCHS = (
					i386,
					x86_64,
				);
				DEBUG_INFORMATION_FORMAT = "dwarf-with-dsym";
				FRAMEWORK_SEARCH_PATHS = (
					"$(inherited)",
					"\"$(SRCROOT)\"",
				);
				GCC_ENABLE_OBJC_GC = unsupported;
				GCC_MODEL_TUNING = G5;
				GCC_PRECOMPILE_PREFIX_HEADER = YES;
				GCC_PREFIX_HEADER = Bit_Slicer_Prefix.pch;
				GCC_VERSION = com.apple.compilers.llvm.clang.1_0;
				INFOPLIST_FILE = "Bit_Slicer-Info.plist";
				INSTALL_PATH = "$(HOME)/Applications";
				LIBRARY_SEARCH_PATHS = (
					"$(inherited)",
					"\"$(SRCROOT)\"",
				);
				PRODUCT_NAME = "Bit Slicer";
				RUN_CLANG_STATIC_ANALYZER = YES;
				WARNING_CFLAGS = (
					"-Wall",
					"-Wextra",
					"-Wno-unused-parameter",
					"-Wshorten-64-to-32",
					"-Wswitch",
				);
			};
			name = Release;
		};
		C05733CC08A9546B00998B17 /* Debug */ = {
			isa = XCBuildConfiguration;
			buildSettings = {
				ARCHS = "$(ARCHS_STANDARD_32_64_BIT)";
				GCC_C_LANGUAGE_STANDARD = gnu99;
				GCC_OPTIMIZATION_LEVEL = 0;
				GCC_WARN_ABOUT_RETURN_TYPE = YES;
				GCC_WARN_UNUSED_VARIABLE = YES;
				ONLY_ACTIVE_ARCH = YES;
				PREBINDING = NO;
				SDKROOT = macosx10.6;
			};
			name = Debug;
		};
		C05733CD08A9546B00998B17 /* Release */ = {
			isa = XCBuildConfiguration;
			buildSettings = {
				ARCHS = "$(ARCHS_STANDARD_32_64_BIT)";
				GCC_C_LANGUAGE_STANDARD = gnu99;
				GCC_WARN_ABOUT_RETURN_TYPE = YES;
				GCC_WARN_UNUSED_VARIABLE = YES;
				PREBINDING = NO;
				SDKROOT = macosx10.6;
			};
			name = Release;
		};
/* End XCBuildConfiguration section */

/* Begin XCConfigurationList section */
		C05733C708A9546B00998B17 /* Build configuration list for PBXNativeTarget "Bit Slicer" */ = {
			isa = XCConfigurationList;
			buildConfigurations = (
				C05733C808A9546B00998B17 /* Debug */,
				C05733C908A9546B00998B17 /* Release */,
			);
			defaultConfigurationIsVisible = 0;
			defaultConfigurationName = Release;
		};
		C05733CB08A9546B00998B17 /* Build configuration list for PBXProject "Bit Slicer" */ = {
			isa = XCConfigurationList;
			buildConfigurations = (
				C05733CC08A9546B00998B17 /* Debug */,
				C05733CD08A9546B00998B17 /* Release */,
			);
			defaultConfigurationIsVisible = 0;
			defaultConfigurationName = Release;
		};
/* End XCConfigurationList section */
	};
	rootObject = 2A37F4A9FDCFA73011CA2CEA /* Project object */;
}
